
Microsoft Visual Studio Solution File, Format Version 12.00
# Visual Studio Version 17
VisualStudioVersion = 17.6.33829.357
MinimumVisualStudioVersion = 10.0.40219.1
Project("{8BC9CEB8-8B4A-11D0-8D11-00A0C91BC942}") = "core", "core\core.vcxproj", "{7EB300C8-1650-4460-A843-AC9057C45978}"
EndProject
Project("{2150E333-8FDC-42A3-9474-1A3956D46DE8}") = "angle", "angle", "{2A9328DA-F4AC-454A-8E26-1AB15FE1966C}"
EndProject
Project("{8BC9CEB8-8B4A-11D0-8D11-00A0C91BC942}") = "angle_common", "3rdparty\angle\src\angle_common.vcxproj", "{7AB4B0C9-D974-3A65-ED87-61816B6917CB}"
EndProject
Project("{8BC9CEB8-8B4A-11D0-8D11-00A0C91BC942}") = "libEGL", "3rdparty\angle\src\libEGL.vcxproj", "{777AC703-C49D-E67C-F2EA-2BEDE272A25F}"
EndProject
Project("{8BC9CEB8-8B4A-11D0-8D11-00A0C91BC942}") = "libGLESv2", "3rdparty\angle\src\libGLESv2.vcxproj", "{D5D676ED-C189-2A6B-8DE3-F4CA6175550F}"
EndProject
Project("{8BC9CEB8-8B4A-11D0-8D11-00A0C91BC942}") = "libANGLE", "3rdparty\angle\src\libANGLE.vcxproj", "{D51F95B2-D343-6B88-7902-C392ACC99260}"
EndProject
Project("{8BC9CEB8-8B4A-11D0-8D11-00A0C91BC942}") = "preprocessor", "3rdparty\angle\src\preprocessor.vcxproj", "{7642CFD5-F187-3E3F-F8FF-859949B9F13E}"
EndProject
Project("{8BC9CEB8-8B4A-11D0-8D11-00A0C91BC942}") = "translator", "3rdparty\angle\src\translator.vcxproj", "{6AC42CF5-8088-F4BE-7C3D-1BD1BD440FCC}"
EndProject
Project("{8BC9CEB8-8B4A-11D0-8D11-00A0C91BC942}") = "angle_image_util", "3rdparty\angle\src\angle_image_util.vcxproj", "{2C440506-61D0-D32C-EB09-EE8639551197}"
EndProject
Project("{8BC9CEB8-8B4A-11D0-8D11-00A0C91BC942}") = "angle_gpu_info_util", "3rdparty\angle\src\angle_gpu_info_util.vcxproj", "{FA592B99-A032-6FBC-4F31-3E45774A1EDA}"
EndProject
Project("{8BC9CEB8-8B4A-11D0-8D11-00A0C91BC942}") = "hello_triangle", "3rdparty\angle\samples\hello_triangle.vcxproj", "{F8129B11-63B2-4478-B3CC-9A188B55F6B9}"
EndProject
Project("{8BC9CEB8-8B4A-11D0-8D11-00A0C91BC942}") = "sample_util", "3rdparty\angle\samples\sample_util.vcxproj", "{40A1229C-43E3-9BDF-4631-09FCBCBA9924}"
EndProject
Project("{8BC9CEB8-8B4A-11D0-8D11-00A0C91BC942}") = "angle_util", "3rdparty\angle\util\angle_util.vcxproj", "{9767C383-B58A-AB1E-4713-CF8FC5BA2B7E}"
EndProject
Project("{8BC9CEB8-8B4A-11D0-8D11-00A0C91BC942}") = "file", "file\file.vcxproj", "{499E20AA-8C6A-4235-A383-4E6D4C5E6AFF}"
EndProject
Project("{8BC9CEB8-8B4A-11D0-8D11-00A0C91BC942}") = "test_core", "apps\test_core\test_core.vcxproj", "{EBD0A49D-12C3-44FC-9C69-2751125BA92C}"
EndProject
Project("{8BC9CEB8-8B4A-11D0-8D11-00A0C91BC942}") = "vtest_win32app", "apps\vtest_win32app\vtest_win32app.vcxproj", "{476AF296-28E8-4CA1-94E5-BD02FCF9F7A1}"
EndProject
Project("{2150E333-8FDC-42A3-9474-1A3956D46DE8}") = "3rdparty", "3rdparty", "{84B9E53F-704C-4892-B718-EF1321217A22}"
EndProject
Project("{2150E333-8FDC-42A3-9474-1A3956D46DE8}") = "apps", "apps", "{522D351D-0C5D-40A1-A856-3C94167BA347}"
EndProject
Project("{8BC9CEB8-8B4A-11D0-8D11-00A0C91BC942}") = "win32app", "apps\win32app\win32app.vcxproj", "{781AE07D-7E07-4A6A-8FB2-A981B866C8E5}"
EndProject
Project("{8BC9CEB8-8B4A-11D0-8D11-00A0C91BC942}") = "test_file", "apps\test_file\test_file.vcxproj", "{C00F821B-011C-4C2F-8BED-E9848A024A79}"
EndProject
Project("{2150E333-8FDC-42A3-9474-1A3956D46DE8}") = "samples", "samples", "{4D08DCAA-04C6-46EE-84B4-ED06C9FB87B9}"
EndProject
Project("{8BC9CEB8-8B4A-11D0-8D11-00A0C91BC942}") = "simple_texture_2d", "3rdparty\angle\samples\simple_texture_2d.vcxproj", "{B78CD201-9348-EB6A-8D4D-0C327F80DA8B}"
EndProject
Project("{8BC9CEB8-8B4A-11D0-8D11-00A0C91BC942}") = "multi_texture", "3rdparty\angle\samples\multi_texture.vcxproj", "{8542F0DD-960F-568F-4A42-29BE80FE20EC}"
EndProject
Project("{8BC9CEB8-8B4A-11D0-8D11-00A0C91BC942}") = "vtest_anima", "apps\vtest_anima\vtest_anima.vcxproj", "{849D6AB5-9713-E302-D4B5-C6E1DA8F3ABF}"
EndProject
Project("{8BC9CEB8-8B4A-11D0-8D11-00A0C91BC942}") = "vtest_texture", "apps\vtest_texture\vtest_texture.vcxproj", "{374CFD70-F327-40F0-9763-DE99BD27EE3A}"
EndProject
Project("{8BC9CEB8-8B4A-11D0-8D11-00A0C91BC942}") = "libspng", "3rdparty\libspng\libspng.vcxproj", "{D24003C4-41BD-48E6-AE88-C076F95B61DE}"
EndProject
Project("{8BC9CEB8-8B4A-11D0-8D11-00A0C91BC942}") = "image", "image\image.vcxproj", "{730D00F2-56BF-4F42-8055-A1517B0214C4}"
EndProject
Project("{8BC9CEB8-8B4A-11D0-8D11-00A0C91BC942}") = "egl_ui", "egl_ui\egl_ui.vcxproj", "{C68C0DC6-5BBB-4620-9132-D734195ECAA5}"
EndProject
Project("{8BC9CEB8-8B4A-11D0-8D11-00A0C91BC942}") = "gl", "gl\gl.vcxproj", "{24516AC3-B08D-4A84-A63C-735A50200B28}"
EndProject
Project("{8BC9CEB8-8B4A-11D0-8D11-00A0C91BC942}") = "ui", "ui\ui.vcxproj", "{F2D39E92-1869-4CE0-85B7-88A93D85EEC4}"
EndProject
Project("{8BC9CEB8-8B4A-11D0-8D11-00A0C91BC942}") = "vtest_texture_positioning", "apps\vtest_texture_positioning\vtest_texture_positioning.vcxproj", "{5CA6211F-0958-4E62-9304-82BCD800D591}"
EndProject
Project("{8BC9CEB8-8B4A-11D0-8D11-00A0C91BC942}") = "vtest_luminance_texture", "apps\vtest_luminance_texture\vtest_luminance_texture.vcxproj", "{38ADC92A-C377-4855-AF83-61122AE4C228}"
EndProject
Project("{8BC9CEB8-8B4A-11D0-8D11-00A0C91BC942}") = "vtest_text", "apps\vtest_text\vtest_text.vcxproj", "{B70A0A67-1CE3-4933-996A-515446F73FF5}"
EndProject
Project("{8BC9CEB8-8B4A-11D0-8D11-00A0C91BC942}") = "freetype2", "3rdparty\freetype2\freetype2.vcxproj", "{78B079BD-9FC7-4B9E-B4A6-96DA0F00248B}"
EndProject
Project("{8BC9CEB8-8B4A-11D0-8D11-00A0C91BC942}") = "font", "font\font.vcxproj", "{DB064CD6-ADA3-458E-9D97-B203ABF7FE69}"
EndProject
Project("{8BC9CEB8-8B4A-11D0-8D11-00A0C91BC942}") = "test_px", "apps\test_px\test_px.vcxproj", "{E44AA803-C78A-4789-8B51-B3404A4AACAC}"
EndProject
Project("{8BC9CEB8-8B4A-11D0-8D11-00A0C91BC942}") = "vtest_line", "apps\vtest_line\vtest_line.vcxproj", "{37C5E0A6-7B0D-4D7C-BCE0-95121B76D9F8}"
EndProject
Project("{8BC9CEB8-8B4A-11D0-8D11-00A0C91BC942}") = "utility", "utility\utility.vcxproj", "{1E3A33E9-C894-4513-B5E9-E2913F86F0E6}"
EndProject
Project("{8BC9CEB8-8B4A-11D0-8D11-00A0C91BC942}") = "vtest_widget", "apps\vtest_widget\vtest_widgets.vcxproj", "{F7B9B577-0CE8-47F6-9930-24BCC4CC7723}"
EndProject
Project("{8BC9CEB8-8B4A-11D0-8D11-00A0C91BC942}") = "os", "os\os.vcxproj", "{62F08E78-E2A0-4794-81C6-7BC7F8AD3660}"
EndProject
Project("{8BC9CEB8-8B4A-11D0-8D11-00A0C91BC942}") = "test_font", "apps\test_font\test_font.vcxproj", "{F8C9BBAD-762B-490B-82FF-1BACB5C5D99C}"
EndProject
Project("{8BC9CEB8-8B4A-11D0-8D11-00A0C91BC942}") = "test_utility", "apps\test_utility\test_utility.vcxproj", "{E6E1CD6A-09CB-4F54-A707-D3DD287292EB}"
EndProject
Project("{8BC9CEB8-8B4A-11D0-8D11-00A0C91BC942}") = "widget", "widget\widget.vcxproj", "{B40AA82A-1CAB-4743-ADE5-3AE8A9A4470B}"
EndProject
Project("{8BC9CEB8-8B4A-11D0-8D11-00A0C91BC942}") = "debug", "debug\debug.vcxproj", "{FC7A4FFB-FA58-4F42-A821-A1967B253843}"
EndProject
Project("{8BC9CEB8-8B4A-11D0-8D11-00A0C91BC942}") = "libfmt", "3rdparty\fmt\libfmt.vcxproj", "{F95326C0-9959-4AB4-AD57-A369A4B6C2E4}"
EndProject
Project("{8BC9CEB8-8B4A-11D0-8D11-00A0C91BC942}") = "entry_point", "entry_point\entry_point.vcxproj", "{D7F4DACC-5D6F-4349-9D71-12DE6E29CF94}"
EndProject
Project("{8BC9CEB8-8B4A-11D0-8D11-00A0C91BC942}") = "win32_console_app", "apps\console_app\console_app.vcxproj", "{6983C2F4-F136-43EC-9FA1-647664EE5CF7}"
EndProject
Project("{8BC9CEB8-8B4A-11D0-8D11-00A0C91BC942}") = "px", "px\px.vcxproj", "{6C610B57-F518-494F-BF23-66712C00B098}"
EndProject
Project("{8BC9CEB8-8B4A-11D0-8D11-00A0C91BC942}") = "vtest_pixspan_luminance_texture", "apps\vtest_pixspan_luminance_texture\vtest_pixspan_luminance_texture.vcxproj", "{173F3AA8-32C9-43A7-9888-51B2DA3A9742}"
EndProject
Project("{8BC9CEB8-8B4A-11D0-8D11-00A0C91BC942}") = "vtest_pixspan_texture", "apps\vtest_pixspan_texture\vtest_pixspan_texture.vcxproj", "{4199FB02-2B55-4E9F-BF25-B32A1A625EE0}"
EndProject
Project("{8BC9CEB8-8B4A-11D0-8D11-00A0C91BC942}") = "vtest_move_and_zoom", "apps\vtest_move_and_zoom\vtest_move_and_zoom.vcxproj", "{D0B217C2-97AD-495F-B85F-E61B2E53E4CE}"
EndProject
Project("{8BC9CEB8-8B4A-11D0-8D11-00A0C91BC942}") = "vtest_move_line", "apps\vtest_move_line\vtest_move_line.vcxproj", "{94AD969C-502C-4419-9062-DDCD961EDEEC}"
EndProject
Project("{8BC9CEB8-8B4A-11D0-8D11-00A0C91BC942}") = "vtest_chart", "apps\vtest_chart\vtest_chart.vcxproj", "{EF732F2A-AAA0-4CE8-B75C-E52E307A7EC2}"
EndProject
Project("{8BC9CEB8-8B4A-11D0-8D11-00A0C91BC942}") = "test_ui", "apps\test_ui\test_ui.vcxproj", "{9817E611-FA2F-43FC-9199-CF2704848E3F}"
EndProject
Project("{8BC9CEB8-8B4A-11D0-8D11-00A0C91BC942}") = "vtest_resize", "apps\vtest_resize\vtest_resize.vcxproj", "{A4FB768C-15B5-427F-92D7-9B140C44798C}"
EndProject
Project("{8BC9CEB8-8B4A-11D0-8D11-00A0C91BC942}") = "vtest_widget_resize", "apps\vtest_widget_resize\vtest_widget_resize.vcxproj", "{8DBCDEA8-39DE-40F0-A22E-CC98D8DAF046}"
EndProject
Project("{8BC9CEB8-8B4A-11D0-8D11-00A0C91BC942}") = "test_widget", "apps\test_widget\test_widget.vcxproj", "{9700F1F4-FB5D-4785-A1B3-D1C7A5FE1BC5}"
EndProject
Project("{8BC9CEB8-8B4A-11D0-8D11-00A0C91BC942}") = "vtest_widget_move_and_zoom", "apps\vtest_widget_move_and_zoom\vtest_widget_move_and_zoom.vcxproj", "{C7F46B04-1F76-4B26-B3E9-9DCD9A78CC06}"
EndProject
Project("{8BC9CEB8-8B4A-11D0-8D11-00A0C91BC942}") = "chart", "chart\chart.vcxproj", "{71ED1DD6-5BA3-4EB1-9FAD-92F68E54B78A}"
EndProject
Project("{8BC9CEB8-8B4A-11D0-8D11-00A0C91BC942}") = "test_chart", "apps\test_chart\test_chart.vcxproj", "{67FE8283-C1E1-401E-8B86-234C33D01BB8}"
EndProject
Project("{8BC9CEB8-8B4A-11D0-8D11-00A0C91BC942}") = "multiple_draw_buffers", "3rdparty\angle\samples\multiple_draw_buffers.vcxproj", "{FFF96E0C-3EBD-BF28-5334-39F494EB02A1}"
EndProject
Project("{8BC9CEB8-8B4A-11D0-8D11-00A0C91BC942}") = "vtest_chart_grid", "apps\vtest_chart_grid\vtest_chart_grid.vcxproj", "{9C07146F-6195-4380-9118-3EACDFA601C0}"
EndProject
Global
	GlobalSection(SolutionConfigurationPlatforms) = preSolution
		Debug|x64 = Debug|x64
		Debug|x86 = Debug|x86
		Release|x64 = Release|x64
		Release|x86 = Release|x86
	EndGlobalSection
	GlobalSection(ProjectConfigurationPlatforms) = postSolution
		{7EB300C8-1650-4460-A843-AC9057C45978}.Debug|x64.ActiveCfg = Debug|x64
		{7EB300C8-1650-4460-A843-AC9057C45978}.Debug|x64.Build.0 = Debug|x64
		{7EB300C8-1650-4460-A843-AC9057C45978}.Debug|x86.ActiveCfg = Debug|x64
		{7EB300C8-1650-4460-A843-AC9057C45978}.Debug|x86.Build.0 = Debug|x64
		{7EB300C8-1650-4460-A843-AC9057C45978}.Release|x64.ActiveCfg = Release|x64
		{7EB300C8-1650-4460-A843-AC9057C45978}.Release|x64.Build.0 = Release|x64
		{7EB300C8-1650-4460-A843-AC9057C45978}.Release|x86.ActiveCfg = Release|x64
		{7EB300C8-1650-4460-A843-AC9057C45978}.Release|x86.Build.0 = Release|x64
		{7AB4B0C9-D974-3A65-ED87-61816B6917CB}.Debug|x64.ActiveCfg = Debug|x64
		{7AB4B0C9-D974-3A65-ED87-61816B6917CB}.Debug|x64.Build.0 = Debug|x64
		{7AB4B0C9-D974-3A65-ED87-61816B6917CB}.Debug|x86.ActiveCfg = Debug|x64
		{7AB4B0C9-D974-3A65-ED87-61816B6917CB}.Release|x64.ActiveCfg = Release|x64
		{7AB4B0C9-D974-3A65-ED87-61816B6917CB}.Release|x64.Build.0 = Release|x64
		{7AB4B0C9-D974-3A65-ED87-61816B6917CB}.Release|x86.ActiveCfg = Release|x64
		{777AC703-C49D-E67C-F2EA-2BEDE272A25F}.Debug|x64.ActiveCfg = Debug|x64
		{777AC703-C49D-E67C-F2EA-2BEDE272A25F}.Debug|x64.Build.0 = Debug|x64
		{777AC703-C49D-E67C-F2EA-2BEDE272A25F}.Debug|x86.ActiveCfg = Debug|x64
		{777AC703-C49D-E67C-F2EA-2BEDE272A25F}.Debug|x86.Build.0 = Debug|x64
		{777AC703-C49D-E67C-F2EA-2BEDE272A25F}.Release|x64.ActiveCfg = Release|x64
		{777AC703-C49D-E67C-F2EA-2BEDE272A25F}.Release|x64.Build.0 = Release|x64
		{777AC703-C49D-E67C-F2EA-2BEDE272A25F}.Release|x86.ActiveCfg = Release|x64
		{777AC703-C49D-E67C-F2EA-2BEDE272A25F}.Release|x86.Build.0 = Release|x64
		{D5D676ED-C189-2A6B-8DE3-F4CA6175550F}.Debug|x64.ActiveCfg = Debug|x64
		{D5D676ED-C189-2A6B-8DE3-F4CA6175550F}.Debug|x64.Build.0 = Debug|x64
		{D5D676ED-C189-2A6B-8DE3-F4CA6175550F}.Debug|x86.ActiveCfg = Debug|x64
		{D5D676ED-C189-2A6B-8DE3-F4CA6175550F}.Debug|x86.Build.0 = Debug|x64
		{D5D676ED-C189-2A6B-8DE3-F4CA6175550F}.Release|x64.ActiveCfg = Release|x64
		{D5D676ED-C189-2A6B-8DE3-F4CA6175550F}.Release|x64.Build.0 = Release|x64
		{D5D676ED-C189-2A6B-8DE3-F4CA6175550F}.Release|x86.ActiveCfg = Release|x64
		{D5D676ED-C189-2A6B-8DE3-F4CA6175550F}.Release|x86.Build.0 = Release|x64
		{D51F95B2-D343-6B88-7902-C392ACC99260}.Debug|x64.ActiveCfg = Debug|x64
		{D51F95B2-D343-6B88-7902-C392ACC99260}.Debug|x64.Build.0 = Debug|x64
		{D51F95B2-D343-6B88-7902-C392ACC99260}.Debug|x86.ActiveCfg = Debug|x64
		{D51F95B2-D343-6B88-7902-C392ACC99260}.Debug|x86.Build.0 = Debug|x64
		{D51F95B2-D343-6B88-7902-C392ACC99260}.Release|x64.ActiveCfg = Release|x64
		{D51F95B2-D343-6B88-7902-C392ACC99260}.Release|x64.Build.0 = Release|x64
		{D51F95B2-D343-6B88-7902-C392ACC99260}.Release|x86.ActiveCfg = Release|x64
		{D51F95B2-D343-6B88-7902-C392ACC99260}.Release|x86.Build.0 = Release|x64
		{7642CFD5-F187-3E3F-F8FF-859949B9F13E}.Debug|x64.ActiveCfg = Debug|x64
		{7642CFD5-F187-3E3F-F8FF-859949B9F13E}.Debug|x64.Build.0 = Debug|x64
		{7642CFD5-F187-3E3F-F8FF-859949B9F13E}.Debug|x86.ActiveCfg = Debug|x64
		{7642CFD5-F187-3E3F-F8FF-859949B9F13E}.Release|x64.ActiveCfg = Release|x64
		{7642CFD5-F187-3E3F-F8FF-859949B9F13E}.Release|x64.Build.0 = Release|x64
		{7642CFD5-F187-3E3F-F8FF-859949B9F13E}.Release|x86.ActiveCfg = Release|x64
		{6AC42CF5-8088-F4BE-7C3D-1BD1BD440FCC}.Debug|x64.ActiveCfg = Debug|x64
		{6AC42CF5-8088-F4BE-7C3D-1BD1BD440FCC}.Debug|x64.Build.0 = Debug|x64
		{6AC42CF5-8088-F4BE-7C3D-1BD1BD440FCC}.Debug|x86.ActiveCfg = Debug|x64
		{6AC42CF5-8088-F4BE-7C3D-1BD1BD440FCC}.Release|x64.ActiveCfg = Release|x64
		{6AC42CF5-8088-F4BE-7C3D-1BD1BD440FCC}.Release|x64.Build.0 = Release|x64
		{6AC42CF5-8088-F4BE-7C3D-1BD1BD440FCC}.Release|x86.ActiveCfg = Release|x64
		{2C440506-61D0-D32C-EB09-EE8639551197}.Debug|x64.ActiveCfg = Debug|x64
		{2C440506-61D0-D32C-EB09-EE8639551197}.Debug|x64.Build.0 = Debug|x64
		{2C440506-61D0-D32C-EB09-EE8639551197}.Debug|x86.ActiveCfg = Debug|x64
		{2C440506-61D0-D32C-EB09-EE8639551197}.Debug|x86.Build.0 = Debug|x64
		{2C440506-61D0-D32C-EB09-EE8639551197}.Release|x64.ActiveCfg = Release|x64
		{2C440506-61D0-D32C-EB09-EE8639551197}.Release|x64.Build.0 = Release|x64
		{2C440506-61D0-D32C-EB09-EE8639551197}.Release|x86.ActiveCfg = Release|x64
		{2C440506-61D0-D32C-EB09-EE8639551197}.Release|x86.Build.0 = Release|x64
		{FA592B99-A032-6FBC-4F31-3E45774A1EDA}.Debug|x64.ActiveCfg = Debug|x64
		{FA592B99-A032-6FBC-4F31-3E45774A1EDA}.Debug|x64.Build.0 = Debug|x64
		{FA592B99-A032-6FBC-4F31-3E45774A1EDA}.Debug|x86.ActiveCfg = Debug|x64
		{FA592B99-A032-6FBC-4F31-3E45774A1EDA}.Debug|x86.Build.0 = Debug|x64
		{FA592B99-A032-6FBC-4F31-3E45774A1EDA}.Release|x64.ActiveCfg = Release|x64
		{FA592B99-A032-6FBC-4F31-3E45774A1EDA}.Release|x64.Build.0 = Release|x64
		{FA592B99-A032-6FBC-4F31-3E45774A1EDA}.Release|x86.ActiveCfg = Release|x64
		{FA592B99-A032-6FBC-4F31-3E45774A1EDA}.Release|x86.Build.0 = Release|x64
		{F8129B11-63B2-4478-B3CC-9A188B55F6B9}.Debug|x64.ActiveCfg = Debug|x64
		{F8129B11-63B2-4478-B3CC-9A188B55F6B9}.Debug|x64.Build.0 = Debug|x64
		{F8129B11-63B2-4478-B3CC-9A188B55F6B9}.Debug|x86.ActiveCfg = Debug|x64
		{F8129B11-63B2-4478-B3CC-9A188B55F6B9}.Release|x64.ActiveCfg = Release|x64
		{F8129B11-63B2-4478-B3CC-9A188B55F6B9}.Release|x64.Build.0 = Release|x64
		{F8129B11-63B2-4478-B3CC-9A188B55F6B9}.Release|x86.ActiveCfg = Release|x64
		{40A1229C-43E3-9BDF-4631-09FCBCBA9924}.Debug|x64.ActiveCfg = Debug|x64
		{40A1229C-43E3-9BDF-4631-09FCBCBA9924}.Debug|x64.Build.0 = Debug|x64
		{40A1229C-43E3-9BDF-4631-09FCBCBA9924}.Debug|x86.ActiveCfg = Debug|x64
		{40A1229C-43E3-9BDF-4631-09FCBCBA9924}.Release|x64.ActiveCfg = Release|x64
		{40A1229C-43E3-9BDF-4631-09FCBCBA9924}.Release|x64.Build.0 = Release|x64
		{40A1229C-43E3-9BDF-4631-09FCBCBA9924}.Release|x86.ActiveCfg = Release|x64
		{9767C383-B58A-AB1E-4713-CF8FC5BA2B7E}.Debug|x64.ActiveCfg = Debug|x64
		{9767C383-B58A-AB1E-4713-CF8FC5BA2B7E}.Debug|x64.Build.0 = Debug|x64
		{9767C383-B58A-AB1E-4713-CF8FC5BA2B7E}.Debug|x86.ActiveCfg = Debug|x64
		{9767C383-B58A-AB1E-4713-CF8FC5BA2B7E}.Release|x64.ActiveCfg = Release|x64
		{9767C383-B58A-AB1E-4713-CF8FC5BA2B7E}.Release|x64.Build.0 = Release|x64
		{9767C383-B58A-AB1E-4713-CF8FC5BA2B7E}.Release|x86.ActiveCfg = Release|x64
		{499E20AA-8C6A-4235-A383-4E6D4C5E6AFF}.Debug|x64.ActiveCfg = Debug|x64
		{499E20AA-8C6A-4235-A383-4E6D4C5E6AFF}.Debug|x64.Build.0 = Debug|x64
		{499E20AA-8C6A-4235-A383-4E6D4C5E6AFF}.Debug|x86.ActiveCfg = Debug|x64
		{499E20AA-8C6A-4235-A383-4E6D4C5E6AFF}.Debug|x86.Build.0 = Debug|x64
		{499E20AA-8C6A-4235-A383-4E6D4C5E6AFF}.Release|x64.ActiveCfg = Release|x64
		{499E20AA-8C6A-4235-A383-4E6D4C5E6AFF}.Release|x64.Build.0 = Release|x64
		{499E20AA-8C6A-4235-A383-4E6D4C5E6AFF}.Release|x86.ActiveCfg = Release|x64
		{499E20AA-8C6A-4235-A383-4E6D4C5E6AFF}.Release|x86.Build.0 = Release|x64
		{EBD0A49D-12C3-44FC-9C69-2751125BA92C}.Debug|x64.ActiveCfg = Debug|x64
		{EBD0A49D-12C3-44FC-9C69-2751125BA92C}.Debug|x64.Build.0 = Debug|x64
		{EBD0A49D-12C3-44FC-9C69-2751125BA92C}.Debug|x86.ActiveCfg = Debug|x64
		{EBD0A49D-12C3-44FC-9C69-2751125BA92C}.Debug|x86.Build.0 = Debug|x64
		{EBD0A49D-12C3-44FC-9C69-2751125BA92C}.Release|x64.ActiveCfg = Release|x64
		{EBD0A49D-12C3-44FC-9C69-2751125BA92C}.Release|x64.Build.0 = Release|x64
		{EBD0A49D-12C3-44FC-9C69-2751125BA92C}.Release|x86.ActiveCfg = Release|x64
		{EBD0A49D-12C3-44FC-9C69-2751125BA92C}.Release|x86.Build.0 = Release|x64
		{476AF296-28E8-4CA1-94E5-BD02FCF9F7A1}.Debug|x64.ActiveCfg = Debug|x64
		{476AF296-28E8-4CA1-94E5-BD02FCF9F7A1}.Debug|x64.Build.0 = Debug|x64
		{476AF296-28E8-4CA1-94E5-BD02FCF9F7A1}.Debug|x86.ActiveCfg = Debug|x64
		{476AF296-28E8-4CA1-94E5-BD02FCF9F7A1}.Debug|x86.Build.0 = Debug|x64
		{476AF296-28E8-4CA1-94E5-BD02FCF9F7A1}.Release|x64.ActiveCfg = Release|x64
		{476AF296-28E8-4CA1-94E5-BD02FCF9F7A1}.Release|x64.Build.0 = Release|x64
		{476AF296-28E8-4CA1-94E5-BD02FCF9F7A1}.Release|x86.ActiveCfg = Release|x64
		{476AF296-28E8-4CA1-94E5-BD02FCF9F7A1}.Release|x86.Build.0 = Release|x64
		{781AE07D-7E07-4A6A-8FB2-A981B866C8E5}.Debug|x64.ActiveCfg = Debug|x64
		{781AE07D-7E07-4A6A-8FB2-A981B866C8E5}.Debug|x64.Build.0 = Debug|x64
		{781AE07D-7E07-4A6A-8FB2-A981B866C8E5}.Debug|x86.ActiveCfg = Debug|x64
		{781AE07D-7E07-4A6A-8FB2-A981B866C8E5}.Release|x64.ActiveCfg = Release|x64
		{781AE07D-7E07-4A6A-8FB2-A981B866C8E5}.Release|x64.Build.0 = Release|x64
		{781AE07D-7E07-4A6A-8FB2-A981B866C8E5}.Release|x86.ActiveCfg = Release|x64
		{C00F821B-011C-4C2F-8BED-E9848A024A79}.Debug|x64.ActiveCfg = Debug|x64
		{C00F821B-011C-4C2F-8BED-E9848A024A79}.Debug|x64.Build.0 = Debug|x64
		{C00F821B-011C-4C2F-8BED-E9848A024A79}.Debug|x86.ActiveCfg = Debug|x64
		{C00F821B-011C-4C2F-8BED-E9848A024A79}.Debug|x86.Build.0 = Debug|x64
		{C00F821B-011C-4C2F-8BED-E9848A024A79}.Release|x64.ActiveCfg = Release|x64
		{C00F821B-011C-4C2F-8BED-E9848A024A79}.Release|x64.Build.0 = Release|x64
		{C00F821B-011C-4C2F-8BED-E9848A024A79}.Release|x86.ActiveCfg = Release|x64
		{C00F821B-011C-4C2F-8BED-E9848A024A79}.Release|x86.Build.0 = Release|x64
		{B78CD201-9348-EB6A-8D4D-0C327F80DA8B}.Debug|x64.ActiveCfg = Debug|x64
		{B78CD201-9348-EB6A-8D4D-0C327F80DA8B}.Debug|x64.Build.0 = Debug|x64
		{B78CD201-9348-EB6A-8D4D-0C327F80DA8B}.Debug|x86.ActiveCfg = Debug|x64
		{B78CD201-9348-EB6A-8D4D-0C327F80DA8B}.Debug|x86.Build.0 = Debug|x64
		{B78CD201-9348-EB6A-8D4D-0C327F80DA8B}.Release|x64.ActiveCfg = Release|x64
		{B78CD201-9348-EB6A-8D4D-0C327F80DA8B}.Release|x64.Build.0 = Release|x64
		{B78CD201-9348-EB6A-8D4D-0C327F80DA8B}.Release|x86.ActiveCfg = Release|x64
		{B78CD201-9348-EB6A-8D4D-0C327F80DA8B}.Release|x86.Build.0 = Release|x64
		{8542F0DD-960F-568F-4A42-29BE80FE20EC}.Debug|x64.ActiveCfg = Debug|x64
		{8542F0DD-960F-568F-4A42-29BE80FE20EC}.Debug|x64.Build.0 = Debug|x64
		{8542F0DD-960F-568F-4A42-29BE80FE20EC}.Debug|x86.ActiveCfg = Debug|x64
		{8542F0DD-960F-568F-4A42-29BE80FE20EC}.Release|x64.ActiveCfg = Release|x64
		{8542F0DD-960F-568F-4A42-29BE80FE20EC}.Release|x64.Build.0 = Release|x64
		{8542F0DD-960F-568F-4A42-29BE80FE20EC}.Release|x86.ActiveCfg = Release|x64
		{849D6AB5-9713-E302-D4B5-C6E1DA8F3ABF}.Debug|x64.ActiveCfg = Debug|x64
		{849D6AB5-9713-E302-D4B5-C6E1DA8F3ABF}.Debug|x64.Build.0 = Debug|x64
		{849D6AB5-9713-E302-D4B5-C6E1DA8F3ABF}.Debug|x86.ActiveCfg = Debug|x64
		{849D6AB5-9713-E302-D4B5-C6E1DA8F3ABF}.Debug|x86.Build.0 = Debug|x64
		{849D6AB5-9713-E302-D4B5-C6E1DA8F3ABF}.Release|x64.ActiveCfg = Release|x64
		{849D6AB5-9713-E302-D4B5-C6E1DA8F3ABF}.Release|x64.Build.0 = Release|x64
		{849D6AB5-9713-E302-D4B5-C6E1DA8F3ABF}.Release|x86.ActiveCfg = Release|x64
		{849D6AB5-9713-E302-D4B5-C6E1DA8F3ABF}.Release|x86.Build.0 = Release|x64
		{374CFD70-F327-40F0-9763-DE99BD27EE3A}.Debug|x64.ActiveCfg = Debug|x64
		{374CFD70-F327-40F0-9763-DE99BD27EE3A}.Debug|x64.Build.0 = Debug|x64
		{374CFD70-F327-40F0-9763-DE99BD27EE3A}.Debug|x86.ActiveCfg = Debug|x64
		{374CFD70-F327-40F0-9763-DE99BD27EE3A}.Debug|x86.Build.0 = Debug|x64
		{374CFD70-F327-40F0-9763-DE99BD27EE3A}.Release|x64.ActiveCfg = Release|x64
		{374CFD70-F327-40F0-9763-DE99BD27EE3A}.Release|x64.Build.0 = Release|x64
		{374CFD70-F327-40F0-9763-DE99BD27EE3A}.Release|x86.ActiveCfg = Release|x64
		{374CFD70-F327-40F0-9763-DE99BD27EE3A}.Release|x86.Build.0 = Release|x64
		{D24003C4-41BD-48E6-AE88-C076F95B61DE}.Debug|x64.ActiveCfg = Debug|x64
		{D24003C4-41BD-48E6-AE88-C076F95B61DE}.Debug|x64.Build.0 = Debug|x64
		{D24003C4-41BD-48E6-AE88-C076F95B61DE}.Debug|x86.ActiveCfg = Debug|x64
		{D24003C4-41BD-48E6-AE88-C076F95B61DE}.Debug|x86.Build.0 = Debug|x64
		{D24003C4-41BD-48E6-AE88-C076F95B61DE}.Release|x64.ActiveCfg = Release|x64
		{D24003C4-41BD-48E6-AE88-C076F95B61DE}.Release|x64.Build.0 = Release|x64
		{D24003C4-41BD-48E6-AE88-C076F95B61DE}.Release|x86.ActiveCfg = Release|x64
		{D24003C4-41BD-48E6-AE88-C076F95B61DE}.Release|x86.Build.0 = Release|x64
		{730D00F2-56BF-4F42-8055-A1517B0214C4}.Debug|x64.ActiveCfg = Debug|x64
		{730D00F2-56BF-4F42-8055-A1517B0214C4}.Debug|x64.Build.0 = Debug|x64
		{730D00F2-56BF-4F42-8055-A1517B0214C4}.Debug|x86.ActiveCfg = Debug|x64
		{730D00F2-56BF-4F42-8055-A1517B0214C4}.Debug|x86.Build.0 = Debug|x64
		{730D00F2-56BF-4F42-8055-A1517B0214C4}.Release|x64.ActiveCfg = Release|x64
		{730D00F2-56BF-4F42-8055-A1517B0214C4}.Release|x64.Build.0 = Release|x64
		{730D00F2-56BF-4F42-8055-A1517B0214C4}.Release|x86.ActiveCfg = Release|x64
		{730D00F2-56BF-4F42-8055-A1517B0214C4}.Release|x86.Build.0 = Release|x64
		{C68C0DC6-5BBB-4620-9132-D734195ECAA5}.Debug|x64.ActiveCfg = Debug|x64
		{C68C0DC6-5BBB-4620-9132-D734195ECAA5}.Debug|x64.Build.0 = Debug|x64
		{C68C0DC6-5BBB-4620-9132-D734195ECAA5}.Debug|x86.ActiveCfg = Debug|x64
		{C68C0DC6-5BBB-4620-9132-D734195ECAA5}.Debug|x86.Build.0 = Debug|x64
		{C68C0DC6-5BBB-4620-9132-D734195ECAA5}.Release|x64.ActiveCfg = Release|x64
		{C68C0DC6-5BBB-4620-9132-D734195ECAA5}.Release|x64.Build.0 = Release|x64
		{C68C0DC6-5BBB-4620-9132-D734195ECAA5}.Release|x86.ActiveCfg = Release|x64
		{C68C0DC6-5BBB-4620-9132-D734195ECAA5}.Release|x86.Build.0 = Release|x64
		{24516AC3-B08D-4A84-A63C-735A50200B28}.Debug|x64.ActiveCfg = Debug|x64
		{24516AC3-B08D-4A84-A63C-735A50200B28}.Debug|x64.Build.0 = Debug|x64
		{24516AC3-B08D-4A84-A63C-735A50200B28}.Debug|x86.ActiveCfg = Debug|x64
		{24516AC3-B08D-4A84-A63C-735A50200B28}.Debug|x86.Build.0 = Debug|x64
		{24516AC3-B08D-4A84-A63C-735A50200B28}.Release|x64.ActiveCfg = Release|x64
		{24516AC3-B08D-4A84-A63C-735A50200B28}.Release|x64.Build.0 = Release|x64
		{24516AC3-B08D-4A84-A63C-735A50200B28}.Release|x86.ActiveCfg = Release|x64
		{24516AC3-B08D-4A84-A63C-735A50200B28}.Release|x86.Build.0 = Release|x64
		{F2D39E92-1869-4CE0-85B7-88A93D85EEC4}.Debug|x64.ActiveCfg = Debug|x64
		{F2D39E92-1869-4CE0-85B7-88A93D85EEC4}.Debug|x64.Build.0 = Debug|x64
		{F2D39E92-1869-4CE0-85B7-88A93D85EEC4}.Debug|x86.ActiveCfg = Debug|x64
		{F2D39E92-1869-4CE0-85B7-88A93D85EEC4}.Debug|x86.Build.0 = Debug|x64
		{F2D39E92-1869-4CE0-85B7-88A93D85EEC4}.Release|x64.ActiveCfg = Release|x64
		{F2D39E92-1869-4CE0-85B7-88A93D85EEC4}.Release|x64.Build.0 = Release|x64
		{F2D39E92-1869-4CE0-85B7-88A93D85EEC4}.Release|x86.ActiveCfg = Release|x64
		{F2D39E92-1869-4CE0-85B7-88A93D85EEC4}.Release|x86.Build.0 = Release|x64
		{5CA6211F-0958-4E62-9304-82BCD800D591}.Debug|x64.ActiveCfg = Debug|x64
		{5CA6211F-0958-4E62-9304-82BCD800D591}.Debug|x64.Build.0 = Debug|x64
		{5CA6211F-0958-4E62-9304-82BCD800D591}.Debug|x86.ActiveCfg = Debug|x64
		{5CA6211F-0958-4E62-9304-82BCD800D591}.Debug|x86.Build.0 = Debug|x64
		{5CA6211F-0958-4E62-9304-82BCD800D591}.Release|x64.ActiveCfg = Release|x64
		{5CA6211F-0958-4E62-9304-82BCD800D591}.Release|x64.Build.0 = Release|x64
		{5CA6211F-0958-4E62-9304-82BCD800D591}.Release|x86.ActiveCfg = Release|x64
		{5CA6211F-0958-4E62-9304-82BCD800D591}.Release|x86.Build.0 = Release|x64
		{38ADC92A-C377-4855-AF83-61122AE4C228}.Debug|x64.ActiveCfg = Debug|x64
		{38ADC92A-C377-4855-AF83-61122AE4C228}.Debug|x64.Build.0 = Debug|x64
		{38ADC92A-C377-4855-AF83-61122AE4C228}.Debug|x86.ActiveCfg = Debug|x64
		{38ADC92A-C377-4855-AF83-61122AE4C228}.Debug|x86.Build.0 = Debug|x64
		{38ADC92A-C377-4855-AF83-61122AE4C228}.Release|x64.ActiveCfg = Release|x64
		{38ADC92A-C377-4855-AF83-61122AE4C228}.Release|x64.Build.0 = Release|x64
		{38ADC92A-C377-4855-AF83-61122AE4C228}.Release|x86.ActiveCfg = Release|x64
		{38ADC92A-C377-4855-AF83-61122AE4C228}.Release|x86.Build.0 = Release|x64
		{B70A0A67-1CE3-4933-996A-515446F73FF5}.Debug|x64.ActiveCfg = Debug|x64
		{B70A0A67-1CE3-4933-996A-515446F73FF5}.Debug|x64.Build.0 = Debug|x64
		{B70A0A67-1CE3-4933-996A-515446F73FF5}.Debug|x86.ActiveCfg = Debug|x64
		{B70A0A67-1CE3-4933-996A-515446F73FF5}.Debug|x86.Build.0 = Debug|x64
		{B70A0A67-1CE3-4933-996A-515446F73FF5}.Release|x64.ActiveCfg = Release|x64
		{B70A0A67-1CE3-4933-996A-515446F73FF5}.Release|x64.Build.0 = Release|x64
		{B70A0A67-1CE3-4933-996A-515446F73FF5}.Release|x86.ActiveCfg = Release|x64
		{B70A0A67-1CE3-4933-996A-515446F73FF5}.Release|x86.Build.0 = Release|x64
		{78B079BD-9FC7-4B9E-B4A6-96DA0F00248B}.Debug|x64.ActiveCfg = Debug|x64
		{78B079BD-9FC7-4B9E-B4A6-96DA0F00248B}.Debug|x64.Build.0 = Debug|x64
		{78B079BD-9FC7-4B9E-B4A6-96DA0F00248B}.Debug|x86.ActiveCfg = Debug|x64
		{78B079BD-9FC7-4B9E-B4A6-96DA0F00248B}.Debug|x86.Build.0 = Debug|x64
		{78B079BD-9FC7-4B9E-B4A6-96DA0F00248B}.Release|x64.ActiveCfg = Release|x64
		{78B079BD-9FC7-4B9E-B4A6-96DA0F00248B}.Release|x64.Build.0 = Release|x64
		{78B079BD-9FC7-4B9E-B4A6-96DA0F00248B}.Release|x86.ActiveCfg = Release|x64
		{78B079BD-9FC7-4B9E-B4A6-96DA0F00248B}.Release|x86.Build.0 = Release|x64
		{DB064CD6-ADA3-458E-9D97-B203ABF7FE69}.Debug|x64.ActiveCfg = Debug|x64
		{DB064CD6-ADA3-458E-9D97-B203ABF7FE69}.Debug|x64.Build.0 = Debug|x64
		{DB064CD6-ADA3-458E-9D97-B203ABF7FE69}.Debug|x86.ActiveCfg = Debug|x64
		{DB064CD6-ADA3-458E-9D97-B203ABF7FE69}.Debug|x86.Build.0 = Debug|x64
		{DB064CD6-ADA3-458E-9D97-B203ABF7FE69}.Release|x64.ActiveCfg = Release|x64
		{DB064CD6-ADA3-458E-9D97-B203ABF7FE69}.Release|x64.Build.0 = Release|x64
		{DB064CD6-ADA3-458E-9D97-B203ABF7FE69}.Release|x86.ActiveCfg = Release|x64
		{DB064CD6-ADA3-458E-9D97-B203ABF7FE69}.Release|x86.Build.0 = Release|x64
		{E44AA803-C78A-4789-8B51-B3404A4AACAC}.Debug|x64.ActiveCfg = Debug|x64
		{E44AA803-C78A-4789-8B51-B3404A4AACAC}.Debug|x64.Build.0 = Debug|x64
		{E44AA803-C78A-4789-8B51-B3404A4AACAC}.Debug|x86.ActiveCfg = Debug|x64
		{E44AA803-C78A-4789-8B51-B3404A4AACAC}.Debug|x86.Build.0 = Debug|x64
		{E44AA803-C78A-4789-8B51-B3404A4AACAC}.Release|x64.ActiveCfg = Release|x64
		{E44AA803-C78A-4789-8B51-B3404A4AACAC}.Release|x64.Build.0 = Release|x64
		{E44AA803-C78A-4789-8B51-B3404A4AACAC}.Release|x86.ActiveCfg = Release|x64
		{E44AA803-C78A-4789-8B51-B3404A4AACAC}.Release|x86.Build.0 = Release|x64
		{37C5E0A6-7B0D-4D7C-BCE0-95121B76D9F8}.Debug|x64.ActiveCfg = Debug|x64
		{37C5E0A6-7B0D-4D7C-BCE0-95121B76D9F8}.Debug|x64.Build.0 = Debug|x64
		{37C5E0A6-7B0D-4D7C-BCE0-95121B76D9F8}.Debug|x86.ActiveCfg = Debug|x64
		{37C5E0A6-7B0D-4D7C-BCE0-95121B76D9F8}.Debug|x86.Build.0 = Debug|x64
		{37C5E0A6-7B0D-4D7C-BCE0-95121B76D9F8}.Release|x64.ActiveCfg = Release|x64
		{37C5E0A6-7B0D-4D7C-BCE0-95121B76D9F8}.Release|x64.Build.0 = Release|x64
		{37C5E0A6-7B0D-4D7C-BCE0-95121B76D9F8}.Release|x86.ActiveCfg = Release|x64
		{37C5E0A6-7B0D-4D7C-BCE0-95121B76D9F8}.Release|x86.Build.0 = Release|x64
		{1E3A33E9-C894-4513-B5E9-E2913F86F0E6}.Debug|x64.ActiveCfg = Debug|x64
		{1E3A33E9-C894-4513-B5E9-E2913F86F0E6}.Debug|x64.Build.0 = Debug|x64
		{1E3A33E9-C894-4513-B5E9-E2913F86F0E6}.Debug|x86.ActiveCfg = Debug|x64
		{1E3A33E9-C894-4513-B5E9-E2913F86F0E6}.Debug|x86.Build.0 = Debug|x64
		{1E3A33E9-C894-4513-B5E9-E2913F86F0E6}.Release|x64.ActiveCfg = Release|x64
		{1E3A33E9-C894-4513-B5E9-E2913F86F0E6}.Release|x64.Build.0 = Release|x64
		{1E3A33E9-C894-4513-B5E9-E2913F86F0E6}.Release|x86.ActiveCfg = Release|x64
		{1E3A33E9-C894-4513-B5E9-E2913F86F0E6}.Release|x86.Build.0 = Release|x64
		{F7B9B577-0CE8-47F6-9930-24BCC4CC7723}.Debug|x64.ActiveCfg = Debug|x64
		{F7B9B577-0CE8-47F6-9930-24BCC4CC7723}.Debug|x64.Build.0 = Debug|x64
		{F7B9B577-0CE8-47F6-9930-24BCC4CC7723}.Debug|x86.ActiveCfg = Debug|x64
		{F7B9B577-0CE8-47F6-9930-24BCC4CC7723}.Debug|x86.Build.0 = Debug|x64
		{F7B9B577-0CE8-47F6-9930-24BCC4CC7723}.Release|x64.ActiveCfg = Release|x64
		{F7B9B577-0CE8-47F6-9930-24BCC4CC7723}.Release|x64.Build.0 = Release|x64
		{F7B9B577-0CE8-47F6-9930-24BCC4CC7723}.Release|x86.ActiveCfg = Release|x64
		{F7B9B577-0CE8-47F6-9930-24BCC4CC7723}.Release|x86.Build.0 = Release|x64
		{62F08E78-E2A0-4794-81C6-7BC7F8AD3660}.Debug|x64.ActiveCfg = Debug|x64
		{62F08E78-E2A0-4794-81C6-7BC7F8AD3660}.Debug|x64.Build.0 = Debug|x64
		{62F08E78-E2A0-4794-81C6-7BC7F8AD3660}.Debug|x86.ActiveCfg = Debug|x64
		{62F08E78-E2A0-4794-81C6-7BC7F8AD3660}.Debug|x86.Build.0 = Debug|x64
		{62F08E78-E2A0-4794-81C6-7BC7F8AD3660}.Release|x64.ActiveCfg = Release|x64
		{62F08E78-E2A0-4794-81C6-7BC7F8AD3660}.Release|x64.Build.0 = Release|x64
		{62F08E78-E2A0-4794-81C6-7BC7F8AD3660}.Release|x86.ActiveCfg = Release|x64
		{62F08E78-E2A0-4794-81C6-7BC7F8AD3660}.Release|x86.Build.0 = Release|x64
		{F8C9BBAD-762B-490B-82FF-1BACB5C5D99C}.Debug|x64.ActiveCfg = Debug|x64
		{F8C9BBAD-762B-490B-82FF-1BACB5C5D99C}.Debug|x64.Build.0 = Debug|x64
		{F8C9BBAD-762B-490B-82FF-1BACB5C5D99C}.Debug|x86.ActiveCfg = Debug|x64
		{F8C9BBAD-762B-490B-82FF-1BACB5C5D99C}.Debug|x86.Build.0 = Debug|x64
		{F8C9BBAD-762B-490B-82FF-1BACB5C5D99C}.Release|x64.ActiveCfg = Release|x64
		{F8C9BBAD-762B-490B-82FF-1BACB5C5D99C}.Release|x64.Build.0 = Release|x64
		{F8C9BBAD-762B-490B-82FF-1BACB5C5D99C}.Release|x86.ActiveCfg = Release|x64
		{F8C9BBAD-762B-490B-82FF-1BACB5C5D99C}.Release|x86.Build.0 = Release|x64
		{E6E1CD6A-09CB-4F54-A707-D3DD287292EB}.Debug|x64.ActiveCfg = Debug|x64
		{E6E1CD6A-09CB-4F54-A707-D3DD287292EB}.Debug|x64.Build.0 = Debug|x64
		{E6E1CD6A-09CB-4F54-A707-D3DD287292EB}.Debug|x86.ActiveCfg = Debug|x64
		{E6E1CD6A-09CB-4F54-A707-D3DD287292EB}.Debug|x86.Build.0 = Debug|x64
		{E6E1CD6A-09CB-4F54-A707-D3DD287292EB}.Release|x64.ActiveCfg = Release|x64
		{E6E1CD6A-09CB-4F54-A707-D3DD287292EB}.Release|x64.Build.0 = Release|x64
		{E6E1CD6A-09CB-4F54-A707-D3DD287292EB}.Release|x86.ActiveCfg = Release|x64
		{E6E1CD6A-09CB-4F54-A707-D3DD287292EB}.Release|x86.Build.0 = Release|x64
		{B40AA82A-1CAB-4743-ADE5-3AE8A9A4470B}.Debug|x64.ActiveCfg = Debug|x64
		{B40AA82A-1CAB-4743-ADE5-3AE8A9A4470B}.Debug|x64.Build.0 = Debug|x64
		{B40AA82A-1CAB-4743-ADE5-3AE8A9A4470B}.Debug|x86.ActiveCfg = Debug|x64
		{B40AA82A-1CAB-4743-ADE5-3AE8A9A4470B}.Debug|x86.Build.0 = Debug|x64
		{B40AA82A-1CAB-4743-ADE5-3AE8A9A4470B}.Release|x64.ActiveCfg = Release|x64
		{B40AA82A-1CAB-4743-ADE5-3AE8A9A4470B}.Release|x64.Build.0 = Release|x64
		{B40AA82A-1CAB-4743-ADE5-3AE8A9A4470B}.Release|x86.ActiveCfg = Release|x64
		{B40AA82A-1CAB-4743-ADE5-3AE8A9A4470B}.Release|x86.Build.0 = Release|x64
		{FC7A4FFB-FA58-4F42-A821-A1967B253843}.Debug|x64.ActiveCfg = Debug|x64
		{FC7A4FFB-FA58-4F42-A821-A1967B253843}.Debug|x64.Build.0 = Debug|x64
		{FC7A4FFB-FA58-4F42-A821-A1967B253843}.Debug|x86.ActiveCfg = Debug|x64
		{FC7A4FFB-FA58-4F42-A821-A1967B253843}.Debug|x86.Build.0 = Debug|x64
		{FC7A4FFB-FA58-4F42-A821-A1967B253843}.Release|x64.ActiveCfg = Release|x64
		{FC7A4FFB-FA58-4F42-A821-A1967B253843}.Release|x64.Build.0 = Release|x64
		{FC7A4FFB-FA58-4F42-A821-A1967B253843}.Release|x86.ActiveCfg = Release|x64
		{FC7A4FFB-FA58-4F42-A821-A1967B253843}.Release|x86.Build.0 = Release|x64
		{F95326C0-9959-4AB4-AD57-A369A4B6C2E4}.Debug|x64.ActiveCfg = Debug|x64
		{F95326C0-9959-4AB4-AD57-A369A4B6C2E4}.Debug|x64.Build.0 = Debug|x64
		{F95326C0-9959-4AB4-AD57-A369A4B6C2E4}.Debug|x86.ActiveCfg = Debug|x64
		{F95326C0-9959-4AB4-AD57-A369A4B6C2E4}.Debug|x86.Build.0 = Debug|x64
		{F95326C0-9959-4AB4-AD57-A369A4B6C2E4}.Release|x64.ActiveCfg = Release|x64
		{F95326C0-9959-4AB4-AD57-A369A4B6C2E4}.Release|x64.Build.0 = Release|x64
		{F95326C0-9959-4AB4-AD57-A369A4B6C2E4}.Release|x86.ActiveCfg = Release|x64
		{F95326C0-9959-4AB4-AD57-A369A4B6C2E4}.Release|x86.Build.0 = Release|x64
		{D7F4DACC-5D6F-4349-9D71-12DE6E29CF94}.Debug|x64.ActiveCfg = Debug|x64
		{D7F4DACC-5D6F-4349-9D71-12DE6E29CF94}.Debug|x64.Build.0 = Debug|x64
		{D7F4DACC-5D6F-4349-9D71-12DE6E29CF94}.Debug|x86.ActiveCfg = Debug|x64
		{D7F4DACC-5D6F-4349-9D71-12DE6E29CF94}.Debug|x86.Build.0 = Debug|x64
		{D7F4DACC-5D6F-4349-9D71-12DE6E29CF94}.Release|x64.ActiveCfg = Release|x64
		{D7F4DACC-5D6F-4349-9D71-12DE6E29CF94}.Release|x64.Build.0 = Release|x64
		{D7F4DACC-5D6F-4349-9D71-12DE6E29CF94}.Release|x86.ActiveCfg = Release|x64
		{D7F4DACC-5D6F-4349-9D71-12DE6E29CF94}.Release|x86.Build.0 = Release|x64
		{6983C2F4-F136-43EC-9FA1-647664EE5CF7}.Debug|x64.ActiveCfg = Debug|x64
		{6983C2F4-F136-43EC-9FA1-647664EE5CF7}.Debug|x64.Build.0 = Debug|x64
		{6983C2F4-F136-43EC-9FA1-647664EE5CF7}.Debug|x86.ActiveCfg = Debug|x64
		{6983C2F4-F136-43EC-9FA1-647664EE5CF7}.Debug|x86.Build.0 = Debug|x64
		{6983C2F4-F136-43EC-9FA1-647664EE5CF7}.Release|x64.ActiveCfg = Release|x64
		{6983C2F4-F136-43EC-9FA1-647664EE5CF7}.Release|x64.Build.0 = Release|x64
		{6983C2F4-F136-43EC-9FA1-647664EE5CF7}.Release|x86.ActiveCfg = Release|x64
		{6983C2F4-F136-43EC-9FA1-647664EE5CF7}.Release|x86.Build.0 = Release|x64
		{6C610B57-F518-494F-BF23-66712C00B098}.Debug|x64.ActiveCfg = Debug|x64
		{6C610B57-F518-494F-BF23-66712C00B098}.Debug|x64.Build.0 = Debug|x64
		{6C610B57-F518-494F-BF23-66712C00B098}.Debug|x86.ActiveCfg = Debug|x64
		{6C610B57-F518-494F-BF23-66712C00B098}.Debug|x86.Build.0 = Debug|x64
		{6C610B57-F518-494F-BF23-66712C00B098}.Release|x64.ActiveCfg = Release|x64
		{6C610B57-F518-494F-BF23-66712C00B098}.Release|x64.Build.0 = Release|x64
		{6C610B57-F518-494F-BF23-66712C00B098}.Release|x86.ActiveCfg = Release|x64
		{6C610B57-F518-494F-BF23-66712C00B098}.Release|x86.Build.0 = Release|x64
		{173F3AA8-32C9-43A7-9888-51B2DA3A9742}.Debug|x64.ActiveCfg = Debug|x64
		{173F3AA8-32C9-43A7-9888-51B2DA3A9742}.Debug|x64.Build.0 = Debug|x64
		{173F3AA8-32C9-43A7-9888-51B2DA3A9742}.Debug|x86.ActiveCfg = Debug|x64
		{173F3AA8-32C9-43A7-9888-51B2DA3A9742}.Debug|x86.Build.0 = Debug|x64
		{173F3AA8-32C9-43A7-9888-51B2DA3A9742}.Release|x64.ActiveCfg = Release|x64
		{173F3AA8-32C9-43A7-9888-51B2DA3A9742}.Release|x64.Build.0 = Release|x64
		{173F3AA8-32C9-43A7-9888-51B2DA3A9742}.Release|x86.ActiveCfg = Release|x64
		{173F3AA8-32C9-43A7-9888-51B2DA3A9742}.Release|x86.Build.0 = Release|x64
		{4199FB02-2B55-4E9F-BF25-B32A1A625EE0}.Debug|x64.ActiveCfg = Debug|x64
		{4199FB02-2B55-4E9F-BF25-B32A1A625EE0}.Debug|x64.Build.0 = Debug|x64
		{4199FB02-2B55-4E9F-BF25-B32A1A625EE0}.Debug|x86.ActiveCfg = Debug|x64
		{4199FB02-2B55-4E9F-BF25-B32A1A625EE0}.Debug|x86.Build.0 = Debug|x64
		{4199FB02-2B55-4E9F-BF25-B32A1A625EE0}.Release|x64.ActiveCfg = Release|x64
		{4199FB02-2B55-4E9F-BF25-B32A1A625EE0}.Release|x64.Build.0 = Release|x64
		{4199FB02-2B55-4E9F-BF25-B32A1A625EE0}.Release|x86.ActiveCfg = Release|x64
		{4199FB02-2B55-4E9F-BF25-B32A1A625EE0}.Release|x86.Build.0 = Release|x64
		{D0B217C2-97AD-495F-B85F-E61B2E53E4CE}.Debug|x64.ActiveCfg = Debug|x64
		{D0B217C2-97AD-495F-B85F-E61B2E53E4CE}.Debug|x64.Build.0 = Debug|x64
		{D0B217C2-97AD-495F-B85F-E61B2E53E4CE}.Debug|x86.ActiveCfg = Debug|x64
		{D0B217C2-97AD-495F-B85F-E61B2E53E4CE}.Debug|x86.Build.0 = Debug|x64
		{D0B217C2-97AD-495F-B85F-E61B2E53E4CE}.Release|x64.ActiveCfg = Release|x64
		{D0B217C2-97AD-495F-B85F-E61B2E53E4CE}.Release|x64.Build.0 = Release|x64
		{D0B217C2-97AD-495F-B85F-E61B2E53E4CE}.Release|x86.ActiveCfg = Release|x64
		{D0B217C2-97AD-495F-B85F-E61B2E53E4CE}.Release|x86.Build.0 = Release|x64
		{94AD969C-502C-4419-9062-DDCD961EDEEC}.Debug|x64.ActiveCfg = Debug|x64
		{94AD969C-502C-4419-9062-DDCD961EDEEC}.Debug|x64.Build.0 = Debug|x64
		{94AD969C-502C-4419-9062-DDCD961EDEEC}.Debug|x86.ActiveCfg = Debug|x64
		{94AD969C-502C-4419-9062-DDCD961EDEEC}.Debug|x86.Build.0 = Debug|x64
		{94AD969C-502C-4419-9062-DDCD961EDEEC}.Release|x64.ActiveCfg = Release|x64
		{94AD969C-502C-4419-9062-DDCD961EDEEC}.Release|x64.Build.0 = Release|x64
		{94AD969C-502C-4419-9062-DDCD961EDEEC}.Release|x86.ActiveCfg = Release|x64
		{94AD969C-502C-4419-9062-DDCD961EDEEC}.Release|x86.Build.0 = Release|x64
		{EF732F2A-AAA0-4CE8-B75C-E52E307A7EC2}.Debug|x64.ActiveCfg = Debug|x64
		{EF732F2A-AAA0-4CE8-B75C-E52E307A7EC2}.Debug|x64.Build.0 = Debug|x64
		{EF732F2A-AAA0-4CE8-B75C-E52E307A7EC2}.Debug|x86.ActiveCfg = Debug|x64
		{EF732F2A-AAA0-4CE8-B75C-E52E307A7EC2}.Debug|x86.Build.0 = Debug|x64
		{EF732F2A-AAA0-4CE8-B75C-E52E307A7EC2}.Release|x64.ActiveCfg = Release|x64
		{EF732F2A-AAA0-4CE8-B75C-E52E307A7EC2}.Release|x64.Build.0 = Release|x64
		{EF732F2A-AAA0-4CE8-B75C-E52E307A7EC2}.Release|x86.ActiveCfg = Release|x64
		{EF732F2A-AAA0-4CE8-B75C-E52E307A7EC2}.Release|x86.Build.0 = Release|x64
		{9817E611-FA2F-43FC-9199-CF2704848E3F}.Debug|x64.ActiveCfg = Debug|x64
		{9817E611-FA2F-43FC-9199-CF2704848E3F}.Debug|x64.Build.0 = Debug|x64
		{9817E611-FA2F-43FC-9199-CF2704848E3F}.Debug|x86.ActiveCfg = Debug|x64
		{9817E611-FA2F-43FC-9199-CF2704848E3F}.Debug|x86.Build.0 = Debug|x64
		{9817E611-FA2F-43FC-9199-CF2704848E3F}.Release|x64.ActiveCfg = Release|x64
		{9817E611-FA2F-43FC-9199-CF2704848E3F}.Release|x64.Build.0 = Release|x64
		{9817E611-FA2F-43FC-9199-CF2704848E3F}.Release|x86.ActiveCfg = Release|x64
		{9817E611-FA2F-43FC-9199-CF2704848E3F}.Release|x86.Build.0 = Release|x64
		{A4FB768C-15B5-427F-92D7-9B140C44798C}.Debug|x64.ActiveCfg = Debug|x64
		{A4FB768C-15B5-427F-92D7-9B140C44798C}.Debug|x64.Build.0 = Debug|x64
		{A4FB768C-15B5-427F-92D7-9B140C44798C}.Debug|x86.ActiveCfg = Debug|x64
		{A4FB768C-15B5-427F-92D7-9B140C44798C}.Debug|x86.Build.0 = Debug|x64
		{A4FB768C-15B5-427F-92D7-9B140C44798C}.Release|x64.ActiveCfg = Release|x64
		{A4FB768C-15B5-427F-92D7-9B140C44798C}.Release|x64.Build.0 = Release|x64
		{A4FB768C-15B5-427F-92D7-9B140C44798C}.Release|x86.ActiveCfg = Release|x64
		{A4FB768C-15B5-427F-92D7-9B140C44798C}.Release|x86.Build.0 = Release|x64
		{8DBCDEA8-39DE-40F0-A22E-CC98D8DAF046}.Debug|x64.ActiveCfg = Debug|x64
		{8DBCDEA8-39DE-40F0-A22E-CC98D8DAF046}.Debug|x64.Build.0 = Debug|x64
		{8DBCDEA8-39DE-40F0-A22E-CC98D8DAF046}.Debug|x86.ActiveCfg = Debug|x64
		{8DBCDEA8-39DE-40F0-A22E-CC98D8DAF046}.Debug|x86.Build.0 = Debug|x64
		{8DBCDEA8-39DE-40F0-A22E-CC98D8DAF046}.Release|x64.ActiveCfg = Release|x64
		{8DBCDEA8-39DE-40F0-A22E-CC98D8DAF046}.Release|x64.Build.0 = Release|x64
		{8DBCDEA8-39DE-40F0-A22E-CC98D8DAF046}.Release|x86.ActiveCfg = Release|x64
		{8DBCDEA8-39DE-40F0-A22E-CC98D8DAF046}.Release|x86.Build.0 = Release|x64
		{9700F1F4-FB5D-4785-A1B3-D1C7A5FE1BC5}.Debug|x64.ActiveCfg = Debug|x64
		{9700F1F4-FB5D-4785-A1B3-D1C7A5FE1BC5}.Debug|x64.Build.0 = Debug|x64
		{9700F1F4-FB5D-4785-A1B3-D1C7A5FE1BC5}.Debug|x86.ActiveCfg = Debug|x64
		{9700F1F4-FB5D-4785-A1B3-D1C7A5FE1BC5}.Debug|x86.Build.0 = Debug|x64
		{9700F1F4-FB5D-4785-A1B3-D1C7A5FE1BC5}.Release|x64.ActiveCfg = Release|x64
		{9700F1F4-FB5D-4785-A1B3-D1C7A5FE1BC5}.Release|x64.Build.0 = Release|x64
		{9700F1F4-FB5D-4785-A1B3-D1C7A5FE1BC5}.Release|x86.ActiveCfg = Release|x64
		{9700F1F4-FB5D-4785-A1B3-D1C7A5FE1BC5}.Release|x86.Build.0 = Release|x64
		{C7F46B04-1F76-4B26-B3E9-9DCD9A78CC06}.Debug|x64.ActiveCfg = Debug|x64
		{C7F46B04-1F76-4B26-B3E9-9DCD9A78CC06}.Debug|x64.Build.0 = Debug|x64
		{C7F46B04-1F76-4B26-B3E9-9DCD9A78CC06}.Debug|x86.ActiveCfg = Debug|x64
		{C7F46B04-1F76-4B26-B3E9-9DCD9A78CC06}.Debug|x86.Build.0 = Debug|x64
		{C7F46B04-1F76-4B26-B3E9-9DCD9A78CC06}.Release|x64.ActiveCfg = Release|x64
		{C7F46B04-1F76-4B26-B3E9-9DCD9A78CC06}.Release|x64.Build.0 = Release|x64
		{C7F46B04-1F76-4B26-B3E9-9DCD9A78CC06}.Release|x86.ActiveCfg = Release|x64
		{C7F46B04-1F76-4B26-B3E9-9DCD9A78CC06}.Release|x86.Build.0 = Release|x64
		{71ED1DD6-5BA3-4EB1-9FAD-92F68E54B78A}.Debug|x64.ActiveCfg = Debug|x64
		{71ED1DD6-5BA3-4EB1-9FAD-92F68E54B78A}.Debug|x64.Build.0 = Debug|x64
		{71ED1DD6-5BA3-4EB1-9FAD-92F68E54B78A}.Debug|x86.ActiveCfg = Debug|x64
		{71ED1DD6-5BA3-4EB1-9FAD-92F68E54B78A}.Debug|x86.Build.0 = Debug|x64
		{71ED1DD6-5BA3-4EB1-9FAD-92F68E54B78A}.Release|x64.ActiveCfg = Release|x64
		{71ED1DD6-5BA3-4EB1-9FAD-92F68E54B78A}.Release|x64.Build.0 = Release|x64
		{71ED1DD6-5BA3-4EB1-9FAD-92F68E54B78A}.Release|x86.ActiveCfg = Release|x64
		{71ED1DD6-5BA3-4EB1-9FAD-92F68E54B78A}.Release|x86.Build.0 = Release|x64
		{67FE8283-C1E1-401E-8B86-234C33D01BB8}.Debug|x64.ActiveCfg = Debug|x64
		{67FE8283-C1E1-401E-8B86-234C33D01BB8}.Debug|x64.Build.0 = Debug|x64
		{67FE8283-C1E1-401E-8B86-234C33D01BB8}.Debug|x86.ActiveCfg = Debug|x64
		{67FE8283-C1E1-401E-8B86-234C33D01BB8}.Debug|x86.Build.0 = Debug|x64
		{67FE8283-C1E1-401E-8B86-234C33D01BB8}.Release|x64.ActiveCfg = Release|x64
		{67FE8283-C1E1-401E-8B86-234C33D01BB8}.Release|x64.Build.0 = Release|x64
		{67FE8283-C1E1-401E-8B86-234C33D01BB8}.Release|x86.ActiveCfg = Release|x64
		{67FE8283-C1E1-401E-8B86-234C33D01BB8}.Release|x86.Build.0 = Release|x64
		{FFF96E0C-3EBD-BF28-5334-39F494EB02A1}.Debug|x64.ActiveCfg = Debug|x64
		{FFF96E0C-3EBD-BF28-5334-39F494EB02A1}.Debug|x64.Build.0 = Debug|x64
		{FFF96E0C-3EBD-BF28-5334-39F494EB02A1}.Debug|x86.ActiveCfg = Debug|x64
		{FFF96E0C-3EBD-BF28-5334-39F494EB02A1}.Release|x64.ActiveCfg = Release|x64
		{FFF96E0C-3EBD-BF28-5334-39F494EB02A1}.Release|x64.Build.0 = Release|x64
		{FFF96E0C-3EBD-BF28-5334-39F494EB02A1}.Release|x86.ActiveCfg = Release|x64
		{9C07146F-6195-4380-9118-3EACDFA601C0}.Debug|x64.ActiveCfg = Debug|x64
		{9C07146F-6195-4380-9118-3EACDFA601C0}.Debug|x64.Build.0 = Debug|x64
		{9C07146F-6195-4380-9118-3EACDFA601C0}.Debug|x86.ActiveCfg = Debug|x64
		{9C07146F-6195-4380-9118-3EACDFA601C0}.Debug|x86.Build.0 = Debug|x64
		{9C07146F-6195-4380-9118-3EACDFA601C0}.Release|x64.ActiveCfg = Release|x64
		{9C07146F-6195-4380-9118-3EACDFA601C0}.Release|x64.Build.0 = Release|x64
		{9C07146F-6195-4380-9118-3EACDFA601C0}.Release|x86.ActiveCfg = Release|x64
		{9C07146F-6195-4380-9118-3EACDFA601C0}.Release|x86.Build.0 = Release|x64
	EndGlobalSection
	GlobalSection(SolutionProperties) = preSolution
		HideSolutionNode = FALSE
	EndGlobalSection
	GlobalSection(NestedProjects) = preSolution
		{2A9328DA-F4AC-454A-8E26-1AB15FE1966C} = {84B9E53F-704C-4892-B718-EF1321217A22}
		{7AB4B0C9-D974-3A65-ED87-61816B6917CB} = {2A9328DA-F4AC-454A-8E26-1AB15FE1966C}
		{777AC703-C49D-E67C-F2EA-2BEDE272A25F} = {2A9328DA-F4AC-454A-8E26-1AB15FE1966C}
		{D5D676ED-C189-2A6B-8DE3-F4CA6175550F} = {2A9328DA-F4AC-454A-8E26-1AB15FE1966C}
		{D51F95B2-D343-6B88-7902-C392ACC99260} = {2A9328DA-F4AC-454A-8E26-1AB15FE1966C}
		{7642CFD5-F187-3E3F-F8FF-859949B9F13E} = {2A9328DA-F4AC-454A-8E26-1AB15FE1966C}
		{6AC42CF5-8088-F4BE-7C3D-1BD1BD440FCC} = {2A9328DA-F4AC-454A-8E26-1AB15FE1966C}
		{2C440506-61D0-D32C-EB09-EE8639551197} = {2A9328DA-F4AC-454A-8E26-1AB15FE1966C}
		{FA592B99-A032-6FBC-4F31-3E45774A1EDA} = {2A9328DA-F4AC-454A-8E26-1AB15FE1966C}
		{F8129B11-63B2-4478-B3CC-9A188B55F6B9} = {4D08DCAA-04C6-46EE-84B4-ED06C9FB87B9}
		{40A1229C-43E3-9BDF-4631-09FCBCBA9924} = {2A9328DA-F4AC-454A-8E26-1AB15FE1966C}
		{9767C383-B58A-AB1E-4713-CF8FC5BA2B7E} = {2A9328DA-F4AC-454A-8E26-1AB15FE1966C}
		{EBD0A49D-12C3-44FC-9C69-2751125BA92C} = {522D351D-0C5D-40A1-A856-3C94167BA347}
		{476AF296-28E8-4CA1-94E5-BD02FCF9F7A1} = {522D351D-0C5D-40A1-A856-3C94167BA347}
		{781AE07D-7E07-4A6A-8FB2-A981B866C8E5} = {522D351D-0C5D-40A1-A856-3C94167BA347}
		{C00F821B-011C-4C2F-8BED-E9848A024A79} = {522D351D-0C5D-40A1-A856-3C94167BA347}
		{4D08DCAA-04C6-46EE-84B4-ED06C9FB87B9} = {2A9328DA-F4AC-454A-8E26-1AB15FE1966C}
		{B78CD201-9348-EB6A-8D4D-0C327F80DA8B} = {4D08DCAA-04C6-46EE-84B4-ED06C9FB87B9}
		{8542F0DD-960F-568F-4A42-29BE80FE20EC} = {4D08DCAA-04C6-46EE-84B4-ED06C9FB87B9}
		{849D6AB5-9713-E302-D4B5-C6E1DA8F3ABF} = {522D351D-0C5D-40A1-A856-3C94167BA347}
		{374CFD70-F327-40F0-9763-DE99BD27EE3A} = {522D351D-0C5D-40A1-A856-3C94167BA347}
		{D24003C4-41BD-48E6-AE88-C076F95B61DE} = {84B9E53F-704C-4892-B718-EF1321217A22}
		{5CA6211F-0958-4E62-9304-82BCD800D591} = {522D351D-0C5D-40A1-A856-3C94167BA347}
		{38ADC92A-C377-4855-AF83-61122AE4C228} = {522D351D-0C5D-40A1-A856-3C94167BA347}
		{B70A0A67-1CE3-4933-996A-515446F73FF5} = {522D351D-0C5D-40A1-A856-3C94167BA347}
		{78B079BD-9FC7-4B9E-B4A6-96DA0F00248B} = {84B9E53F-704C-4892-B718-EF1321217A22}
		{E44AA803-C78A-4789-8B51-B3404A4AACAC} = {522D351D-0C5D-40A1-A856-3C94167BA347}
		{37C5E0A6-7B0D-4D7C-BCE0-95121B76D9F8} = {522D351D-0C5D-40A1-A856-3C94167BA347}
		{F7B9B577-0CE8-47F6-9930-24BCC4CC7723} = {522D351D-0C5D-40A1-A856-3C94167BA347}
		{F8C9BBAD-762B-490B-82FF-1BACB5C5D99C} = {522D351D-0C5D-40A1-A856-3C94167BA347}
		{E6E1CD6A-09CB-4F54-A707-D3DD287292EB} = {522D351D-0C5D-40A1-A856-3C94167BA347}
		{F95326C0-9959-4AB4-AD57-A369A4B6C2E4} = {84B9E53F-704C-4892-B718-EF1321217A22}
		{6983C2F4-F136-43EC-9FA1-647664EE5CF7} = {522D351D-0C5D-40A1-A856-3C94167BA347}
		{173F3AA8-32C9-43A7-9888-51B2DA3A9742} = {522D351D-0C5D-40A1-A856-3C94167BA347}
		{4199FB02-2B55-4E9F-BF25-B32A1A625EE0} = {522D351D-0C5D-40A1-A856-3C94167BA347}
		{D0B217C2-97AD-495F-B85F-E61B2E53E4CE} = {522D351D-0C5D-40A1-A856-3C94167BA347}
		{94AD969C-502C-4419-9062-DDCD961EDEEC} = {522D351D-0C5D-40A1-A856-3C94167BA347}
		{EF732F2A-AAA0-4CE8-B75C-E52E307A7EC2} = {522D351D-0C5D-40A1-A856-3C94167BA347}
		{9817E611-FA2F-43FC-9199-CF2704848E3F} = {522D351D-0C5D-40A1-A856-3C94167BA347}
		{A4FB768C-15B5-427F-92D7-9B140C44798C} = {522D351D-0C5D-40A1-A856-3C94167BA347}
		{8DBCDEA8-39DE-40F0-A22E-CC98D8DAF046} = {522D351D-0C5D-40A1-A856-3C94167BA347}
		{9700F1F4-FB5D-4785-A1B3-D1C7A5FE1BC5} = {522D351D-0C5D-40A1-A856-3C94167BA347}
		{C7F46B04-1F76-4B26-B3E9-9DCD9A78CC06} = {522D351D-0C5D-40A1-A856-3C94167BA347}
		{67FE8283-C1E1-401E-8B86-234C33D01BB8} = {522D351D-0C5D-40A1-A856-3C94167BA347}
		{FFF96E0C-3EBD-BF28-5334-39F494EB02A1} = {4D08DCAA-04C6-46EE-84B4-ED06C9FB87B9}
		{9C07146F-6195-4380-9118-3EACDFA601C0} = {522D351D-0C5D-40A1-A856-3C94167BA347}
	EndGlobalSection
	GlobalSection(ExtensibilityGlobals) = postSolution
		SolutionGuid = {AA32F6CD-3CF1-41D1-9B1C-B19E96B2EE6A}
	EndGlobalSection
EndGlobal
