
Microsoft Visual Studio Solution File, Format Version 12.00
# Visual Studio Version 16
VisualStudioVersion = 16.0.28729.10
MinimumVisualStudioVersion = 10.0.40219.1
Project("{8BC9CEB8-8B4A-11D0-8D11-00A0C91BC942}") = "core", "core\core.vcxproj", "{7EB300C8-1650-4460-A843-AC9057C45978}"
EndProject
Project("{2150E333-8FDC-42A3-9474-1A3956D46DE8}") = "angle", "angle", "{2A9328DA-F4AC-454A-8E26-1AB15FE1966C}"
EndProject
Project("{8BC9CEB8-8B4A-11D0-8D11-00A0C91BC942}") = "angle_common", "3rdparty\angle\src\angle_common.vcxproj", "{7AB4B0C9-D974-3A65-ED87-61816B6917CB}"
EndProject
Project("{8BC9CEB8-8B4A-11D0-8D11-00A0C91BC942}") = "libEGL", "3rdparty\angle\src\libEGL.vcxproj", "{777AC703-C49D-E67C-F2EA-2BEDE272A25F}"
EndProject
Project("{8BC9CEB8-8B4A-11D0-8D11-00A0C91BC942}") = "libGLESv2", "3rdparty\angle\src\libGLESv2.vcxproj", "{D5D676ED-C189-2A6B-8DE3-F4CA6175550F}"
EndProject
Project("{8BC9CEB8-8B4A-11D0-8D11-00A0C91BC942}") = "libANGLE", "3rdparty\angle\src\libANGLE.vcxproj", "{D51F95B2-D343-6B88-7902-C392ACC99260}"
EndProject
Project("{8BC9CEB8-8B4A-11D0-8D11-00A0C91BC942}") = "preprocessor", "3rdparty\angle\src\preprocessor.vcxproj", "{7642CFD5-F187-3E3F-F8FF-859949B9F13E}"
EndProject
Project("{8BC9CEB8-8B4A-11D0-8D11-00A0C91BC942}") = "translator", "3rdparty\angle\src\translator.vcxproj", "{6AC42CF5-8088-F4BE-7C3D-1BD1BD440FCC}"
EndProject
Project("{8BC9CEB8-8B4A-11D0-8D11-00A0C91BC942}") = "angle_image_util", "3rdparty\angle\src\angle_image_util.vcxproj", "{2C440506-61D0-D32C-EB09-EE8639551197}"
EndProject
Project("{8BC9CEB8-8B4A-11D0-8D11-00A0C91BC942}") = "angle_gpu_info_util", "3rdparty\angle\src\angle_gpu_info_util.vcxproj", "{FA592B99-A032-6FBC-4F31-3E45774A1EDA}"
EndProject
Project("{8BC9CEB8-8B4A-11D0-8D11-00A0C91BC942}") = "hello_triangle", "3rdparty\angle\samples\hello_triangle.vcxproj", "{F8129B11-63B2-4478-B3CC-9A188B55F6B9}"
EndProject
Project("{8BC9CEB8-8B4A-11D0-8D11-00A0C91BC942}") = "sample_util", "3rdparty\angle\samples\sample_util.vcxproj", "{40A1229C-43E3-9BDF-4631-09FCBCBA9924}"
EndProject
Project("{8BC9CEB8-8B4A-11D0-8D11-00A0C91BC942}") = "angle_util", "3rdparty\angle\util\angle_util.vcxproj", "{9767C383-B58A-AB1E-4713-CF8FC5BA2B7E}"
EndProject
Project("{8BC9CEB8-8B4A-11D0-8D11-00A0C91BC942}") = "file", "file\file.vcxproj", "{499E20AA-8C6A-4235-A383-4E6D4C5E6AFF}"
EndProject
Project("{8BC9CEB8-8B4A-11D0-8D11-00A0C91BC942}") = "test_core", "apps\test_core\test_core.vcxproj", "{EBD0A49D-12C3-44FC-9C69-2751125BA92C}"
EndProject
Project("{8BC9CEB8-8B4A-11D0-8D11-00A0C91BC942}") = "test_win32app", "apps\test_win32app\test_win32app.vcxproj", "{476AF296-28E8-4CA1-94E5-BD02FCF9F7A1}"
EndProject
Project("{2150E333-8FDC-42A3-9474-1A3956D46DE8}") = "3rdparty", "3rdparty", "{84B9E53F-704C-4892-B718-EF1321217A22}"
EndProject
Project("{2150E333-8FDC-42A3-9474-1A3956D46DE8}") = "apps", "apps", "{522D351D-0C5D-40A1-A856-3C94167BA347}"
EndProject
Project("{8BC9CEB8-8B4A-11D0-8D11-00A0C91BC942}") = "win32_console_app", "apps\console_app\console_app.vcxproj", "{6983C2F4-F136-43EC-9FA1-647664EE5CF7}"
EndProject
Project("{8BC9CEB8-8B4A-11D0-8D11-00A0C91BC942}") = "win32app", "apps\win32app\win32app.vcxproj", "{781AE07D-7E07-4A6A-8FB2-A981B866C8E5}"
EndProject
Project("{8BC9CEB8-8B4A-11D0-8D11-00A0C91BC942}") = "test_file", "apps\test_file\test_file.vcxproj", "{C00F821B-011C-4C2F-8BED-E9848A024A79}"
EndProject
Project("{2150E333-8FDC-42A3-9474-1A3956D46DE8}") = "samples", "samples", "{4D08DCAA-04C6-46EE-84B4-ED06C9FB87B9}"
EndProject
Project("{8BC9CEB8-8B4A-11D0-8D11-00A0C91BC942}") = "simple_texture_2d", "3rdparty\angle\samples\simple_texture_2d.vcxproj", "{B78CD201-9348-EB6A-8D4D-0C327F80DA8B}"
EndProject
Project("{8BC9CEB8-8B4A-11D0-8D11-00A0C91BC942}") = "multi_texture", "3rdparty\angle\samples\multi_texture.vcxproj", "{8542F0DD-960F-568F-4A42-29BE80FE20EC}"
EndProject
Project("{2150E333-8FDC-42A3-9474-1A3956D46DE8}") = "tools", "tools", "{9CA27627-35CA-4C7A-9505-4F9A32948406}"
EndProject
Project("{8BC9CEB8-8B4A-11D0-8D11-00A0C91BC942}") = "relpathshrink", "apps\tools\relpathshrink\relpathshrink.vcxproj", "{511B29C1-FC02-4D04-AA5C-BF8BDF41EEC0}"
EndProject
Project("{8BC9CEB8-8B4A-11D0-8D11-00A0C91BC942}") = "zlib", "3rdparty\zlib\contrib\vstudio\vc16\zlib.vcxproj", "{8FD826F8-3739-44E6-8CC8-997122E53B8D}"
EndProject
Project("{8BC9CEB8-8B4A-11D0-8D11-00A0C91BC942}") = "test_anima", "apps\test_anima\test_anima.vcxproj", "{849D6AB5-9713-E302-D4B5-C6E1DA8F3ABF}"
EndProject
Project("{8BC9CEB8-8B4A-11D0-8D11-00A0C91BC942}") = "test_texture", "apps\test_texture\test_texture.vcxproj", "{374CFD70-F327-40F0-9763-DE99BD27EE3A}"
EndProject
Project("{8BC9CEB8-8B4A-11D0-8D11-00A0C91BC942}") = "libspng", "3rdparty\libspng\libspng.vcxproj", "{D24003C4-41BD-48E6-AE88-C076F95B61DE}"
EndProject
Project("{8BC9CEB8-8B4A-11D0-8D11-00A0C91BC942}") = "image", "image\image.vcxproj", "{730D00F2-56BF-4F42-8055-A1517B0214C4}"
EndProject
Project("{8BC9CEB8-8B4A-11D0-8D11-00A0C91BC942}") = "display", "display\display.vcxproj", "{F2D39E92-1869-4CE0-85B7-88A93D85EEC4}"
EndProject
Project("{8BC9CEB8-8B4A-11D0-8D11-00A0C91BC942}") = "utility", "apps\utility\utility.vcxproj", "{1E3A33E9-C894-4513-B5E9-E2913F86F0E6}"
EndProject
Global
	GlobalSection(SolutionConfigurationPlatforms) = preSolution
		Debug|x64 = Debug|x64
		Debug|x86 = Debug|x86
		Release|x64 = Release|x64
		Release|x86 = Release|x86
		ReleaseWithoutAsm|x64 = ReleaseWithoutAsm|x64
		ReleaseWithoutAsm|x86 = ReleaseWithoutAsm|x86
	EndGlobalSection
	GlobalSection(ProjectConfigurationPlatforms) = postSolution
		{7EB300C8-1650-4460-A843-AC9057C45978}.Debug|x64.ActiveCfg = Debug|x64
		{7EB300C8-1650-4460-A843-AC9057C45978}.Debug|x64.Build.0 = Debug|x64
		{7EB300C8-1650-4460-A843-AC9057C45978}.Debug|x86.ActiveCfg = Debug|Win32
		{7EB300C8-1650-4460-A843-AC9057C45978}.Debug|x86.Build.0 = Debug|Win32
		{7EB300C8-1650-4460-A843-AC9057C45978}.Release|x64.ActiveCfg = Release|x64
		{7EB300C8-1650-4460-A843-AC9057C45978}.Release|x64.Build.0 = Release|x64
		{7EB300C8-1650-4460-A843-AC9057C45978}.Release|x86.ActiveCfg = Release|Win32
		{7EB300C8-1650-4460-A843-AC9057C45978}.Release|x86.Build.0 = Release|Win32
		{7EB300C8-1650-4460-A843-AC9057C45978}.ReleaseWithoutAsm|x64.ActiveCfg = Release|x64
		{7EB300C8-1650-4460-A843-AC9057C45978}.ReleaseWithoutAsm|x64.Build.0 = Release|x64
		{7EB300C8-1650-4460-A843-AC9057C45978}.ReleaseWithoutAsm|x86.ActiveCfg = Release|Win32
		{7EB300C8-1650-4460-A843-AC9057C45978}.ReleaseWithoutAsm|x86.Build.0 = Release|Win32
		{7AB4B0C9-D974-3A65-ED87-61816B6917CB}.Debug|x64.ActiveCfg = Debug|x64
		{7AB4B0C9-D974-3A65-ED87-61816B6917CB}.Debug|x64.Build.0 = Debug|x64
		{7AB4B0C9-D974-3A65-ED87-61816B6917CB}.Debug|x86.ActiveCfg = Debug|Win32
		{7AB4B0C9-D974-3A65-ED87-61816B6917CB}.Debug|x86.Build.0 = Debug|Win32
		{7AB4B0C9-D974-3A65-ED87-61816B6917CB}.Release|x64.ActiveCfg = Release|x64
		{7AB4B0C9-D974-3A65-ED87-61816B6917CB}.Release|x64.Build.0 = Release|x64
		{7AB4B0C9-D974-3A65-ED87-61816B6917CB}.Release|x86.ActiveCfg = Release|Win32
		{7AB4B0C9-D974-3A65-ED87-61816B6917CB}.Release|x86.Build.0 = Release|Win32
		{7AB4B0C9-D974-3A65-ED87-61816B6917CB}.ReleaseWithoutAsm|x64.ActiveCfg = Release|x64
		{7AB4B0C9-D974-3A65-ED87-61816B6917CB}.ReleaseWithoutAsm|x64.Build.0 = Release|x64
		{7AB4B0C9-D974-3A65-ED87-61816B6917CB}.ReleaseWithoutAsm|x86.ActiveCfg = Release|Win32
		{7AB4B0C9-D974-3A65-ED87-61816B6917CB}.ReleaseWithoutAsm|x86.Build.0 = Release|Win32
		{777AC703-C49D-E67C-F2EA-2BEDE272A25F}.Debug|x64.ActiveCfg = Debug|x64
		{777AC703-C49D-E67C-F2EA-2BEDE272A25F}.Debug|x64.Build.0 = Debug|x64
		{777AC703-C49D-E67C-F2EA-2BEDE272A25F}.Debug|x86.ActiveCfg = Debug|x64
		{777AC703-C49D-E67C-F2EA-2BEDE272A25F}.Release|x64.ActiveCfg = Release|x64
		{777AC703-C49D-E67C-F2EA-2BEDE272A25F}.Release|x64.Build.0 = Release|x64
		{777AC703-C49D-E67C-F2EA-2BEDE272A25F}.Release|x86.ActiveCfg = Release|x64
		{777AC703-C49D-E67C-F2EA-2BEDE272A25F}.ReleaseWithoutAsm|x64.ActiveCfg = Release|x64
		{777AC703-C49D-E67C-F2EA-2BEDE272A25F}.ReleaseWithoutAsm|x64.Build.0 = Release|x64
		{777AC703-C49D-E67C-F2EA-2BEDE272A25F}.ReleaseWithoutAsm|x86.ActiveCfg = Release|x64
		{777AC703-C49D-E67C-F2EA-2BEDE272A25F}.ReleaseWithoutAsm|x86.Build.0 = Release|x64
		{D5D676ED-C189-2A6B-8DE3-F4CA6175550F}.Debug|x64.ActiveCfg = Debug|x64
		{D5D676ED-C189-2A6B-8DE3-F4CA6175550F}.Debug|x64.Build.0 = Debug|x64
		{D5D676ED-C189-2A6B-8DE3-F4CA6175550F}.Debug|x86.ActiveCfg = Debug|x64
		{D5D676ED-C189-2A6B-8DE3-F4CA6175550F}.Release|x64.ActiveCfg = Release|x64
		{D5D676ED-C189-2A6B-8DE3-F4CA6175550F}.Release|x64.Build.0 = Release|x64
		{D5D676ED-C189-2A6B-8DE3-F4CA6175550F}.Release|x86.ActiveCfg = Release|x64
		{D5D676ED-C189-2A6B-8DE3-F4CA6175550F}.ReleaseWithoutAsm|x64.ActiveCfg = Release|x64
		{D5D676ED-C189-2A6B-8DE3-F4CA6175550F}.ReleaseWithoutAsm|x64.Build.0 = Release|x64
		{D5D676ED-C189-2A6B-8DE3-F4CA6175550F}.ReleaseWithoutAsm|x86.ActiveCfg = Release|x64
		{D5D676ED-C189-2A6B-8DE3-F4CA6175550F}.ReleaseWithoutAsm|x86.Build.0 = Release|x64
		{D51F95B2-D343-6B88-7902-C392ACC99260}.Debug|x64.ActiveCfg = Debug|x64
		{D51F95B2-D343-6B88-7902-C392ACC99260}.Debug|x64.Build.0 = Debug|x64
		{D51F95B2-D343-6B88-7902-C392ACC99260}.Debug|x86.ActiveCfg = Debug|x64
		{D51F95B2-D343-6B88-7902-C392ACC99260}.Release|x64.ActiveCfg = Release|x64
		{D51F95B2-D343-6B88-7902-C392ACC99260}.Release|x64.Build.0 = Release|x64
		{D51F95B2-D343-6B88-7902-C392ACC99260}.Release|x86.ActiveCfg = Release|x64
		{D51F95B2-D343-6B88-7902-C392ACC99260}.ReleaseWithoutAsm|x64.ActiveCfg = Release|x64
		{D51F95B2-D343-6B88-7902-C392ACC99260}.ReleaseWithoutAsm|x64.Build.0 = Release|x64
		{D51F95B2-D343-6B88-7902-C392ACC99260}.ReleaseWithoutAsm|x86.ActiveCfg = Release|x64
		{D51F95B2-D343-6B88-7902-C392ACC99260}.ReleaseWithoutAsm|x86.Build.0 = Release|x64
		{7642CFD5-F187-3E3F-F8FF-859949B9F13E}.Debug|x64.ActiveCfg = Debug|x64
		{7642CFD5-F187-3E3F-F8FF-859949B9F13E}.Debug|x64.Build.0 = Debug|x64
		{7642CFD5-F187-3E3F-F8FF-859949B9F13E}.Debug|x86.ActiveCfg = Debug|Win32
		{7642CFD5-F187-3E3F-F8FF-859949B9F13E}.Debug|x86.Build.0 = Debug|Win32
		{7642CFD5-F187-3E3F-F8FF-859949B9F13E}.Release|x64.ActiveCfg = Release|x64
		{7642CFD5-F187-3E3F-F8FF-859949B9F13E}.Release|x64.Build.0 = Release|x64
		{7642CFD5-F187-3E3F-F8FF-859949B9F13E}.Release|x86.ActiveCfg = Release|Win32
		{7642CFD5-F187-3E3F-F8FF-859949B9F13E}.Release|x86.Build.0 = Release|Win32
		{7642CFD5-F187-3E3F-F8FF-859949B9F13E}.ReleaseWithoutAsm|x64.ActiveCfg = Release|x64
		{7642CFD5-F187-3E3F-F8FF-859949B9F13E}.ReleaseWithoutAsm|x64.Build.0 = Release|x64
		{7642CFD5-F187-3E3F-F8FF-859949B9F13E}.ReleaseWithoutAsm|x86.ActiveCfg = Release|Win32
		{7642CFD5-F187-3E3F-F8FF-859949B9F13E}.ReleaseWithoutAsm|x86.Build.0 = Release|Win32
		{6AC42CF5-8088-F4BE-7C3D-1BD1BD440FCC}.Debug|x64.ActiveCfg = Debug|x64
		{6AC42CF5-8088-F4BE-7C3D-1BD1BD440FCC}.Debug|x64.Build.0 = Debug|x64
		{6AC42CF5-8088-F4BE-7C3D-1BD1BD440FCC}.Debug|x86.ActiveCfg = Debug|Win32
		{6AC42CF5-8088-F4BE-7C3D-1BD1BD440FCC}.Debug|x86.Build.0 = Debug|Win32
		{6AC42CF5-8088-F4BE-7C3D-1BD1BD440FCC}.Release|x64.ActiveCfg = Release|x64
		{6AC42CF5-8088-F4BE-7C3D-1BD1BD440FCC}.Release|x64.Build.0 = Release|x64
		{6AC42CF5-8088-F4BE-7C3D-1BD1BD440FCC}.Release|x86.ActiveCfg = Release|Win32
		{6AC42CF5-8088-F4BE-7C3D-1BD1BD440FCC}.Release|x86.Build.0 = Release|Win32
		{6AC42CF5-8088-F4BE-7C3D-1BD1BD440FCC}.ReleaseWithoutAsm|x64.ActiveCfg = Release|x64
		{6AC42CF5-8088-F4BE-7C3D-1BD1BD440FCC}.ReleaseWithoutAsm|x64.Build.0 = Release|x64
		{6AC42CF5-8088-F4BE-7C3D-1BD1BD440FCC}.ReleaseWithoutAsm|x86.ActiveCfg = Release|Win32
		{6AC42CF5-8088-F4BE-7C3D-1BD1BD440FCC}.ReleaseWithoutAsm|x86.Build.0 = Release|Win32
		{2C440506-61D0-D32C-EB09-EE8639551197}.Debug|x64.ActiveCfg = Debug|x64
		{2C440506-61D0-D32C-EB09-EE8639551197}.Debug|x64.Build.0 = Debug|x64
		{2C440506-61D0-D32C-EB09-EE8639551197}.Debug|x86.ActiveCfg = Debug|Win32
		{2C440506-61D0-D32C-EB09-EE8639551197}.Debug|x86.Build.0 = Debug|Win32
		{2C440506-61D0-D32C-EB09-EE8639551197}.Release|x64.ActiveCfg = Release|x64
		{2C440506-61D0-D32C-EB09-EE8639551197}.Release|x64.Build.0 = Release|x64
		{2C440506-61D0-D32C-EB09-EE8639551197}.Release|x86.ActiveCfg = Release|Win32
		{2C440506-61D0-D32C-EB09-EE8639551197}.Release|x86.Build.0 = Release|Win32
		{2C440506-61D0-D32C-EB09-EE8639551197}.ReleaseWithoutAsm|x64.ActiveCfg = Release|x64
		{2C440506-61D0-D32C-EB09-EE8639551197}.ReleaseWithoutAsm|x64.Build.0 = Release|x64
		{2C440506-61D0-D32C-EB09-EE8639551197}.ReleaseWithoutAsm|x86.ActiveCfg = Release|Win32
		{2C440506-61D0-D32C-EB09-EE8639551197}.ReleaseWithoutAsm|x86.Build.0 = Release|Win32
		{FA592B99-A032-6FBC-4F31-3E45774A1EDA}.Debug|x64.ActiveCfg = Debug|x64
		{FA592B99-A032-6FBC-4F31-3E45774A1EDA}.Debug|x64.Build.0 = Debug|x64
		{FA592B99-A032-6FBC-4F31-3E45774A1EDA}.Debug|x86.ActiveCfg = Debug|Win32
		{FA592B99-A032-6FBC-4F31-3E45774A1EDA}.Debug|x86.Build.0 = Debug|Win32
		{FA592B99-A032-6FBC-4F31-3E45774A1EDA}.Release|x64.ActiveCfg = Release|x64
		{FA592B99-A032-6FBC-4F31-3E45774A1EDA}.Release|x64.Build.0 = Release|x64
		{FA592B99-A032-6FBC-4F31-3E45774A1EDA}.Release|x86.ActiveCfg = Release|Win32
		{FA592B99-A032-6FBC-4F31-3E45774A1EDA}.Release|x86.Build.0 = Release|Win32
		{FA592B99-A032-6FBC-4F31-3E45774A1EDA}.ReleaseWithoutAsm|x64.ActiveCfg = Release|x64
		{FA592B99-A032-6FBC-4F31-3E45774A1EDA}.ReleaseWithoutAsm|x64.Build.0 = Release|x64
		{FA592B99-A032-6FBC-4F31-3E45774A1EDA}.ReleaseWithoutAsm|x86.ActiveCfg = Release|Win32
		{FA592B99-A032-6FBC-4F31-3E45774A1EDA}.ReleaseWithoutAsm|x86.Build.0 = Release|Win32
		{F8129B11-63B2-4478-B3CC-9A188B55F6B9}.Debug|x64.ActiveCfg = Debug|x64
		{F8129B11-63B2-4478-B3CC-9A188B55F6B9}.Debug|x64.Build.0 = Debug|x64
		{F8129B11-63B2-4478-B3CC-9A188B55F6B9}.Debug|x86.ActiveCfg = Debug|Win32
		{F8129B11-63B2-4478-B3CC-9A188B55F6B9}.Debug|x86.Build.0 = Debug|Win32
		{F8129B11-63B2-4478-B3CC-9A188B55F6B9}.Release|x64.ActiveCfg = Release|x64
		{F8129B11-63B2-4478-B3CC-9A188B55F6B9}.Release|x64.Build.0 = Release|x64
		{F8129B11-63B2-4478-B3CC-9A188B55F6B9}.Release|x86.ActiveCfg = Release|Win32
		{F8129B11-63B2-4478-B3CC-9A188B55F6B9}.Release|x86.Build.0 = Release|Win32
		{F8129B11-63B2-4478-B3CC-9A188B55F6B9}.ReleaseWithoutAsm|x64.ActiveCfg = Release|x64
		{F8129B11-63B2-4478-B3CC-9A188B55F6B9}.ReleaseWithoutAsm|x64.Build.0 = Release|x64
		{F8129B11-63B2-4478-B3CC-9A188B55F6B9}.ReleaseWithoutAsm|x86.ActiveCfg = Release|Win32
		{F8129B11-63B2-4478-B3CC-9A188B55F6B9}.ReleaseWithoutAsm|x86.Build.0 = Release|Win32
		{40A1229C-43E3-9BDF-4631-09FCBCBA9924}.Debug|x64.ActiveCfg = Debug|x64
		{40A1229C-43E3-9BDF-4631-09FCBCBA9924}.Debug|x64.Build.0 = Debug|x64
		{40A1229C-43E3-9BDF-4631-09FCBCBA9924}.Debug|x86.ActiveCfg = Debug|Win32
		{40A1229C-43E3-9BDF-4631-09FCBCBA9924}.Debug|x86.Build.0 = Debug|Win32
		{40A1229C-43E3-9BDF-4631-09FCBCBA9924}.Release|x64.ActiveCfg = Release|x64
		{40A1229C-43E3-9BDF-4631-09FCBCBA9924}.Release|x64.Build.0 = Release|x64
		{40A1229C-43E3-9BDF-4631-09FCBCBA9924}.Release|x86.ActiveCfg = Release|Win32
		{40A1229C-43E3-9BDF-4631-09FCBCBA9924}.Release|x86.Build.0 = Release|Win32
		{40A1229C-43E3-9BDF-4631-09FCBCBA9924}.ReleaseWithoutAsm|x64.ActiveCfg = Release|x64
		{40A1229C-43E3-9BDF-4631-09FCBCBA9924}.ReleaseWithoutAsm|x64.Build.0 = Release|x64
		{40A1229C-43E3-9BDF-4631-09FCBCBA9924}.ReleaseWithoutAsm|x86.ActiveCfg = Release|Win32
		{40A1229C-43E3-9BDF-4631-09FCBCBA9924}.ReleaseWithoutAsm|x86.Build.0 = Release|Win32
		{9767C383-B58A-AB1E-4713-CF8FC5BA2B7E}.Debug|x64.ActiveCfg = Debug|x64
		{9767C383-B58A-AB1E-4713-CF8FC5BA2B7E}.Debug|x64.Build.0 = Debug|x64
		{9767C383-B58A-AB1E-4713-CF8FC5BA2B7E}.Debug|x86.ActiveCfg = Debug|Win32
		{9767C383-B58A-AB1E-4713-CF8FC5BA2B7E}.Debug|x86.Build.0 = Debug|Win32
		{9767C383-B58A-AB1E-4713-CF8FC5BA2B7E}.Release|x64.ActiveCfg = Release|x64
		{9767C383-B58A-AB1E-4713-CF8FC5BA2B7E}.Release|x64.Build.0 = Release|x64
		{9767C383-B58A-AB1E-4713-CF8FC5BA2B7E}.Release|x86.ActiveCfg = Release|Win32
		{9767C383-B58A-AB1E-4713-CF8FC5BA2B7E}.Release|x86.Build.0 = Release|Win32
		{9767C383-B58A-AB1E-4713-CF8FC5BA2B7E}.ReleaseWithoutAsm|x64.ActiveCfg = Release|x64
		{9767C383-B58A-AB1E-4713-CF8FC5BA2B7E}.ReleaseWithoutAsm|x64.Build.0 = Release|x64
		{9767C383-B58A-AB1E-4713-CF8FC5BA2B7E}.ReleaseWithoutAsm|x86.ActiveCfg = Release|Win32
		{9767C383-B58A-AB1E-4713-CF8FC5BA2B7E}.ReleaseWithoutAsm|x86.Build.0 = Release|Win32
		{499E20AA-8C6A-4235-A383-4E6D4C5E6AFF}.Debug|x64.ActiveCfg = Debug|x64
		{499E20AA-8C6A-4235-A383-4E6D4C5E6AFF}.Debug|x64.Build.0 = Debug|x64
		{499E20AA-8C6A-4235-A383-4E6D4C5E6AFF}.Debug|x86.ActiveCfg = Debug|x64
		{499E20AA-8C6A-4235-A383-4E6D4C5E6AFF}.Release|x64.ActiveCfg = Release|x64
		{499E20AA-8C6A-4235-A383-4E6D4C5E6AFF}.Release|x64.Build.0 = Release|x64
		{499E20AA-8C6A-4235-A383-4E6D4C5E6AFF}.Release|x86.ActiveCfg = Release|x64
		{499E20AA-8C6A-4235-A383-4E6D4C5E6AFF}.ReleaseWithoutAsm|x64.ActiveCfg = Release|x64
		{499E20AA-8C6A-4235-A383-4E6D4C5E6AFF}.ReleaseWithoutAsm|x64.Build.0 = Release|x64
		{499E20AA-8C6A-4235-A383-4E6D4C5E6AFF}.ReleaseWithoutAsm|x86.ActiveCfg = Release|x64
		{499E20AA-8C6A-4235-A383-4E6D4C5E6AFF}.ReleaseWithoutAsm|x86.Build.0 = Release|x64
		{EBD0A49D-12C3-44FC-9C69-2751125BA92C}.Debug|x64.ActiveCfg = Debug|x64
		{EBD0A49D-12C3-44FC-9C69-2751125BA92C}.Debug|x64.Build.0 = Debug|x64
		{EBD0A49D-12C3-44FC-9C69-2751125BA92C}.Debug|x86.ActiveCfg = Debug|x64
		{EBD0A49D-12C3-44FC-9C69-2751125BA92C}.Release|x64.ActiveCfg = Release|x64
		{EBD0A49D-12C3-44FC-9C69-2751125BA92C}.Release|x64.Build.0 = Release|x64
		{EBD0A49D-12C3-44FC-9C69-2751125BA92C}.Release|x86.ActiveCfg = Release|x64
		{EBD0A49D-12C3-44FC-9C69-2751125BA92C}.ReleaseWithoutAsm|x64.ActiveCfg = Release|x64
		{EBD0A49D-12C3-44FC-9C69-2751125BA92C}.ReleaseWithoutAsm|x64.Build.0 = Release|x64
		{EBD0A49D-12C3-44FC-9C69-2751125BA92C}.ReleaseWithoutAsm|x86.ActiveCfg = Release|x64
		{EBD0A49D-12C3-44FC-9C69-2751125BA92C}.ReleaseWithoutAsm|x86.Build.0 = Release|x64
		{476AF296-28E8-4CA1-94E5-BD02FCF9F7A1}.Debug|x64.ActiveCfg = Debug|x64
		{476AF296-28E8-4CA1-94E5-BD02FCF9F7A1}.Debug|x64.Build.0 = Debug|x64
		{476AF296-28E8-4CA1-94E5-BD02FCF9F7A1}.Debug|x86.ActiveCfg = Debug|x64
		{476AF296-28E8-4CA1-94E5-BD02FCF9F7A1}.Release|x64.ActiveCfg = Release|x64
		{476AF296-28E8-4CA1-94E5-BD02FCF9F7A1}.Release|x64.Build.0 = Release|x64
		{476AF296-28E8-4CA1-94E5-BD02FCF9F7A1}.Release|x86.ActiveCfg = Release|x64
		{476AF296-28E8-4CA1-94E5-BD02FCF9F7A1}.ReleaseWithoutAsm|x64.ActiveCfg = Release|x64
		{476AF296-28E8-4CA1-94E5-BD02FCF9F7A1}.ReleaseWithoutAsm|x64.Build.0 = Release|x64
		{476AF296-28E8-4CA1-94E5-BD02FCF9F7A1}.ReleaseWithoutAsm|x86.ActiveCfg = Release|x64
		{476AF296-28E8-4CA1-94E5-BD02FCF9F7A1}.ReleaseWithoutAsm|x86.Build.0 = Release|x64
		{6983C2F4-F136-43EC-9FA1-647664EE5CF7}.Debug|x64.ActiveCfg = Debug|x64
		{6983C2F4-F136-43EC-9FA1-647664EE5CF7}.Debug|x64.Build.0 = Debug|x64
		{6983C2F4-F136-43EC-9FA1-647664EE5CF7}.Debug|x86.ActiveCfg = Debug|Win32
		{6983C2F4-F136-43EC-9FA1-647664EE5CF7}.Debug|x86.Build.0 = Debug|Win32
		{6983C2F4-F136-43EC-9FA1-647664EE5CF7}.Release|x64.ActiveCfg = Release|x64
		{6983C2F4-F136-43EC-9FA1-647664EE5CF7}.Release|x64.Build.0 = Release|x64
		{6983C2F4-F136-43EC-9FA1-647664EE5CF7}.Release|x86.ActiveCfg = Release|Win32
		{6983C2F4-F136-43EC-9FA1-647664EE5CF7}.Release|x86.Build.0 = Release|Win32
		{6983C2F4-F136-43EC-9FA1-647664EE5CF7}.ReleaseWithoutAsm|x64.ActiveCfg = Release|x64
		{6983C2F4-F136-43EC-9FA1-647664EE5CF7}.ReleaseWithoutAsm|x64.Build.0 = Release|x64
		{6983C2F4-F136-43EC-9FA1-647664EE5CF7}.ReleaseWithoutAsm|x86.ActiveCfg = Release|Win32
		{6983C2F4-F136-43EC-9FA1-647664EE5CF7}.ReleaseWithoutAsm|x86.Build.0 = Release|Win32
		{781AE07D-7E07-4A6A-8FB2-A981B866C8E5}.Debug|x64.ActiveCfg = Debug|x64
		{781AE07D-7E07-4A6A-8FB2-A981B866C8E5}.Debug|x64.Build.0 = Debug|x64
		{781AE07D-7E07-4A6A-8FB2-A981B866C8E5}.Debug|x86.ActiveCfg = Debug|Win32
		{781AE07D-7E07-4A6A-8FB2-A981B866C8E5}.Debug|x86.Build.0 = Debug|Win32
		{781AE07D-7E07-4A6A-8FB2-A981B866C8E5}.Release|x64.ActiveCfg = Release|x64
		{781AE07D-7E07-4A6A-8FB2-A981B866C8E5}.Release|x64.Build.0 = Release|x64
		{781AE07D-7E07-4A6A-8FB2-A981B866C8E5}.Release|x86.ActiveCfg = Release|Win32
		{781AE07D-7E07-4A6A-8FB2-A981B866C8E5}.Release|x86.Build.0 = Release|Win32
		{781AE07D-7E07-4A6A-8FB2-A981B866C8E5}.ReleaseWithoutAsm|x64.ActiveCfg = Release|x64
		{781AE07D-7E07-4A6A-8FB2-A981B866C8E5}.ReleaseWithoutAsm|x64.Build.0 = Release|x64
		{781AE07D-7E07-4A6A-8FB2-A981B866C8E5}.ReleaseWithoutAsm|x86.ActiveCfg = Release|Win32
		{781AE07D-7E07-4A6A-8FB2-A981B866C8E5}.ReleaseWithoutAsm|x86.Build.0 = Release|Win32
		{C00F821B-011C-4C2F-8BED-E9848A024A79}.Debug|x64.ActiveCfg = Debug|x64
		{C00F821B-011C-4C2F-8BED-E9848A024A79}.Debug|x64.Build.0 = Debug|x64
		{C00F821B-011C-4C2F-8BED-E9848A024A79}.Debug|x86.ActiveCfg = Debug|x64
		{C00F821B-011C-4C2F-8BED-E9848A024A79}.Release|x64.ActiveCfg = Release|x64
		{C00F821B-011C-4C2F-8BED-E9848A024A79}.Release|x64.Build.0 = Release|x64
		{C00F821B-011C-4C2F-8BED-E9848A024A79}.Release|x86.ActiveCfg = Release|x64
		{C00F821B-011C-4C2F-8BED-E9848A024A79}.ReleaseWithoutAsm|x64.ActiveCfg = Release|x64
		{C00F821B-011C-4C2F-8BED-E9848A024A79}.ReleaseWithoutAsm|x64.Build.0 = Release|x64
		{C00F821B-011C-4C2F-8BED-E9848A024A79}.ReleaseWithoutAsm|x86.ActiveCfg = Release|x64
		{C00F821B-011C-4C2F-8BED-E9848A024A79}.ReleaseWithoutAsm|x86.Build.0 = Release|x64
		{B78CD201-9348-EB6A-8D4D-0C327F80DA8B}.Debug|x64.ActiveCfg = Debug|x64
		{B78CD201-9348-EB6A-8D4D-0C327F80DA8B}.Debug|x64.Build.0 = Debug|x64
		{B78CD201-9348-EB6A-8D4D-0C327F80DA8B}.Debug|x86.ActiveCfg = Debug|x64
		{B78CD201-9348-EB6A-8D4D-0C327F80DA8B}.Release|x64.ActiveCfg = Release|x64
		{B78CD201-9348-EB6A-8D4D-0C327F80DA8B}.Release|x64.Build.0 = Release|x64
		{B78CD201-9348-EB6A-8D4D-0C327F80DA8B}.Release|x86.ActiveCfg = Release|x64
		{B78CD201-9348-EB6A-8D4D-0C327F80DA8B}.ReleaseWithoutAsm|x64.ActiveCfg = Release|x64
		{B78CD201-9348-EB6A-8D4D-0C327F80DA8B}.ReleaseWithoutAsm|x64.Build.0 = Release|x64
		{B78CD201-9348-EB6A-8D4D-0C327F80DA8B}.ReleaseWithoutAsm|x86.ActiveCfg = Release|x64
		{B78CD201-9348-EB6A-8D4D-0C327F80DA8B}.ReleaseWithoutAsm|x86.Build.0 = Release|x64
		{8542F0DD-960F-568F-4A42-29BE80FE20EC}.Debug|x64.ActiveCfg = Debug|x64
		{8542F0DD-960F-568F-4A42-29BE80FE20EC}.Debug|x64.Build.0 = Debug|x64
		{8542F0DD-960F-568F-4A42-29BE80FE20EC}.Debug|x86.ActiveCfg = Debug|Win32
		{8542F0DD-960F-568F-4A42-29BE80FE20EC}.Debug|x86.Build.0 = Debug|Win32
		{8542F0DD-960F-568F-4A42-29BE80FE20EC}.Release|x64.ActiveCfg = Release|x64
		{8542F0DD-960F-568F-4A42-29BE80FE20EC}.Release|x64.Build.0 = Release|x64
		{8542F0DD-960F-568F-4A42-29BE80FE20EC}.Release|x86.ActiveCfg = Release|Win32
		{8542F0DD-960F-568F-4A42-29BE80FE20EC}.Release|x86.Build.0 = Release|Win32
		{8542F0DD-960F-568F-4A42-29BE80FE20EC}.ReleaseWithoutAsm|x64.ActiveCfg = Release|x64
		{8542F0DD-960F-568F-4A42-29BE80FE20EC}.ReleaseWithoutAsm|x64.Build.0 = Release|x64
		{8542F0DD-960F-568F-4A42-29BE80FE20EC}.ReleaseWithoutAsm|x86.ActiveCfg = Release|Win32
		{8542F0DD-960F-568F-4A42-29BE80FE20EC}.ReleaseWithoutAsm|x86.Build.0 = Release|Win32
		{511B29C1-FC02-4D04-AA5C-BF8BDF41EEC0}.Debug|x64.ActiveCfg = Debug|x64
		{511B29C1-FC02-4D04-AA5C-BF8BDF41EEC0}.Debug|x64.Build.0 = Debug|x64
		{511B29C1-FC02-4D04-AA5C-BF8BDF41EEC0}.Debug|x86.ActiveCfg = Debug|x64
		{511B29C1-FC02-4D04-AA5C-BF8BDF41EEC0}.Release|x64.ActiveCfg = Release|x64
		{511B29C1-FC02-4D04-AA5C-BF8BDF41EEC0}.Release|x64.Build.0 = Release|x64
		{511B29C1-FC02-4D04-AA5C-BF8BDF41EEC0}.Release|x86.ActiveCfg = Release|x64
		{511B29C1-FC02-4D04-AA5C-BF8BDF41EEC0}.ReleaseWithoutAsm|x64.ActiveCfg = Release|x64
		{511B29C1-FC02-4D04-AA5C-BF8BDF41EEC0}.ReleaseWithoutAsm|x64.Build.0 = Release|x64
		{511B29C1-FC02-4D04-AA5C-BF8BDF41EEC0}.ReleaseWithoutAsm|x86.ActiveCfg = Release|x64
		{511B29C1-FC02-4D04-AA5C-BF8BDF41EEC0}.ReleaseWithoutAsm|x86.Build.0 = Release|x64
		{8FD826F8-3739-44E6-8CC8-997122E53B8D}.Debug|x64.ActiveCfg = Debug|x64
		{8FD826F8-3739-44E6-8CC8-997122E53B8D}.Debug|x64.Build.0 = Debug|x64
		{8FD826F8-3739-44E6-8CC8-997122E53B8D}.Debug|x86.ActiveCfg = Debug|x64
		{8FD826F8-3739-44E6-8CC8-997122E53B8D}.Release|x64.ActiveCfg = Release|x64
		{8FD826F8-3739-44E6-8CC8-997122E53B8D}.Release|x64.Build.0 = Release|x64
		{8FD826F8-3739-44E6-8CC8-997122E53B8D}.Release|x86.ActiveCfg = Release|x64
		{8FD826F8-3739-44E6-8CC8-997122E53B8D}.ReleaseWithoutAsm|x64.ActiveCfg = Release|x64
		{8FD826F8-3739-44E6-8CC8-997122E53B8D}.ReleaseWithoutAsm|x64.Build.0 = Release|x64
		{8FD826F8-3739-44E6-8CC8-997122E53B8D}.ReleaseWithoutAsm|x86.ActiveCfg = Release|x64
		{8FD826F8-3739-44E6-8CC8-997122E53B8D}.ReleaseWithoutAsm|x86.Build.0 = Release|x64
		{849D6AB5-9713-E302-D4B5-C6E1DA8F3ABF}.Debug|x64.ActiveCfg = Debug|x64
		{849D6AB5-9713-E302-D4B5-C6E1DA8F3ABF}.Debug|x64.Build.0 = Debug|x64
		{849D6AB5-9713-E302-D4B5-C6E1DA8F3ABF}.Debug|x86.ActiveCfg = Debug|x64
		{849D6AB5-9713-E302-D4B5-C6E1DA8F3ABF}.Release|x64.ActiveCfg = Release|x64
		{849D6AB5-9713-E302-D4B5-C6E1DA8F3ABF}.Release|x64.Build.0 = Release|x64
		{849D6AB5-9713-E302-D4B5-C6E1DA8F3ABF}.Release|x86.ActiveCfg = Release|x64
		{849D6AB5-9713-E302-D4B5-C6E1DA8F3ABF}.ReleaseWithoutAsm|x64.ActiveCfg = Release|x64
		{849D6AB5-9713-E302-D4B5-C6E1DA8F3ABF}.ReleaseWithoutAsm|x64.Build.0 = Release|x64
		{849D6AB5-9713-E302-D4B5-C6E1DA8F3ABF}.ReleaseWithoutAsm|x86.ActiveCfg = Release|x64
		{849D6AB5-9713-E302-D4B5-C6E1DA8F3ABF}.ReleaseWithoutAsm|x86.Build.0 = Release|x64
		{374CFD70-F327-40F0-9763-DE99BD27EE3A}.Debug|x64.ActiveCfg = Debug|x64
		{374CFD70-F327-40F0-9763-DE99BD27EE3A}.Debug|x64.Build.0 = Debug|x64
		{374CFD70-F327-40F0-9763-DE99BD27EE3A}.Debug|x86.ActiveCfg = Debug|x64
		{374CFD70-F327-40F0-9763-DE99BD27EE3A}.Release|x64.ActiveCfg = Release|x64
		{374CFD70-F327-40F0-9763-DE99BD27EE3A}.Release|x64.Build.0 = Release|x64
		{374CFD70-F327-40F0-9763-DE99BD27EE3A}.Release|x86.ActiveCfg = Release|x64
		{374CFD70-F327-40F0-9763-DE99BD27EE3A}.ReleaseWithoutAsm|x64.ActiveCfg = Release|x64
		{374CFD70-F327-40F0-9763-DE99BD27EE3A}.ReleaseWithoutAsm|x64.Build.0 = Release|x64
		{374CFD70-F327-40F0-9763-DE99BD27EE3A}.ReleaseWithoutAsm|x86.ActiveCfg = Release|x64
		{374CFD70-F327-40F0-9763-DE99BD27EE3A}.ReleaseWithoutAsm|x86.Build.0 = Release|x64
		{D24003C4-41BD-48E6-AE88-C076F95B61DE}.Debug|x64.ActiveCfg = Debug|x64
		{D24003C4-41BD-48E6-AE88-C076F95B61DE}.Debug|x64.Build.0 = Debug|x64
		{D24003C4-41BD-48E6-AE88-C076F95B61DE}.Debug|x86.ActiveCfg = Debug|x64
		{D24003C4-41BD-48E6-AE88-C076F95B61DE}.Release|x64.ActiveCfg = Release|x64
		{D24003C4-41BD-48E6-AE88-C076F95B61DE}.Release|x64.Build.0 = Release|x64
		{D24003C4-41BD-48E6-AE88-C076F95B61DE}.Release|x86.ActiveCfg = Release|x64
		{D24003C4-41BD-48E6-AE88-C076F95B61DE}.ReleaseWithoutAsm|x64.ActiveCfg = Release|x64
		{D24003C4-41BD-48E6-AE88-C076F95B61DE}.ReleaseWithoutAsm|x64.Build.0 = Release|x64
		{D24003C4-41BD-48E6-AE88-C076F95B61DE}.ReleaseWithoutAsm|x86.ActiveCfg = Release|x64
		{D24003C4-41BD-48E6-AE88-C076F95B61DE}.ReleaseWithoutAsm|x86.Build.0 = Release|x64
		{730D00F2-56BF-4F42-8055-A1517B0214C4}.Debug|x64.ActiveCfg = Debug|x64
		{730D00F2-56BF-4F42-8055-A1517B0214C4}.Debug|x64.Build.0 = Debug|x64
		{730D00F2-56BF-4F42-8055-A1517B0214C4}.Debug|x86.ActiveCfg = Debug|Win32
		{730D00F2-56BF-4F42-8055-A1517B0214C4}.Debug|x86.Build.0 = Debug|Win32
		{730D00F2-56BF-4F42-8055-A1517B0214C4}.Release|x64.ActiveCfg = Release|x64
		{730D00F2-56BF-4F42-8055-A1517B0214C4}.Release|x64.Build.0 = Release|x64
		{730D00F2-56BF-4F42-8055-A1517B0214C4}.Release|x86.ActiveCfg = Release|Win32
		{730D00F2-56BF-4F42-8055-A1517B0214C4}.Release|x86.Build.0 = Release|Win32
		{730D00F2-56BF-4F42-8055-A1517B0214C4}.ReleaseWithoutAsm|x64.ActiveCfg = Release|x64
		{730D00F2-56BF-4F42-8055-A1517B0214C4}.ReleaseWithoutAsm|x64.Build.0 = Release|x64
		{730D00F2-56BF-4F42-8055-A1517B0214C4}.ReleaseWithoutAsm|x86.ActiveCfg = Release|Win32
		{730D00F2-56BF-4F42-8055-A1517B0214C4}.ReleaseWithoutAsm|x86.Build.0 = Release|Win32
		{F2D39E92-1869-4CE0-85B7-88A93D85EEC4}.Debug|x64.ActiveCfg = Debug|x64
		{F2D39E92-1869-4CE0-85B7-88A93D85EEC4}.Debug|x64.Build.0 = Debug|x64
		{F2D39E92-1869-4CE0-85B7-88A93D85EEC4}.Debug|x86.ActiveCfg = Debug|x64
		{F2D39E92-1869-4CE0-85B7-88A93D85EEC4}.Release|x64.ActiveCfg = Release|x64
		{F2D39E92-1869-4CE0-85B7-88A93D85EEC4}.Release|x64.Build.0 = Release|x64
		{F2D39E92-1869-4CE0-85B7-88A93D85EEC4}.Release|x86.ActiveCfg = Release|x64
		{F2D39E92-1869-4CE0-85B7-88A93D85EEC4}.ReleaseWithoutAsm|x64.ActiveCfg = Release|x64
		{F2D39E92-1869-4CE0-85B7-88A93D85EEC4}.ReleaseWithoutAsm|x64.Build.0 = Release|x64
		{F2D39E92-1869-4CE0-85B7-88A93D85EEC4}.ReleaseWithoutAsm|x86.ActiveCfg = Release|x64
		{F2D39E92-1869-4CE0-85B7-88A93D85EEC4}.ReleaseWithoutAsm|x86.Build.0 = Release|x64
		{1E3A33E9-C894-4513-B5E9-E2913F86F0E6}.Debug|x64.ActiveCfg = Debug|x64
		{1E3A33E9-C894-4513-B5E9-E2913F86F0E6}.Debug|x64.Build.0 = Debug|x64
		{1E3A33E9-C894-4513-B5E9-E2913F86F0E6}.Debug|x86.ActiveCfg = Debug|x64
		{1E3A33E9-C894-4513-B5E9-E2913F86F0E6}.Release|x64.ActiveCfg = Release|x64
		{1E3A33E9-C894-4513-B5E9-E2913F86F0E6}.Release|x64.Build.0 = Release|x64
		{1E3A33E9-C894-4513-B5E9-E2913F86F0E6}.Release|x86.ActiveCfg = Release|x64
		{1E3A33E9-C894-4513-B5E9-E2913F86F0E6}.ReleaseWithoutAsm|x64.ActiveCfg = Release|x64
		{1E3A33E9-C894-4513-B5E9-E2913F86F0E6}.ReleaseWithoutAsm|x64.Build.0 = Release|x64
		{1E3A33E9-C894-4513-B5E9-E2913F86F0E6}.ReleaseWithoutAsm|x86.ActiveCfg = Debug|x64
		{1E3A33E9-C894-4513-B5E9-E2913F86F0E6}.ReleaseWithoutAsm|x86.Build.0 = Debug|x64
	EndGlobalSection
	GlobalSection(SolutionProperties) = preSolution
		HideSolutionNode = FALSE
	EndGlobalSection
	GlobalSection(NestedProjects) = preSolution
		{2A9328DA-F4AC-454A-8E26-1AB15FE1966C} = {84B9E53F-704C-4892-B718-EF1321217A22}
		{7AB4B0C9-D974-3A65-ED87-61816B6917CB} = {2A9328DA-F4AC-454A-8E26-1AB15FE1966C}
		{777AC703-C49D-E67C-F2EA-2BEDE272A25F} = {2A9328DA-F4AC-454A-8E26-1AB15FE1966C}
		{D5D676ED-C189-2A6B-8DE3-F4CA6175550F} = {2A9328DA-F4AC-454A-8E26-1AB15FE1966C}
		{D51F95B2-D343-6B88-7902-C392ACC99260} = {2A9328DA-F4AC-454A-8E26-1AB15FE1966C}
		{7642CFD5-F187-3E3F-F8FF-859949B9F13E} = {2A9328DA-F4AC-454A-8E26-1AB15FE1966C}
		{6AC42CF5-8088-F4BE-7C3D-1BD1BD440FCC} = {2A9328DA-F4AC-454A-8E26-1AB15FE1966C}
		{2C440506-61D0-D32C-EB09-EE8639551197} = {2A9328DA-F4AC-454A-8E26-1AB15FE1966C}
		{FA592B99-A032-6FBC-4F31-3E45774A1EDA} = {2A9328DA-F4AC-454A-8E26-1AB15FE1966C}
		{F8129B11-63B2-4478-B3CC-9A188B55F6B9} = {4D08DCAA-04C6-46EE-84B4-ED06C9FB87B9}
		{40A1229C-43E3-9BDF-4631-09FCBCBA9924} = {2A9328DA-F4AC-454A-8E26-1AB15FE1966C}
		{9767C383-B58A-AB1E-4713-CF8FC5BA2B7E} = {2A9328DA-F4AC-454A-8E26-1AB15FE1966C}
		{EBD0A49D-12C3-44FC-9C69-2751125BA92C} = {522D351D-0C5D-40A1-A856-3C94167BA347}
		{476AF296-28E8-4CA1-94E5-BD02FCF9F7A1} = {522D351D-0C5D-40A1-A856-3C94167BA347}
		{6983C2F4-F136-43EC-9FA1-647664EE5CF7} = {522D351D-0C5D-40A1-A856-3C94167BA347}
		{781AE07D-7E07-4A6A-8FB2-A981B866C8E5} = {522D351D-0C5D-40A1-A856-3C94167BA347}
		{C00F821B-011C-4C2F-8BED-E9848A024A79} = {522D351D-0C5D-40A1-A856-3C94167BA347}
		{4D08DCAA-04C6-46EE-84B4-ED06C9FB87B9} = {2A9328DA-F4AC-454A-8E26-1AB15FE1966C}
		{B78CD201-9348-EB6A-8D4D-0C327F80DA8B} = {4D08DCAA-04C6-46EE-84B4-ED06C9FB87B9}
		{8542F0DD-960F-568F-4A42-29BE80FE20EC} = {4D08DCAA-04C6-46EE-84B4-ED06C9FB87B9}
		{9CA27627-35CA-4C7A-9505-4F9A32948406} = {522D351D-0C5D-40A1-A856-3C94167BA347}
		{511B29C1-FC02-4D04-AA5C-BF8BDF41EEC0} = {9CA27627-35CA-4C7A-9505-4F9A32948406}
		{8FD826F8-3739-44E6-8CC8-997122E53B8D} = {84B9E53F-704C-4892-B718-EF1321217A22}
		{849D6AB5-9713-E302-D4B5-C6E1DA8F3ABF} = {522D351D-0C5D-40A1-A856-3C94167BA347}
		{374CFD70-F327-40F0-9763-DE99BD27EE3A} = {522D351D-0C5D-40A1-A856-3C94167BA347}
		{D24003C4-41BD-48E6-AE88-C076F95B61DE} = {84B9E53F-704C-4892-B718-EF1321217A22}
		{1E3A33E9-C894-4513-B5E9-E2913F86F0E6} = {522D351D-0C5D-40A1-A856-3C94167BA347}
	EndGlobalSection
	GlobalSection(ExtensibilityGlobals) = postSolution
		SolutionGuid = {AA32F6CD-3CF1-41D1-9B1C-B19E96B2EE6A}
	EndGlobalSection
EndGlobal
