
Microsoft Visual Studio Solution File, Format Version 12.00
# Visual Studio Version 16
VisualStudioVersion = 16.0.28729.10
MinimumVisualStudioVersion = 10.0.40219.1
Project("{8BC9CEB8-8B4A-11D0-8D11-00A0C91BC942}") = "test_core", "test_core\test_core.vcxproj", "{EBD0A49D-12C3-44FC-9C69-2751125BA92C}"
EndProject
Project("{8BC9CEB8-8B4A-11D0-8D11-00A0C91BC942}") = "core", "core\core.vcxproj", "{7EB300C8-1650-4460-A843-AC9057C45978}"
EndProject
Project("{8BC9CEB8-8B4A-11D0-8D11-00A0C91BC942}") = "platform", "platform\platform.vcxproj", "{F2D39E92-1869-4CE0-85B7-88A93D85EEC4}"
EndProject
Project("{8BC9CEB8-8B4A-11D0-8D11-00A0C91BC942}") = "win32app", "win32app\win32app.vcxproj", "{781AE07D-7E07-4A6A-8FB2-A981B866C8E5}"
EndProject
Project("{8BC9CEB8-8B4A-11D0-8D11-00A0C91BC942}") = "test_win32app", "test_win32app\test_win32app.vcxproj", "{476AF296-28E8-4CA1-94E5-BD02FCF9F7A1}"
EndProject
Project("{8BC9CEB8-8B4A-11D0-8D11-00A0C91BC942}") = "win32_console_app", "console_app\console_app.vcxproj", "{6983C2F4-F136-43EC-9FA1-647664EE5CF7}"
EndProject
Project("{2150E333-8FDC-42A3-9474-1A3956D46DE8}") = "3rdparty", "3rdparty", "{3BBBA47A-2169-42BF-AF94-6B89AE99D2F7}"
EndProject
Project("{8BC9CEB8-8B4A-11D0-8D11-00A0C91BC942}") = "cairo", "3rdparty\cairo_build\cairo\cairo.vcxproj", "{4E9953CA-2B45-4C54-943B-A4689660C7A8}"
EndProject
Project("{8BC9CEB8-8B4A-11D0-8D11-00A0C91BC942}") = "freetype", "3rdparty\freetype\builds\windows\vc2010\freetype.vcxproj", "{78B079BD-9FC7-4B9E-B4A6-96DA0F00248B}"
EndProject
Project("{8BC9CEB8-8B4A-11D0-8D11-00A0C91BC942}") = "png_static", "3rdparty\build\libpng\png_static.vcxproj", "{B999A4C8-3693-313E-B2FF-1618F02C9D83}"
EndProject
Project("{8BC9CEB8-8B4A-11D0-8D11-00A0C91BC942}") = "zlibstatic", "3rdparty\build\zlib\zlibstatic.vcxproj", "{39E79C59-986D-30E8-BE1A-8AD6D21585C7}"
EndProject
Project("{8BC9CEB8-8B4A-11D0-8D11-00A0C91BC942}") = "pixman", "3rdparty\cairo_build\pixman\pixman.vcxproj", "{99DEBA75-75B6-4578-B8D4-5A3FE15338B1}"
EndProject
Project("{8BC9CEB8-8B4A-11D0-8D11-00A0C91BC942}") = "test_platform_windows", "test_platform_windows\test_platform_windows.vcxproj", "{2FA8C52C-3EB9-4526-BE40-62BA80F4B420}"
EndProject
Global
	GlobalSection(SolutionConfigurationPlatforms) = preSolution
		Debug Static|x64 = Debug Static|x64
		Debug Static|x86 = Debug Static|x86
		Debug|x64 = Debug|x64
		Debug|x86 = Debug|x86
		MinSizeRel|x64 = MinSizeRel|x64
		MinSizeRel|x86 = MinSizeRel|x86
		Release Static|x64 = Release Static|x64
		Release Static|x86 = Release Static|x86
		Release|x64 = Release|x64
		Release|x86 = Release|x86
		RelWithDebInfo|x64 = RelWithDebInfo|x64
		RelWithDebInfo|x86 = RelWithDebInfo|x86
	EndGlobalSection
	GlobalSection(ProjectConfigurationPlatforms) = postSolution
		{EBD0A49D-12C3-44FC-9C69-2751125BA92C}.Debug Static|x64.ActiveCfg = Debug|x64
		{EBD0A49D-12C3-44FC-9C69-2751125BA92C}.Debug Static|x64.Build.0 = Debug|x64
		{EBD0A49D-12C3-44FC-9C69-2751125BA92C}.Debug Static|x86.ActiveCfg = Debug|Win32
		{EBD0A49D-12C3-44FC-9C69-2751125BA92C}.Debug Static|x86.Build.0 = Debug|Win32
		{EBD0A49D-12C3-44FC-9C69-2751125BA92C}.Debug|x64.ActiveCfg = Debug|x64
		{EBD0A49D-12C3-44FC-9C69-2751125BA92C}.Debug|x64.Build.0 = Debug|x64
		{EBD0A49D-12C3-44FC-9C69-2751125BA92C}.Debug|x86.ActiveCfg = Debug|Win32
		{EBD0A49D-12C3-44FC-9C69-2751125BA92C}.Debug|x86.Build.0 = Debug|Win32
		{EBD0A49D-12C3-44FC-9C69-2751125BA92C}.MinSizeRel|x64.ActiveCfg = Release|x64
		{EBD0A49D-12C3-44FC-9C69-2751125BA92C}.MinSizeRel|x64.Build.0 = Release|x64
		{EBD0A49D-12C3-44FC-9C69-2751125BA92C}.MinSizeRel|x86.ActiveCfg = Release|Win32
		{EBD0A49D-12C3-44FC-9C69-2751125BA92C}.MinSizeRel|x86.Build.0 = Release|Win32
		{EBD0A49D-12C3-44FC-9C69-2751125BA92C}.Release Static|x64.ActiveCfg = Release|x64
		{EBD0A49D-12C3-44FC-9C69-2751125BA92C}.Release Static|x64.Build.0 = Release|x64
		{EBD0A49D-12C3-44FC-9C69-2751125BA92C}.Release Static|x86.ActiveCfg = Release|Win32
		{EBD0A49D-12C3-44FC-9C69-2751125BA92C}.Release Static|x86.Build.0 = Release|Win32
		{EBD0A49D-12C3-44FC-9C69-2751125BA92C}.Release|x64.ActiveCfg = Release|x64
		{EBD0A49D-12C3-44FC-9C69-2751125BA92C}.Release|x64.Build.0 = Release|x64
		{EBD0A49D-12C3-44FC-9C69-2751125BA92C}.Release|x86.ActiveCfg = Release|Win32
		{EBD0A49D-12C3-44FC-9C69-2751125BA92C}.Release|x86.Build.0 = Release|Win32
		{EBD0A49D-12C3-44FC-9C69-2751125BA92C}.RelWithDebInfo|x64.ActiveCfg = Release|x64
		{EBD0A49D-12C3-44FC-9C69-2751125BA92C}.RelWithDebInfo|x64.Build.0 = Release|x64
		{EBD0A49D-12C3-44FC-9C69-2751125BA92C}.RelWithDebInfo|x86.ActiveCfg = Release|Win32
		{EBD0A49D-12C3-44FC-9C69-2751125BA92C}.RelWithDebInfo|x86.Build.0 = Release|Win32
		{7EB300C8-1650-4460-A843-AC9057C45978}.Debug Static|x64.ActiveCfg = Debug|x64
		{7EB300C8-1650-4460-A843-AC9057C45978}.Debug Static|x64.Build.0 = Debug|x64
		{7EB300C8-1650-4460-A843-AC9057C45978}.Debug Static|x86.ActiveCfg = Debug|Win32
		{7EB300C8-1650-4460-A843-AC9057C45978}.Debug Static|x86.Build.0 = Debug|Win32
		{7EB300C8-1650-4460-A843-AC9057C45978}.Debug|x64.ActiveCfg = Debug|x64
		{7EB300C8-1650-4460-A843-AC9057C45978}.Debug|x64.Build.0 = Debug|x64
		{7EB300C8-1650-4460-A843-AC9057C45978}.Debug|x86.ActiveCfg = Debug|Win32
		{7EB300C8-1650-4460-A843-AC9057C45978}.Debug|x86.Build.0 = Debug|Win32
		{7EB300C8-1650-4460-A843-AC9057C45978}.MinSizeRel|x64.ActiveCfg = Release|x64
		{7EB300C8-1650-4460-A843-AC9057C45978}.MinSizeRel|x64.Build.0 = Release|x64
		{7EB300C8-1650-4460-A843-AC9057C45978}.MinSizeRel|x86.ActiveCfg = Release|Win32
		{7EB300C8-1650-4460-A843-AC9057C45978}.MinSizeRel|x86.Build.0 = Release|Win32
		{7EB300C8-1650-4460-A843-AC9057C45978}.Release Static|x64.ActiveCfg = Release|x64
		{7EB300C8-1650-4460-A843-AC9057C45978}.Release Static|x64.Build.0 = Release|x64
		{7EB300C8-1650-4460-A843-AC9057C45978}.Release Static|x86.ActiveCfg = Release|Win32
		{7EB300C8-1650-4460-A843-AC9057C45978}.Release Static|x86.Build.0 = Release|Win32
		{7EB300C8-1650-4460-A843-AC9057C45978}.Release|x64.ActiveCfg = Release|x64
		{7EB300C8-1650-4460-A843-AC9057C45978}.Release|x64.Build.0 = Release|x64
		{7EB300C8-1650-4460-A843-AC9057C45978}.Release|x86.ActiveCfg = Release|Win32
		{7EB300C8-1650-4460-A843-AC9057C45978}.Release|x86.Build.0 = Release|Win32
		{7EB300C8-1650-4460-A843-AC9057C45978}.RelWithDebInfo|x64.ActiveCfg = Release|x64
		{7EB300C8-1650-4460-A843-AC9057C45978}.RelWithDebInfo|x64.Build.0 = Release|x64
		{7EB300C8-1650-4460-A843-AC9057C45978}.RelWithDebInfo|x86.ActiveCfg = Release|Win32
		{7EB300C8-1650-4460-A843-AC9057C45978}.RelWithDebInfo|x86.Build.0 = Release|Win32
		{F2D39E92-1869-4CE0-85B7-88A93D85EEC4}.Debug Static|x64.ActiveCfg = Debug|x64
		{F2D39E92-1869-4CE0-85B7-88A93D85EEC4}.Debug Static|x64.Build.0 = Debug|x64
		{F2D39E92-1869-4CE0-85B7-88A93D85EEC4}.Debug Static|x86.ActiveCfg = Debug|Win32
		{F2D39E92-1869-4CE0-85B7-88A93D85EEC4}.Debug Static|x86.Build.0 = Debug|Win32
		{F2D39E92-1869-4CE0-85B7-88A93D85EEC4}.Debug|x64.ActiveCfg = Debug|x64
		{F2D39E92-1869-4CE0-85B7-88A93D85EEC4}.Debug|x64.Build.0 = Debug|x64
		{F2D39E92-1869-4CE0-85B7-88A93D85EEC4}.Debug|x86.ActiveCfg = Debug|Win32
		{F2D39E92-1869-4CE0-85B7-88A93D85EEC4}.Debug|x86.Build.0 = Debug|Win32
		{F2D39E92-1869-4CE0-85B7-88A93D85EEC4}.MinSizeRel|x64.ActiveCfg = Release|x64
		{F2D39E92-1869-4CE0-85B7-88A93D85EEC4}.MinSizeRel|x64.Build.0 = Release|x64
		{F2D39E92-1869-4CE0-85B7-88A93D85EEC4}.MinSizeRel|x86.ActiveCfg = Release|Win32
		{F2D39E92-1869-4CE0-85B7-88A93D85EEC4}.MinSizeRel|x86.Build.0 = Release|Win32
		{F2D39E92-1869-4CE0-85B7-88A93D85EEC4}.Release Static|x64.ActiveCfg = Release|x64
		{F2D39E92-1869-4CE0-85B7-88A93D85EEC4}.Release Static|x64.Build.0 = Release|x64
		{F2D39E92-1869-4CE0-85B7-88A93D85EEC4}.Release Static|x86.ActiveCfg = Release|Win32
		{F2D39E92-1869-4CE0-85B7-88A93D85EEC4}.Release Static|x86.Build.0 = Release|Win32
		{F2D39E92-1869-4CE0-85B7-88A93D85EEC4}.Release|x64.ActiveCfg = Release|x64
		{F2D39E92-1869-4CE0-85B7-88A93D85EEC4}.Release|x64.Build.0 = Release|x64
		{F2D39E92-1869-4CE0-85B7-88A93D85EEC4}.Release|x86.ActiveCfg = Release|Win32
		{F2D39E92-1869-4CE0-85B7-88A93D85EEC4}.Release|x86.Build.0 = Release|Win32
		{F2D39E92-1869-4CE0-85B7-88A93D85EEC4}.RelWithDebInfo|x64.ActiveCfg = Release|x64
		{F2D39E92-1869-4CE0-85B7-88A93D85EEC4}.RelWithDebInfo|x64.Build.0 = Release|x64
		{F2D39E92-1869-4CE0-85B7-88A93D85EEC4}.RelWithDebInfo|x86.ActiveCfg = Release|Win32
		{F2D39E92-1869-4CE0-85B7-88A93D85EEC4}.RelWithDebInfo|x86.Build.0 = Release|Win32
		{781AE07D-7E07-4A6A-8FB2-A981B866C8E5}.Debug Static|x64.ActiveCfg = Debug|x64
		{781AE07D-7E07-4A6A-8FB2-A981B866C8E5}.Debug Static|x64.Build.0 = Debug|x64
		{781AE07D-7E07-4A6A-8FB2-A981B866C8E5}.Debug Static|x86.ActiveCfg = Debug|Win32
		{781AE07D-7E07-4A6A-8FB2-A981B866C8E5}.Debug Static|x86.Build.0 = Debug|Win32
		{781AE07D-7E07-4A6A-8FB2-A981B866C8E5}.Debug|x64.ActiveCfg = Debug|x64
		{781AE07D-7E07-4A6A-8FB2-A981B866C8E5}.Debug|x64.Build.0 = Debug|x64
		{781AE07D-7E07-4A6A-8FB2-A981B866C8E5}.Debug|x86.ActiveCfg = Debug|Win32
		{781AE07D-7E07-4A6A-8FB2-A981B866C8E5}.Debug|x86.Build.0 = Debug|Win32
		{781AE07D-7E07-4A6A-8FB2-A981B866C8E5}.MinSizeRel|x64.ActiveCfg = Release|x64
		{781AE07D-7E07-4A6A-8FB2-A981B866C8E5}.MinSizeRel|x64.Build.0 = Release|x64
		{781AE07D-7E07-4A6A-8FB2-A981B866C8E5}.MinSizeRel|x86.ActiveCfg = Release|Win32
		{781AE07D-7E07-4A6A-8FB2-A981B866C8E5}.MinSizeRel|x86.Build.0 = Release|Win32
		{781AE07D-7E07-4A6A-8FB2-A981B866C8E5}.Release Static|x64.ActiveCfg = Release|x64
		{781AE07D-7E07-4A6A-8FB2-A981B866C8E5}.Release Static|x64.Build.0 = Release|x64
		{781AE07D-7E07-4A6A-8FB2-A981B866C8E5}.Release Static|x86.ActiveCfg = Release|Win32
		{781AE07D-7E07-4A6A-8FB2-A981B866C8E5}.Release Static|x86.Build.0 = Release|Win32
		{781AE07D-7E07-4A6A-8FB2-A981B866C8E5}.Release|x64.ActiveCfg = Release|x64
		{781AE07D-7E07-4A6A-8FB2-A981B866C8E5}.Release|x64.Build.0 = Release|x64
		{781AE07D-7E07-4A6A-8FB2-A981B866C8E5}.Release|x86.ActiveCfg = Release|Win32
		{781AE07D-7E07-4A6A-8FB2-A981B866C8E5}.Release|x86.Build.0 = Release|Win32
		{781AE07D-7E07-4A6A-8FB2-A981B866C8E5}.RelWithDebInfo|x64.ActiveCfg = Release|x64
		{781AE07D-7E07-4A6A-8FB2-A981B866C8E5}.RelWithDebInfo|x64.Build.0 = Release|x64
		{781AE07D-7E07-4A6A-8FB2-A981B866C8E5}.RelWithDebInfo|x86.ActiveCfg = Release|Win32
		{781AE07D-7E07-4A6A-8FB2-A981B866C8E5}.RelWithDebInfo|x86.Build.0 = Release|Win32
		{476AF296-28E8-4CA1-94E5-BD02FCF9F7A1}.Debug Static|x64.ActiveCfg = Debug|x64
		{476AF296-28E8-4CA1-94E5-BD02FCF9F7A1}.Debug Static|x64.Build.0 = Debug|x64
		{476AF296-28E8-4CA1-94E5-BD02FCF9F7A1}.Debug Static|x86.ActiveCfg = Debug|Win32
		{476AF296-28E8-4CA1-94E5-BD02FCF9F7A1}.Debug Static|x86.Build.0 = Debug|Win32
		{476AF296-28E8-4CA1-94E5-BD02FCF9F7A1}.Debug|x64.ActiveCfg = Debug|x64
		{476AF296-28E8-4CA1-94E5-BD02FCF9F7A1}.Debug|x64.Build.0 = Debug|x64
		{476AF296-28E8-4CA1-94E5-BD02FCF9F7A1}.Debug|x86.ActiveCfg = Debug|Win32
		{476AF296-28E8-4CA1-94E5-BD02FCF9F7A1}.Debug|x86.Build.0 = Debug|Win32
		{476AF296-28E8-4CA1-94E5-BD02FCF9F7A1}.MinSizeRel|x64.ActiveCfg = Release|x64
		{476AF296-28E8-4CA1-94E5-BD02FCF9F7A1}.MinSizeRel|x64.Build.0 = Release|x64
		{476AF296-28E8-4CA1-94E5-BD02FCF9F7A1}.MinSizeRel|x86.ActiveCfg = Release|Win32
		{476AF296-28E8-4CA1-94E5-BD02FCF9F7A1}.MinSizeRel|x86.Build.0 = Release|Win32
		{476AF296-28E8-4CA1-94E5-BD02FCF9F7A1}.Release Static|x64.ActiveCfg = Release|x64
		{476AF296-28E8-4CA1-94E5-BD02FCF9F7A1}.Release Static|x64.Build.0 = Release|x64
		{476AF296-28E8-4CA1-94E5-BD02FCF9F7A1}.Release Static|x86.ActiveCfg = Release|Win32
		{476AF296-28E8-4CA1-94E5-BD02FCF9F7A1}.Release Static|x86.Build.0 = Release|Win32
		{476AF296-28E8-4CA1-94E5-BD02FCF9F7A1}.Release|x64.ActiveCfg = Release|x64
		{476AF296-28E8-4CA1-94E5-BD02FCF9F7A1}.Release|x64.Build.0 = Release|x64
		{476AF296-28E8-4CA1-94E5-BD02FCF9F7A1}.Release|x86.ActiveCfg = Release|Win32
		{476AF296-28E8-4CA1-94E5-BD02FCF9F7A1}.Release|x86.Build.0 = Release|Win32
		{476AF296-28E8-4CA1-94E5-BD02FCF9F7A1}.RelWithDebInfo|x64.ActiveCfg = Release|x64
		{476AF296-28E8-4CA1-94E5-BD02FCF9F7A1}.RelWithDebInfo|x64.Build.0 = Release|x64
		{476AF296-28E8-4CA1-94E5-BD02FCF9F7A1}.RelWithDebInfo|x86.ActiveCfg = Release|Win32
		{476AF296-28E8-4CA1-94E5-BD02FCF9F7A1}.RelWithDebInfo|x86.Build.0 = Release|Win32
		{6983C2F4-F136-43EC-9FA1-647664EE5CF7}.Debug Static|x64.ActiveCfg = Debug|x64
		{6983C2F4-F136-43EC-9FA1-647664EE5CF7}.Debug Static|x64.Build.0 = Debug|x64
		{6983C2F4-F136-43EC-9FA1-647664EE5CF7}.Debug Static|x86.ActiveCfg = Debug|Win32
		{6983C2F4-F136-43EC-9FA1-647664EE5CF7}.Debug Static|x86.Build.0 = Debug|Win32
		{6983C2F4-F136-43EC-9FA1-647664EE5CF7}.Debug|x64.ActiveCfg = Debug|x64
		{6983C2F4-F136-43EC-9FA1-647664EE5CF7}.Debug|x64.Build.0 = Debug|x64
		{6983C2F4-F136-43EC-9FA1-647664EE5CF7}.Debug|x86.ActiveCfg = Debug|Win32
		{6983C2F4-F136-43EC-9FA1-647664EE5CF7}.Debug|x86.Build.0 = Debug|Win32
		{6983C2F4-F136-43EC-9FA1-647664EE5CF7}.MinSizeRel|x64.ActiveCfg = Release|x64
		{6983C2F4-F136-43EC-9FA1-647664EE5CF7}.MinSizeRel|x64.Build.0 = Release|x64
		{6983C2F4-F136-43EC-9FA1-647664EE5CF7}.MinSizeRel|x86.ActiveCfg = Release|Win32
		{6983C2F4-F136-43EC-9FA1-647664EE5CF7}.MinSizeRel|x86.Build.0 = Release|Win32
		{6983C2F4-F136-43EC-9FA1-647664EE5CF7}.Release Static|x64.ActiveCfg = Release|x64
		{6983C2F4-F136-43EC-9FA1-647664EE5CF7}.Release Static|x64.Build.0 = Release|x64
		{6983C2F4-F136-43EC-9FA1-647664EE5CF7}.Release Static|x86.ActiveCfg = Release|Win32
		{6983C2F4-F136-43EC-9FA1-647664EE5CF7}.Release Static|x86.Build.0 = Release|Win32
		{6983C2F4-F136-43EC-9FA1-647664EE5CF7}.Release|x64.ActiveCfg = Release|x64
		{6983C2F4-F136-43EC-9FA1-647664EE5CF7}.Release|x64.Build.0 = Release|x64
		{6983C2F4-F136-43EC-9FA1-647664EE5CF7}.Release|x86.ActiveCfg = Release|Win32
		{6983C2F4-F136-43EC-9FA1-647664EE5CF7}.Release|x86.Build.0 = Release|Win32
		{6983C2F4-F136-43EC-9FA1-647664EE5CF7}.RelWithDebInfo|x64.ActiveCfg = Release|x64
		{6983C2F4-F136-43EC-9FA1-647664EE5CF7}.RelWithDebInfo|x64.Build.0 = Release|x64
		{6983C2F4-F136-43EC-9FA1-647664EE5CF7}.RelWithDebInfo|x86.ActiveCfg = Release|Win32
		{6983C2F4-F136-43EC-9FA1-647664EE5CF7}.RelWithDebInfo|x86.Build.0 = Release|Win32
		{4E9953CA-2B45-4C54-943B-A4689660C7A8}.Debug Static|x64.ActiveCfg = Debug|x64
		{4E9953CA-2B45-4C54-943B-A4689660C7A8}.Debug Static|x64.Build.0 = Debug|x64
		{4E9953CA-2B45-4C54-943B-A4689660C7A8}.Debug Static|x86.ActiveCfg = Debug|Win32
		{4E9953CA-2B45-4C54-943B-A4689660C7A8}.Debug Static|x86.Build.0 = Debug|Win32
		{4E9953CA-2B45-4C54-943B-A4689660C7A8}.Debug|x64.ActiveCfg = Debug|x64
		{4E9953CA-2B45-4C54-943B-A4689660C7A8}.Debug|x64.Build.0 = Debug|x64
		{4E9953CA-2B45-4C54-943B-A4689660C7A8}.Debug|x86.ActiveCfg = Debug|Win32
		{4E9953CA-2B45-4C54-943B-A4689660C7A8}.Debug|x86.Build.0 = Debug|Win32
		{4E9953CA-2B45-4C54-943B-A4689660C7A8}.MinSizeRel|x64.ActiveCfg = Release|x64
		{4E9953CA-2B45-4C54-943B-A4689660C7A8}.MinSizeRel|x64.Build.0 = Release|x64
		{4E9953CA-2B45-4C54-943B-A4689660C7A8}.MinSizeRel|x86.ActiveCfg = Release|Win32
		{4E9953CA-2B45-4C54-943B-A4689660C7A8}.MinSizeRel|x86.Build.0 = Release|Win32
		{4E9953CA-2B45-4C54-943B-A4689660C7A8}.Release Static|x64.ActiveCfg = Release|x64
		{4E9953CA-2B45-4C54-943B-A4689660C7A8}.Release Static|x64.Build.0 = Release|x64
		{4E9953CA-2B45-4C54-943B-A4689660C7A8}.Release Static|x86.ActiveCfg = Release|Win32
		{4E9953CA-2B45-4C54-943B-A4689660C7A8}.Release Static|x86.Build.0 = Release|Win32
		{4E9953CA-2B45-4C54-943B-A4689660C7A8}.Release|x64.ActiveCfg = Release|x64
		{4E9953CA-2B45-4C54-943B-A4689660C7A8}.Release|x64.Build.0 = Release|x64
		{4E9953CA-2B45-4C54-943B-A4689660C7A8}.Release|x86.ActiveCfg = Release|Win32
		{4E9953CA-2B45-4C54-943B-A4689660C7A8}.Release|x86.Build.0 = Release|Win32
		{4E9953CA-2B45-4C54-943B-A4689660C7A8}.RelWithDebInfo|x64.ActiveCfg = Release|x64
		{4E9953CA-2B45-4C54-943B-A4689660C7A8}.RelWithDebInfo|x64.Build.0 = Release|x64
		{4E9953CA-2B45-4C54-943B-A4689660C7A8}.RelWithDebInfo|x86.ActiveCfg = Release|Win32
		{4E9953CA-2B45-4C54-943B-A4689660C7A8}.RelWithDebInfo|x86.Build.0 = Release|Win32
		{78B079BD-9FC7-4B9E-B4A6-96DA0F00248B}.Debug Static|x64.ActiveCfg = Debug Static|x64
		{78B079BD-9FC7-4B9E-B4A6-96DA0F00248B}.Debug Static|x64.Build.0 = Debug Static|x64
		{78B079BD-9FC7-4B9E-B4A6-96DA0F00248B}.Debug Static|x86.ActiveCfg = Debug Static|Win32
		{78B079BD-9FC7-4B9E-B4A6-96DA0F00248B}.Debug Static|x86.Build.0 = Debug Static|Win32
		{78B079BD-9FC7-4B9E-B4A6-96DA0F00248B}.Debug|x64.ActiveCfg = Debug|x64
		{78B079BD-9FC7-4B9E-B4A6-96DA0F00248B}.Debug|x64.Build.0 = Debug|x64
		{78B079BD-9FC7-4B9E-B4A6-96DA0F00248B}.Debug|x86.ActiveCfg = Debug|Win32
		{78B079BD-9FC7-4B9E-B4A6-96DA0F00248B}.Debug|x86.Build.0 = Debug|Win32
		{78B079BD-9FC7-4B9E-B4A6-96DA0F00248B}.MinSizeRel|x64.ActiveCfg = Debug Static|x64
		{78B079BD-9FC7-4B9E-B4A6-96DA0F00248B}.MinSizeRel|x64.Build.0 = Debug Static|x64
		{78B079BD-9FC7-4B9E-B4A6-96DA0F00248B}.MinSizeRel|x86.ActiveCfg = Debug Static|Win32
		{78B079BD-9FC7-4B9E-B4A6-96DA0F00248B}.MinSizeRel|x86.Build.0 = Debug Static|Win32
		{78B079BD-9FC7-4B9E-B4A6-96DA0F00248B}.Release Static|x64.ActiveCfg = Release Static|x64
		{78B079BD-9FC7-4B9E-B4A6-96DA0F00248B}.Release Static|x64.Build.0 = Release Static|x64
		{78B079BD-9FC7-4B9E-B4A6-96DA0F00248B}.Release Static|x86.ActiveCfg = Release Static|Win32
		{78B079BD-9FC7-4B9E-B4A6-96DA0F00248B}.Release Static|x86.Build.0 = Release Static|Win32
		{78B079BD-9FC7-4B9E-B4A6-96DA0F00248B}.Release|x64.ActiveCfg = Release|x64
		{78B079BD-9FC7-4B9E-B4A6-96DA0F00248B}.Release|x64.Build.0 = Release|x64
		{78B079BD-9FC7-4B9E-B4A6-96DA0F00248B}.Release|x86.ActiveCfg = Release|Win32
		{78B079BD-9FC7-4B9E-B4A6-96DA0F00248B}.Release|x86.Build.0 = Release|Win32
		{78B079BD-9FC7-4B9E-B4A6-96DA0F00248B}.RelWithDebInfo|x64.ActiveCfg = Release|x64
		{78B079BD-9FC7-4B9E-B4A6-96DA0F00248B}.RelWithDebInfo|x64.Build.0 = Release|x64
		{78B079BD-9FC7-4B9E-B4A6-96DA0F00248B}.RelWithDebInfo|x86.ActiveCfg = Release|Win32
		{78B079BD-9FC7-4B9E-B4A6-96DA0F00248B}.RelWithDebInfo|x86.Build.0 = Release|Win32
		{B999A4C8-3693-313E-B2FF-1618F02C9D83}.Debug Static|x64.ActiveCfg = Debug|x64
		{B999A4C8-3693-313E-B2FF-1618F02C9D83}.Debug Static|x64.Build.0 = Debug|x64
		{B999A4C8-3693-313E-B2FF-1618F02C9D83}.Debug Static|x86.ActiveCfg = MinSizeRel|x64
		{B999A4C8-3693-313E-B2FF-1618F02C9D83}.Debug Static|x86.Build.0 = MinSizeRel|x64
		{B999A4C8-3693-313E-B2FF-1618F02C9D83}.Debug|x64.ActiveCfg = Debug|x64
		{B999A4C8-3693-313E-B2FF-1618F02C9D83}.Debug|x64.Build.0 = Debug|x64
		{B999A4C8-3693-313E-B2FF-1618F02C9D83}.Debug|x86.ActiveCfg = Debug|x64
		{B999A4C8-3693-313E-B2FF-1618F02C9D83}.MinSizeRel|x64.ActiveCfg = MinSizeRel|x64
		{B999A4C8-3693-313E-B2FF-1618F02C9D83}.MinSizeRel|x64.Build.0 = MinSizeRel|x64
		{B999A4C8-3693-313E-B2FF-1618F02C9D83}.MinSizeRel|x86.ActiveCfg = MinSizeRel|x64
		{B999A4C8-3693-313E-B2FF-1618F02C9D83}.Release Static|x64.ActiveCfg = Release|x64
		{B999A4C8-3693-313E-B2FF-1618F02C9D83}.Release Static|x64.Build.0 = Release|x64
		{B999A4C8-3693-313E-B2FF-1618F02C9D83}.Release Static|x86.ActiveCfg = MinSizeRel|x64
		{B999A4C8-3693-313E-B2FF-1618F02C9D83}.Release Static|x86.Build.0 = MinSizeRel|x64
		{B999A4C8-3693-313E-B2FF-1618F02C9D83}.Release|x64.ActiveCfg = Release|x64
		{B999A4C8-3693-313E-B2FF-1618F02C9D83}.Release|x64.Build.0 = Release|x64
		{B999A4C8-3693-313E-B2FF-1618F02C9D83}.Release|x86.ActiveCfg = Release|x64
		{B999A4C8-3693-313E-B2FF-1618F02C9D83}.RelWithDebInfo|x64.ActiveCfg = RelWithDebInfo|x64
		{B999A4C8-3693-313E-B2FF-1618F02C9D83}.RelWithDebInfo|x64.Build.0 = RelWithDebInfo|x64
		{B999A4C8-3693-313E-B2FF-1618F02C9D83}.RelWithDebInfo|x86.ActiveCfg = RelWithDebInfo|x64
		{39E79C59-986D-30E8-BE1A-8AD6D21585C7}.Debug Static|x64.ActiveCfg = Debug|x64
		{39E79C59-986D-30E8-BE1A-8AD6D21585C7}.Debug Static|x64.Build.0 = Debug|x64
		{39E79C59-986D-30E8-BE1A-8AD6D21585C7}.Debug Static|x86.ActiveCfg = MinSizeRel|x64
		{39E79C59-986D-30E8-BE1A-8AD6D21585C7}.Debug Static|x86.Build.0 = MinSizeRel|x64
		{39E79C59-986D-30E8-BE1A-8AD6D21585C7}.Debug|x64.ActiveCfg = Debug|x64
		{39E79C59-986D-30E8-BE1A-8AD6D21585C7}.Debug|x64.Build.0 = Debug|x64
		{39E79C59-986D-30E8-BE1A-8AD6D21585C7}.Debug|x86.ActiveCfg = Debug|x64
		{39E79C59-986D-30E8-BE1A-8AD6D21585C7}.MinSizeRel|x64.ActiveCfg = MinSizeRel|x64
		{39E79C59-986D-30E8-BE1A-8AD6D21585C7}.MinSizeRel|x64.Build.0 = MinSizeRel|x64
		{39E79C59-986D-30E8-BE1A-8AD6D21585C7}.MinSizeRel|x86.ActiveCfg = MinSizeRel|x64
		{39E79C59-986D-30E8-BE1A-8AD6D21585C7}.Release Static|x64.ActiveCfg = Release|x64
		{39E79C59-986D-30E8-BE1A-8AD6D21585C7}.Release Static|x64.Build.0 = Release|x64
		{39E79C59-986D-30E8-BE1A-8AD6D21585C7}.Release Static|x86.ActiveCfg = MinSizeRel|x64
		{39E79C59-986D-30E8-BE1A-8AD6D21585C7}.Release Static|x86.Build.0 = MinSizeRel|x64
		{39E79C59-986D-30E8-BE1A-8AD6D21585C7}.Release|x64.ActiveCfg = Release|x64
		{39E79C59-986D-30E8-BE1A-8AD6D21585C7}.Release|x64.Build.0 = Release|x64
		{39E79C59-986D-30E8-BE1A-8AD6D21585C7}.Release|x86.ActiveCfg = Release|x64
		{39E79C59-986D-30E8-BE1A-8AD6D21585C7}.RelWithDebInfo|x64.ActiveCfg = RelWithDebInfo|x64
		{39E79C59-986D-30E8-BE1A-8AD6D21585C7}.RelWithDebInfo|x64.Build.0 = RelWithDebInfo|x64
		{39E79C59-986D-30E8-BE1A-8AD6D21585C7}.RelWithDebInfo|x86.ActiveCfg = RelWithDebInfo|x64
		{99DEBA75-75B6-4578-B8D4-5A3FE15338B1}.Debug Static|x64.ActiveCfg = Debug|x64
		{99DEBA75-75B6-4578-B8D4-5A3FE15338B1}.Debug Static|x64.Build.0 = Debug|x64
		{99DEBA75-75B6-4578-B8D4-5A3FE15338B1}.Debug Static|x86.ActiveCfg = Debug|Win32
		{99DEBA75-75B6-4578-B8D4-5A3FE15338B1}.Debug Static|x86.Build.0 = Debug|Win32
		{99DEBA75-75B6-4578-B8D4-5A3FE15338B1}.Debug|x64.ActiveCfg = Debug|x64
		{99DEBA75-75B6-4578-B8D4-5A3FE15338B1}.Debug|x64.Build.0 = Debug|x64
		{99DEBA75-75B6-4578-B8D4-5A3FE15338B1}.Debug|x86.ActiveCfg = Debug|Win32
		{99DEBA75-75B6-4578-B8D4-5A3FE15338B1}.Debug|x86.Build.0 = Debug|Win32
		{99DEBA75-75B6-4578-B8D4-5A3FE15338B1}.MinSizeRel|x64.ActiveCfg = Release|x64
		{99DEBA75-75B6-4578-B8D4-5A3FE15338B1}.MinSizeRel|x64.Build.0 = Release|x64
		{99DEBA75-75B6-4578-B8D4-5A3FE15338B1}.MinSizeRel|x86.ActiveCfg = Release|Win32
		{99DEBA75-75B6-4578-B8D4-5A3FE15338B1}.MinSizeRel|x86.Build.0 = Release|Win32
		{99DEBA75-75B6-4578-B8D4-5A3FE15338B1}.Release Static|x64.ActiveCfg = Release|x64
		{99DEBA75-75B6-4578-B8D4-5A3FE15338B1}.Release Static|x64.Build.0 = Release|x64
		{99DEBA75-75B6-4578-B8D4-5A3FE15338B1}.Release Static|x86.ActiveCfg = Release|Win32
		{99DEBA75-75B6-4578-B8D4-5A3FE15338B1}.Release Static|x86.Build.0 = Release|Win32
		{99DEBA75-75B6-4578-B8D4-5A3FE15338B1}.Release|x64.ActiveCfg = Release|x64
		{99DEBA75-75B6-4578-B8D4-5A3FE15338B1}.Release|x64.Build.0 = Release|x64
		{99DEBA75-75B6-4578-B8D4-5A3FE15338B1}.Release|x86.ActiveCfg = Release|Win32
		{99DEBA75-75B6-4578-B8D4-5A3FE15338B1}.Release|x86.Build.0 = Release|Win32
		{99DEBA75-75B6-4578-B8D4-5A3FE15338B1}.RelWithDebInfo|x64.ActiveCfg = Release|x64
		{99DEBA75-75B6-4578-B8D4-5A3FE15338B1}.RelWithDebInfo|x64.Build.0 = Release|x64
		{99DEBA75-75B6-4578-B8D4-5A3FE15338B1}.RelWithDebInfo|x86.ActiveCfg = Release|Win32
		{99DEBA75-75B6-4578-B8D4-5A3FE15338B1}.RelWithDebInfo|x86.Build.0 = Release|Win32
		{2FA8C52C-3EB9-4526-BE40-62BA80F4B420}.Debug Static|x64.ActiveCfg = Debug|x64
		{2FA8C52C-3EB9-4526-BE40-62BA80F4B420}.Debug Static|x64.Build.0 = Debug|x64
		{2FA8C52C-3EB9-4526-BE40-62BA80F4B420}.Debug Static|x86.ActiveCfg = Debug|Win32
		{2FA8C52C-3EB9-4526-BE40-62BA80F4B420}.Debug Static|x86.Build.0 = Debug|Win32
		{2FA8C52C-3EB9-4526-BE40-62BA80F4B420}.Debug|x64.ActiveCfg = Debug|x64
		{2FA8C52C-3EB9-4526-BE40-62BA80F4B420}.Debug|x64.Build.0 = Debug|x64
		{2FA8C52C-3EB9-4526-BE40-62BA80F4B420}.Debug|x86.ActiveCfg = Debug|Win32
		{2FA8C52C-3EB9-4526-BE40-62BA80F4B420}.Debug|x86.Build.0 = Debug|Win32
		{2FA8C52C-3EB9-4526-BE40-62BA80F4B420}.MinSizeRel|x64.ActiveCfg = Release|x64
		{2FA8C52C-3EB9-4526-BE40-62BA80F4B420}.MinSizeRel|x64.Build.0 = Release|x64
		{2FA8C52C-3EB9-4526-BE40-62BA80F4B420}.MinSizeRel|x86.ActiveCfg = Release|Win32
		{2FA8C52C-3EB9-4526-BE40-62BA80F4B420}.MinSizeRel|x86.Build.0 = Release|Win32
		{2FA8C52C-3EB9-4526-BE40-62BA80F4B420}.Release Static|x64.ActiveCfg = Release|x64
		{2FA8C52C-3EB9-4526-BE40-62BA80F4B420}.Release Static|x64.Build.0 = Release|x64
		{2FA8C52C-3EB9-4526-BE40-62BA80F4B420}.Release Static|x86.ActiveCfg = Release|Win32
		{2FA8C52C-3EB9-4526-BE40-62BA80F4B420}.Release Static|x86.Build.0 = Release|Win32
		{2FA8C52C-3EB9-4526-BE40-62BA80F4B420}.Release|x64.ActiveCfg = Release|x64
		{2FA8C52C-3EB9-4526-BE40-62BA80F4B420}.Release|x64.Build.0 = Release|x64
		{2FA8C52C-3EB9-4526-BE40-62BA80F4B420}.Release|x86.ActiveCfg = Release|Win32
		{2FA8C52C-3EB9-4526-BE40-62BA80F4B420}.Release|x86.Build.0 = Release|Win32
		{2FA8C52C-3EB9-4526-BE40-62BA80F4B420}.RelWithDebInfo|x64.ActiveCfg = Release|x64
		{2FA8C52C-3EB9-4526-BE40-62BA80F4B420}.RelWithDebInfo|x64.Build.0 = Release|x64
		{2FA8C52C-3EB9-4526-BE40-62BA80F4B420}.RelWithDebInfo|x86.ActiveCfg = Release|Win32
		{2FA8C52C-3EB9-4526-BE40-62BA80F4B420}.RelWithDebInfo|x86.Build.0 = Release|Win32
	EndGlobalSection
	GlobalSection(SolutionProperties) = preSolution
		HideSolutionNode = FALSE
	EndGlobalSection
	GlobalSection(NestedProjects) = preSolution
		{4E9953CA-2B45-4C54-943B-A4689660C7A8} = {3BBBA47A-2169-42BF-AF94-6B89AE99D2F7}
		{78B079BD-9FC7-4B9E-B4A6-96DA0F00248B} = {3BBBA47A-2169-42BF-AF94-6B89AE99D2F7}
		{B999A4C8-3693-313E-B2FF-1618F02C9D83} = {3BBBA47A-2169-42BF-AF94-6B89AE99D2F7}
		{39E79C59-986D-30E8-BE1A-8AD6D21585C7} = {3BBBA47A-2169-42BF-AF94-6B89AE99D2F7}
		{99DEBA75-75B6-4578-B8D4-5A3FE15338B1} = {3BBBA47A-2169-42BF-AF94-6B89AE99D2F7}
	EndGlobalSection
EndGlobal
