
Microsoft Visual Studio Solution File, Format Version 12.00
# Visual Studio Version 16
VisualStudioVersion = 16.0.28729.10
MinimumVisualStudioVersion = 10.0.40219.1
Project("{8BC9CEB8-8B4A-11D0-8D11-00A0C91BC942}") = "test_core", "test_core\test_core.vcxproj", "{EBD0A49D-12C3-44FC-9C69-2751125BA92C}"
EndProject
Project("{8BC9CEB8-8B4A-11D0-8D11-00A0C91BC942}") = "core", "core\core.vcxproj", "{7EB300C8-1650-4460-A843-AC9057C45978}"
EndProject
Project("{8BC9CEB8-8B4A-11D0-8D11-00A0C91BC942}") = "platform", "platform\platform.vcxproj", "{F2D39E92-1869-4CE0-85B7-88A93D85EEC4}"
EndProject
Project("{8BC9CEB8-8B4A-11D0-8D11-00A0C91BC942}") = "win32app", "win32app\win32app.vcxproj", "{781AE07D-7E07-4A6A-8FB2-A981B866C8E5}"
EndProject
Project("{8BC9CEB8-8B4A-11D0-8D11-00A0C91BC942}") = "test_win32app", "test_win32app\test_win32app.vcxproj", "{476AF296-28E8-4CA1-94E5-BD02FCF9F7A1}"
EndProject
Project("{8BC9CEB8-8B4A-11D0-8D11-00A0C91BC942}") = "win32_console_app", "console_app\console_app.vcxproj", "{6983C2F4-F136-43EC-9FA1-647664EE5CF7}"
EndProject
Project("{2150E333-8FDC-42A3-9474-1A3956D46DE8}") = "3rdparty", "3rdparty", "{3BBBA47A-2169-42BF-AF94-6B89AE99D2F7}"
EndProject
Project("{8BC9CEB8-8B4A-11D0-8D11-00A0C91BC942}") = "test_platform_windows", "test_platform_windows\test_platform_windows.vcxproj", "{2FA8C52C-3EB9-4526-BE40-62BA80F4B420}"
EndProject
Project("{2150E333-8FDC-42A3-9474-1A3956D46DE8}") = "angle", "angle", "{2A9328DA-F4AC-454A-8E26-1AB15FE1966C}"
EndProject
Project("{8BC9CEB8-8B4A-11D0-8D11-00A0C91BC942}") = "angle_common", "3rdparty\angle\src\angle_common.vcxproj", "{7AB4B0C9-D974-3A65-ED87-61816B6917CB}"
EndProject
Project("{8BC9CEB8-8B4A-11D0-8D11-00A0C91BC942}") = "libEGL", "3rdparty\angle\src\libEGL.vcxproj", "{777AC703-C49D-E67C-F2EA-2BEDE272A25F}"
EndProject
Project("{8BC9CEB8-8B4A-11D0-8D11-00A0C91BC942}") = "libGLESv2", "3rdparty\angle\src\libGLESv2.vcxproj", "{D5D676ED-C189-2A6B-8DE3-F4CA6175550F}"
EndProject
Project("{8BC9CEB8-8B4A-11D0-8D11-00A0C91BC942}") = "angle_util", "3rdparty\angle\util\angle_util.vcxproj", "{9767C383-B58A-AB1E-4713-CF8FC5BA2B7E}"
EndProject
Project("{8BC9CEB8-8B4A-11D0-8D11-00A0C91BC942}") = "sample_util", "3rdparty\angle\samples\sample_util.vcxproj", "{40A1229C-43E3-9BDF-4631-09FCBCBA9924}"
EndProject
Project("{8BC9CEB8-8B4A-11D0-8D11-00A0C91BC942}") = "test_opengl_es", "test_opengl_es\test_opengl_es.vcxproj", "{849D6AB5-9713-E302-D4B5-C6E1DA8F3ABF}"
EndProject
Project("{8BC9CEB8-8B4A-11D0-8D11-00A0C91BC942}") = "libANGLE", "3rdparty\angle\src\libANGLE.vcxproj", "{D51F95B2-D343-6B88-7902-C392ACC99260}"
EndProject
Project("{8BC9CEB8-8B4A-11D0-8D11-00A0C91BC942}") = "libANGLE_d3d11_config", "3rdparty\angle\src\libANGLE_d3d11_config.vcxproj", "{57490695-C394-29E7-0E4F-90A06C9B8B9A}"
EndProject
Project("{8BC9CEB8-8B4A-11D0-8D11-00A0C91BC942}") = "libANGLE_renderer_config", "3rdparty\angle\src\libANGLE_renderer_config.vcxproj", "{D1888003-E946-0409-A84B-2643C9A46B76}"
EndProject
Project("{8BC9CEB8-8B4A-11D0-8D11-00A0C91BC942}") = "angle_gpu_info_util", "3rdparty\angle\src\angle_gpu_info_util.vcxproj", "{FA592B99-A032-6FBC-4F31-3E45774A1EDA}"
EndProject
Project("{8BC9CEB8-8B4A-11D0-8D11-00A0C91BC942}") = "preprocessor", "3rdparty\angle\src\preprocessor.vcxproj", "{7642CFD5-F187-3E3F-F8FF-859949B9F13E}"
EndProject
Project("{8BC9CEB8-8B4A-11D0-8D11-00A0C91BC942}") = "translator", "3rdparty\angle\src\translator.vcxproj", "{6AC42CF5-8088-F4BE-7C3D-1BD1BD440FCC}"
EndProject
Project("{8BC9CEB8-8B4A-11D0-8D11-00A0C91BC942}") = "angle_image_util", "3rdparty\angle\src\angle_image_util.vcxproj", "{2C440506-61D0-D32C-EB09-EE8639551197}"
EndProject
Project("{2150E333-8FDC-42A3-9474-1A3956D46DE8}") = "samples", "samples", "{2B08EF1E-BAEA-46C0-8A1A-AF93982FC1B8}"
EndProject
Project("{8BC9CEB8-8B4A-11D0-8D11-00A0C91BC942}") = "hello_triangle", "3rdparty\angle\samples\hello_triangle.vcxproj", "{F8129B11-63B2-4478-B3CC-9A188B55F6B9}"
EndProject
Global
	GlobalSection(SolutionConfigurationPlatforms) = preSolution
		Debug Static|ARM = Debug Static|ARM
		Debug Static|x64 = Debug Static|x64
		Debug Static|x86 = Debug Static|x86
		Debug|ARM = Debug|ARM
		Debug|x64 = Debug|x64
		Debug|x86 = Debug|x86
		MinSizeRel|ARM = MinSizeRel|ARM
		MinSizeRel|x64 = MinSizeRel|x64
		MinSizeRel|x86 = MinSizeRel|x86
		Release Static|ARM = Release Static|ARM
		Release Static|x64 = Release Static|x64
		Release Static|x86 = Release Static|x86
		Release|ARM = Release|ARM
		Release|x64 = Release|x64
		Release|x86 = Release|x86
		RelWithDebInfo|ARM = RelWithDebInfo|ARM
		RelWithDebInfo|x64 = RelWithDebInfo|x64
		RelWithDebInfo|x86 = RelWithDebInfo|x86
	EndGlobalSection
	GlobalSection(ProjectConfigurationPlatforms) = postSolution
		{EBD0A49D-12C3-44FC-9C69-2751125BA92C}.Debug Static|ARM.ActiveCfg = Release|Win32
		{EBD0A49D-12C3-44FC-9C69-2751125BA92C}.Debug Static|ARM.Build.0 = Release|Win32
		{EBD0A49D-12C3-44FC-9C69-2751125BA92C}.Debug Static|x64.ActiveCfg = Debug|x64
		{EBD0A49D-12C3-44FC-9C69-2751125BA92C}.Debug Static|x64.Build.0 = Debug|x64
		{EBD0A49D-12C3-44FC-9C69-2751125BA92C}.Debug Static|x86.ActiveCfg = Debug|Win32
		{EBD0A49D-12C3-44FC-9C69-2751125BA92C}.Debug Static|x86.Build.0 = Debug|Win32
		{EBD0A49D-12C3-44FC-9C69-2751125BA92C}.Debug|ARM.ActiveCfg = Debug|Win32
		{EBD0A49D-12C3-44FC-9C69-2751125BA92C}.Debug|x64.ActiveCfg = Debug|x64
		{EBD0A49D-12C3-44FC-9C69-2751125BA92C}.Debug|x64.Build.0 = Debug|x64
		{EBD0A49D-12C3-44FC-9C69-2751125BA92C}.Debug|x86.ActiveCfg = Debug|Win32
		{EBD0A49D-12C3-44FC-9C69-2751125BA92C}.Debug|x86.Build.0 = Debug|Win32
		{EBD0A49D-12C3-44FC-9C69-2751125BA92C}.MinSizeRel|ARM.ActiveCfg = Release|Win32
		{EBD0A49D-12C3-44FC-9C69-2751125BA92C}.MinSizeRel|ARM.Build.0 = Release|Win32
		{EBD0A49D-12C3-44FC-9C69-2751125BA92C}.MinSizeRel|x64.ActiveCfg = Release|x64
		{EBD0A49D-12C3-44FC-9C69-2751125BA92C}.MinSizeRel|x64.Build.0 = Release|x64
		{EBD0A49D-12C3-44FC-9C69-2751125BA92C}.MinSizeRel|x86.ActiveCfg = Release|Win32
		{EBD0A49D-12C3-44FC-9C69-2751125BA92C}.MinSizeRel|x86.Build.0 = Release|Win32
		{EBD0A49D-12C3-44FC-9C69-2751125BA92C}.Release Static|ARM.ActiveCfg = Release|Win32
		{EBD0A49D-12C3-44FC-9C69-2751125BA92C}.Release Static|ARM.Build.0 = Release|Win32
		{EBD0A49D-12C3-44FC-9C69-2751125BA92C}.Release Static|x64.ActiveCfg = Release|x64
		{EBD0A49D-12C3-44FC-9C69-2751125BA92C}.Release Static|x64.Build.0 = Release|x64
		{EBD0A49D-12C3-44FC-9C69-2751125BA92C}.Release Static|x86.ActiveCfg = Release|Win32
		{EBD0A49D-12C3-44FC-9C69-2751125BA92C}.Release Static|x86.Build.0 = Release|Win32
		{EBD0A49D-12C3-44FC-9C69-2751125BA92C}.Release|ARM.ActiveCfg = Release|Win32
		{EBD0A49D-12C3-44FC-9C69-2751125BA92C}.Release|x64.ActiveCfg = Release|x64
		{EBD0A49D-12C3-44FC-9C69-2751125BA92C}.Release|x64.Build.0 = Release|x64
		{EBD0A49D-12C3-44FC-9C69-2751125BA92C}.Release|x86.ActiveCfg = Release|Win32
		{EBD0A49D-12C3-44FC-9C69-2751125BA92C}.Release|x86.Build.0 = Release|Win32
		{EBD0A49D-12C3-44FC-9C69-2751125BA92C}.RelWithDebInfo|ARM.ActiveCfg = Release|Win32
		{EBD0A49D-12C3-44FC-9C69-2751125BA92C}.RelWithDebInfo|ARM.Build.0 = Release|Win32
		{EBD0A49D-12C3-44FC-9C69-2751125BA92C}.RelWithDebInfo|x64.ActiveCfg = Release|x64
		{EBD0A49D-12C3-44FC-9C69-2751125BA92C}.RelWithDebInfo|x64.Build.0 = Release|x64
		{EBD0A49D-12C3-44FC-9C69-2751125BA92C}.RelWithDebInfo|x86.ActiveCfg = Release|Win32
		{EBD0A49D-12C3-44FC-9C69-2751125BA92C}.RelWithDebInfo|x86.Build.0 = Release|Win32
		{7EB300C8-1650-4460-A843-AC9057C45978}.Debug Static|ARM.ActiveCfg = Release|Win32
		{7EB300C8-1650-4460-A843-AC9057C45978}.Debug Static|ARM.Build.0 = Release|Win32
		{7EB300C8-1650-4460-A843-AC9057C45978}.Debug Static|x64.ActiveCfg = Debug|x64
		{7EB300C8-1650-4460-A843-AC9057C45978}.Debug Static|x64.Build.0 = Debug|x64
		{7EB300C8-1650-4460-A843-AC9057C45978}.Debug Static|x86.ActiveCfg = Debug|Win32
		{7EB300C8-1650-4460-A843-AC9057C45978}.Debug Static|x86.Build.0 = Debug|Win32
		{7EB300C8-1650-4460-A843-AC9057C45978}.Debug|ARM.ActiveCfg = Debug|Win32
		{7EB300C8-1650-4460-A843-AC9057C45978}.Debug|x64.ActiveCfg = Debug|x64
		{7EB300C8-1650-4460-A843-AC9057C45978}.Debug|x64.Build.0 = Debug|x64
		{7EB300C8-1650-4460-A843-AC9057C45978}.Debug|x86.ActiveCfg = Debug|Win32
		{7EB300C8-1650-4460-A843-AC9057C45978}.Debug|x86.Build.0 = Debug|Win32
		{7EB300C8-1650-4460-A843-AC9057C45978}.MinSizeRel|ARM.ActiveCfg = Release|Win32
		{7EB300C8-1650-4460-A843-AC9057C45978}.MinSizeRel|ARM.Build.0 = Release|Win32
		{7EB300C8-1650-4460-A843-AC9057C45978}.MinSizeRel|x64.ActiveCfg = Release|x64
		{7EB300C8-1650-4460-A843-AC9057C45978}.MinSizeRel|x64.Build.0 = Release|x64
		{7EB300C8-1650-4460-A843-AC9057C45978}.MinSizeRel|x86.ActiveCfg = Release|Win32
		{7EB300C8-1650-4460-A843-AC9057C45978}.MinSizeRel|x86.Build.0 = Release|Win32
		{7EB300C8-1650-4460-A843-AC9057C45978}.Release Static|ARM.ActiveCfg = Release|Win32
		{7EB300C8-1650-4460-A843-AC9057C45978}.Release Static|ARM.Build.0 = Release|Win32
		{7EB300C8-1650-4460-A843-AC9057C45978}.Release Static|x64.ActiveCfg = Release|x64
		{7EB300C8-1650-4460-A843-AC9057C45978}.Release Static|x64.Build.0 = Release|x64
		{7EB300C8-1650-4460-A843-AC9057C45978}.Release Static|x86.ActiveCfg = Release|Win32
		{7EB300C8-1650-4460-A843-AC9057C45978}.Release Static|x86.Build.0 = Release|Win32
		{7EB300C8-1650-4460-A843-AC9057C45978}.Release|ARM.ActiveCfg = Release|Win32
		{7EB300C8-1650-4460-A843-AC9057C45978}.Release|x64.ActiveCfg = Release|x64
		{7EB300C8-1650-4460-A843-AC9057C45978}.Release|x64.Build.0 = Release|x64
		{7EB300C8-1650-4460-A843-AC9057C45978}.Release|x86.ActiveCfg = Release|Win32
		{7EB300C8-1650-4460-A843-AC9057C45978}.Release|x86.Build.0 = Release|Win32
		{7EB300C8-1650-4460-A843-AC9057C45978}.RelWithDebInfo|ARM.ActiveCfg = Release|Win32
		{7EB300C8-1650-4460-A843-AC9057C45978}.RelWithDebInfo|ARM.Build.0 = Release|Win32
		{7EB300C8-1650-4460-A843-AC9057C45978}.RelWithDebInfo|x64.ActiveCfg = Release|x64
		{7EB300C8-1650-4460-A843-AC9057C45978}.RelWithDebInfo|x64.Build.0 = Release|x64
		{7EB300C8-1650-4460-A843-AC9057C45978}.RelWithDebInfo|x86.ActiveCfg = Release|Win32
		{7EB300C8-1650-4460-A843-AC9057C45978}.RelWithDebInfo|x86.Build.0 = Release|Win32
		{F2D39E92-1869-4CE0-85B7-88A93D85EEC4}.Debug Static|ARM.ActiveCfg = Release|Win32
		{F2D39E92-1869-4CE0-85B7-88A93D85EEC4}.Debug Static|ARM.Build.0 = Release|Win32
		{F2D39E92-1869-4CE0-85B7-88A93D85EEC4}.Debug Static|x64.ActiveCfg = Debug|x64
		{F2D39E92-1869-4CE0-85B7-88A93D85EEC4}.Debug Static|x64.Build.0 = Debug|x64
		{F2D39E92-1869-4CE0-85B7-88A93D85EEC4}.Debug Static|x86.ActiveCfg = Debug|Win32
		{F2D39E92-1869-4CE0-85B7-88A93D85EEC4}.Debug Static|x86.Build.0 = Debug|Win32
		{F2D39E92-1869-4CE0-85B7-88A93D85EEC4}.Debug|ARM.ActiveCfg = Debug|Win32
		{F2D39E92-1869-4CE0-85B7-88A93D85EEC4}.Debug|x64.ActiveCfg = Debug|x64
		{F2D39E92-1869-4CE0-85B7-88A93D85EEC4}.Debug|x64.Build.0 = Debug|x64
		{F2D39E92-1869-4CE0-85B7-88A93D85EEC4}.Debug|x86.ActiveCfg = Debug|Win32
		{F2D39E92-1869-4CE0-85B7-88A93D85EEC4}.Debug|x86.Build.0 = Debug|Win32
		{F2D39E92-1869-4CE0-85B7-88A93D85EEC4}.MinSizeRel|ARM.ActiveCfg = Release|Win32
		{F2D39E92-1869-4CE0-85B7-88A93D85EEC4}.MinSizeRel|ARM.Build.0 = Release|Win32
		{F2D39E92-1869-4CE0-85B7-88A93D85EEC4}.MinSizeRel|x64.ActiveCfg = Release|x64
		{F2D39E92-1869-4CE0-85B7-88A93D85EEC4}.MinSizeRel|x64.Build.0 = Release|x64
		{F2D39E92-1869-4CE0-85B7-88A93D85EEC4}.MinSizeRel|x86.ActiveCfg = Release|Win32
		{F2D39E92-1869-4CE0-85B7-88A93D85EEC4}.MinSizeRel|x86.Build.0 = Release|Win32
		{F2D39E92-1869-4CE0-85B7-88A93D85EEC4}.Release Static|ARM.ActiveCfg = Release|Win32
		{F2D39E92-1869-4CE0-85B7-88A93D85EEC4}.Release Static|ARM.Build.0 = Release|Win32
		{F2D39E92-1869-4CE0-85B7-88A93D85EEC4}.Release Static|x64.ActiveCfg = Release|x64
		{F2D39E92-1869-4CE0-85B7-88A93D85EEC4}.Release Static|x64.Build.0 = Release|x64
		{F2D39E92-1869-4CE0-85B7-88A93D85EEC4}.Release Static|x86.ActiveCfg = Release|Win32
		{F2D39E92-1869-4CE0-85B7-88A93D85EEC4}.Release Static|x86.Build.0 = Release|Win32
		{F2D39E92-1869-4CE0-85B7-88A93D85EEC4}.Release|ARM.ActiveCfg = Release|Win32
		{F2D39E92-1869-4CE0-85B7-88A93D85EEC4}.Release|x64.ActiveCfg = Release|x64
		{F2D39E92-1869-4CE0-85B7-88A93D85EEC4}.Release|x64.Build.0 = Release|x64
		{F2D39E92-1869-4CE0-85B7-88A93D85EEC4}.Release|x86.ActiveCfg = Release|Win32
		{F2D39E92-1869-4CE0-85B7-88A93D85EEC4}.Release|x86.Build.0 = Release|Win32
		{F2D39E92-1869-4CE0-85B7-88A93D85EEC4}.RelWithDebInfo|ARM.ActiveCfg = Release|Win32
		{F2D39E92-1869-4CE0-85B7-88A93D85EEC4}.RelWithDebInfo|ARM.Build.0 = Release|Win32
		{F2D39E92-1869-4CE0-85B7-88A93D85EEC4}.RelWithDebInfo|x64.ActiveCfg = Release|x64
		{F2D39E92-1869-4CE0-85B7-88A93D85EEC4}.RelWithDebInfo|x64.Build.0 = Release|x64
		{F2D39E92-1869-4CE0-85B7-88A93D85EEC4}.RelWithDebInfo|x86.ActiveCfg = Release|Win32
		{F2D39E92-1869-4CE0-85B7-88A93D85EEC4}.RelWithDebInfo|x86.Build.0 = Release|Win32
		{781AE07D-7E07-4A6A-8FB2-A981B866C8E5}.Debug Static|ARM.ActiveCfg = Release|Win32
		{781AE07D-7E07-4A6A-8FB2-A981B866C8E5}.Debug Static|ARM.Build.0 = Release|Win32
		{781AE07D-7E07-4A6A-8FB2-A981B866C8E5}.Debug Static|x64.ActiveCfg = Debug|x64
		{781AE07D-7E07-4A6A-8FB2-A981B866C8E5}.Debug Static|x64.Build.0 = Debug|x64
		{781AE07D-7E07-4A6A-8FB2-A981B866C8E5}.Debug Static|x86.ActiveCfg = Debug|Win32
		{781AE07D-7E07-4A6A-8FB2-A981B866C8E5}.Debug Static|x86.Build.0 = Debug|Win32
		{781AE07D-7E07-4A6A-8FB2-A981B866C8E5}.Debug|ARM.ActiveCfg = Debug|Win32
		{781AE07D-7E07-4A6A-8FB2-A981B866C8E5}.Debug|x64.ActiveCfg = Debug|x64
		{781AE07D-7E07-4A6A-8FB2-A981B866C8E5}.Debug|x64.Build.0 = Debug|x64
		{781AE07D-7E07-4A6A-8FB2-A981B866C8E5}.Debug|x86.ActiveCfg = Debug|Win32
		{781AE07D-7E07-4A6A-8FB2-A981B866C8E5}.Debug|x86.Build.0 = Debug|Win32
		{781AE07D-7E07-4A6A-8FB2-A981B866C8E5}.MinSizeRel|ARM.ActiveCfg = Release|Win32
		{781AE07D-7E07-4A6A-8FB2-A981B866C8E5}.MinSizeRel|ARM.Build.0 = Release|Win32
		{781AE07D-7E07-4A6A-8FB2-A981B866C8E5}.MinSizeRel|x64.ActiveCfg = Release|x64
		{781AE07D-7E07-4A6A-8FB2-A981B866C8E5}.MinSizeRel|x64.Build.0 = Release|x64
		{781AE07D-7E07-4A6A-8FB2-A981B866C8E5}.MinSizeRel|x86.ActiveCfg = Release|Win32
		{781AE07D-7E07-4A6A-8FB2-A981B866C8E5}.MinSizeRel|x86.Build.0 = Release|Win32
		{781AE07D-7E07-4A6A-8FB2-A981B866C8E5}.Release Static|ARM.ActiveCfg = Release|Win32
		{781AE07D-7E07-4A6A-8FB2-A981B866C8E5}.Release Static|ARM.Build.0 = Release|Win32
		{781AE07D-7E07-4A6A-8FB2-A981B866C8E5}.Release Static|x64.ActiveCfg = Release|x64
		{781AE07D-7E07-4A6A-8FB2-A981B866C8E5}.Release Static|x64.Build.0 = Release|x64
		{781AE07D-7E07-4A6A-8FB2-A981B866C8E5}.Release Static|x86.ActiveCfg = Release|Win32
		{781AE07D-7E07-4A6A-8FB2-A981B866C8E5}.Release Static|x86.Build.0 = Release|Win32
		{781AE07D-7E07-4A6A-8FB2-A981B866C8E5}.Release|ARM.ActiveCfg = Release|Win32
		{781AE07D-7E07-4A6A-8FB2-A981B866C8E5}.Release|x64.ActiveCfg = Release|x64
		{781AE07D-7E07-4A6A-8FB2-A981B866C8E5}.Release|x64.Build.0 = Release|x64
		{781AE07D-7E07-4A6A-8FB2-A981B866C8E5}.Release|x86.ActiveCfg = Release|Win32
		{781AE07D-7E07-4A6A-8FB2-A981B866C8E5}.Release|x86.Build.0 = Release|Win32
		{781AE07D-7E07-4A6A-8FB2-A981B866C8E5}.RelWithDebInfo|ARM.ActiveCfg = Release|Win32
		{781AE07D-7E07-4A6A-8FB2-A981B866C8E5}.RelWithDebInfo|ARM.Build.0 = Release|Win32
		{781AE07D-7E07-4A6A-8FB2-A981B866C8E5}.RelWithDebInfo|x64.ActiveCfg = Release|x64
		{781AE07D-7E07-4A6A-8FB2-A981B866C8E5}.RelWithDebInfo|x64.Build.0 = Release|x64
		{781AE07D-7E07-4A6A-8FB2-A981B866C8E5}.RelWithDebInfo|x86.ActiveCfg = Release|Win32
		{781AE07D-7E07-4A6A-8FB2-A981B866C8E5}.RelWithDebInfo|x86.Build.0 = Release|Win32
		{476AF296-28E8-4CA1-94E5-BD02FCF9F7A1}.Debug Static|ARM.ActiveCfg = Release|Win32
		{476AF296-28E8-4CA1-94E5-BD02FCF9F7A1}.Debug Static|ARM.Build.0 = Release|Win32
		{476AF296-28E8-4CA1-94E5-BD02FCF9F7A1}.Debug Static|x64.ActiveCfg = Debug|x64
		{476AF296-28E8-4CA1-94E5-BD02FCF9F7A1}.Debug Static|x64.Build.0 = Debug|x64
		{476AF296-28E8-4CA1-94E5-BD02FCF9F7A1}.Debug Static|x86.ActiveCfg = Debug|Win32
		{476AF296-28E8-4CA1-94E5-BD02FCF9F7A1}.Debug Static|x86.Build.0 = Debug|Win32
		{476AF296-28E8-4CA1-94E5-BD02FCF9F7A1}.Debug|ARM.ActiveCfg = Debug|Win32
		{476AF296-28E8-4CA1-94E5-BD02FCF9F7A1}.Debug|x64.ActiveCfg = Debug|x64
		{476AF296-28E8-4CA1-94E5-BD02FCF9F7A1}.Debug|x64.Build.0 = Debug|x64
		{476AF296-28E8-4CA1-94E5-BD02FCF9F7A1}.Debug|x86.ActiveCfg = Debug|Win32
		{476AF296-28E8-4CA1-94E5-BD02FCF9F7A1}.Debug|x86.Build.0 = Debug|Win32
		{476AF296-28E8-4CA1-94E5-BD02FCF9F7A1}.MinSizeRel|ARM.ActiveCfg = Release|Win32
		{476AF296-28E8-4CA1-94E5-BD02FCF9F7A1}.MinSizeRel|ARM.Build.0 = Release|Win32
		{476AF296-28E8-4CA1-94E5-BD02FCF9F7A1}.MinSizeRel|x64.ActiveCfg = Release|x64
		{476AF296-28E8-4CA1-94E5-BD02FCF9F7A1}.MinSizeRel|x64.Build.0 = Release|x64
		{476AF296-28E8-4CA1-94E5-BD02FCF9F7A1}.MinSizeRel|x86.ActiveCfg = Release|Win32
		{476AF296-28E8-4CA1-94E5-BD02FCF9F7A1}.MinSizeRel|x86.Build.0 = Release|Win32
		{476AF296-28E8-4CA1-94E5-BD02FCF9F7A1}.Release Static|ARM.ActiveCfg = Release|Win32
		{476AF296-28E8-4CA1-94E5-BD02FCF9F7A1}.Release Static|ARM.Build.0 = Release|Win32
		{476AF296-28E8-4CA1-94E5-BD02FCF9F7A1}.Release Static|x64.ActiveCfg = Release|x64
		{476AF296-28E8-4CA1-94E5-BD02FCF9F7A1}.Release Static|x64.Build.0 = Release|x64
		{476AF296-28E8-4CA1-94E5-BD02FCF9F7A1}.Release Static|x86.ActiveCfg = Release|Win32
		{476AF296-28E8-4CA1-94E5-BD02FCF9F7A1}.Release Static|x86.Build.0 = Release|Win32
		{476AF296-28E8-4CA1-94E5-BD02FCF9F7A1}.Release|ARM.ActiveCfg = Release|Win32
		{476AF296-28E8-4CA1-94E5-BD02FCF9F7A1}.Release|x64.ActiveCfg = Release|x64
		{476AF296-28E8-4CA1-94E5-BD02FCF9F7A1}.Release|x64.Build.0 = Release|x64
		{476AF296-28E8-4CA1-94E5-BD02FCF9F7A1}.Release|x86.ActiveCfg = Release|Win32
		{476AF296-28E8-4CA1-94E5-BD02FCF9F7A1}.Release|x86.Build.0 = Release|Win32
		{476AF296-28E8-4CA1-94E5-BD02FCF9F7A1}.RelWithDebInfo|ARM.ActiveCfg = Release|Win32
		{476AF296-28E8-4CA1-94E5-BD02FCF9F7A1}.RelWithDebInfo|ARM.Build.0 = Release|Win32
		{476AF296-28E8-4CA1-94E5-BD02FCF9F7A1}.RelWithDebInfo|x64.ActiveCfg = Release|x64
		{476AF296-28E8-4CA1-94E5-BD02FCF9F7A1}.RelWithDebInfo|x64.Build.0 = Release|x64
		{476AF296-28E8-4CA1-94E5-BD02FCF9F7A1}.RelWithDebInfo|x86.ActiveCfg = Release|Win32
		{476AF296-28E8-4CA1-94E5-BD02FCF9F7A1}.RelWithDebInfo|x86.Build.0 = Release|Win32
		{6983C2F4-F136-43EC-9FA1-647664EE5CF7}.Debug Static|ARM.ActiveCfg = Release|Win32
		{6983C2F4-F136-43EC-9FA1-647664EE5CF7}.Debug Static|ARM.Build.0 = Release|Win32
		{6983C2F4-F136-43EC-9FA1-647664EE5CF7}.Debug Static|x64.ActiveCfg = Debug|x64
		{6983C2F4-F136-43EC-9FA1-647664EE5CF7}.Debug Static|x64.Build.0 = Debug|x64
		{6983C2F4-F136-43EC-9FA1-647664EE5CF7}.Debug Static|x86.ActiveCfg = Debug|Win32
		{6983C2F4-F136-43EC-9FA1-647664EE5CF7}.Debug Static|x86.Build.0 = Debug|Win32
		{6983C2F4-F136-43EC-9FA1-647664EE5CF7}.Debug|ARM.ActiveCfg = Debug|Win32
		{6983C2F4-F136-43EC-9FA1-647664EE5CF7}.Debug|x64.ActiveCfg = Debug|x64
		{6983C2F4-F136-43EC-9FA1-647664EE5CF7}.Debug|x64.Build.0 = Debug|x64
		{6983C2F4-F136-43EC-9FA1-647664EE5CF7}.Debug|x86.ActiveCfg = Debug|Win32
		{6983C2F4-F136-43EC-9FA1-647664EE5CF7}.Debug|x86.Build.0 = Debug|Win32
		{6983C2F4-F136-43EC-9FA1-647664EE5CF7}.MinSizeRel|ARM.ActiveCfg = Release|Win32
		{6983C2F4-F136-43EC-9FA1-647664EE5CF7}.MinSizeRel|ARM.Build.0 = Release|Win32
		{6983C2F4-F136-43EC-9FA1-647664EE5CF7}.MinSizeRel|x64.ActiveCfg = Release|x64
		{6983C2F4-F136-43EC-9FA1-647664EE5CF7}.MinSizeRel|x64.Build.0 = Release|x64
		{6983C2F4-F136-43EC-9FA1-647664EE5CF7}.MinSizeRel|x86.ActiveCfg = Release|Win32
		{6983C2F4-F136-43EC-9FA1-647664EE5CF7}.MinSizeRel|x86.Build.0 = Release|Win32
		{6983C2F4-F136-43EC-9FA1-647664EE5CF7}.Release Static|ARM.ActiveCfg = Release|Win32
		{6983C2F4-F136-43EC-9FA1-647664EE5CF7}.Release Static|ARM.Build.0 = Release|Win32
		{6983C2F4-F136-43EC-9FA1-647664EE5CF7}.Release Static|x64.ActiveCfg = Release|x64
		{6983C2F4-F136-43EC-9FA1-647664EE5CF7}.Release Static|x64.Build.0 = Release|x64
		{6983C2F4-F136-43EC-9FA1-647664EE5CF7}.Release Static|x86.ActiveCfg = Release|Win32
		{6983C2F4-F136-43EC-9FA1-647664EE5CF7}.Release Static|x86.Build.0 = Release|Win32
		{6983C2F4-F136-43EC-9FA1-647664EE5CF7}.Release|ARM.ActiveCfg = Release|Win32
		{6983C2F4-F136-43EC-9FA1-647664EE5CF7}.Release|x64.ActiveCfg = Release|x64
		{6983C2F4-F136-43EC-9FA1-647664EE5CF7}.Release|x64.Build.0 = Release|x64
		{6983C2F4-F136-43EC-9FA1-647664EE5CF7}.Release|x86.ActiveCfg = Release|Win32
		{6983C2F4-F136-43EC-9FA1-647664EE5CF7}.Release|x86.Build.0 = Release|Win32
		{6983C2F4-F136-43EC-9FA1-647664EE5CF7}.RelWithDebInfo|ARM.ActiveCfg = Release|Win32
		{6983C2F4-F136-43EC-9FA1-647664EE5CF7}.RelWithDebInfo|ARM.Build.0 = Release|Win32
		{6983C2F4-F136-43EC-9FA1-647664EE5CF7}.RelWithDebInfo|x64.ActiveCfg = Release|x64
		{6983C2F4-F136-43EC-9FA1-647664EE5CF7}.RelWithDebInfo|x64.Build.0 = Release|x64
		{6983C2F4-F136-43EC-9FA1-647664EE5CF7}.RelWithDebInfo|x86.ActiveCfg = Release|Win32
		{6983C2F4-F136-43EC-9FA1-647664EE5CF7}.RelWithDebInfo|x86.Build.0 = Release|Win32
		{2FA8C52C-3EB9-4526-BE40-62BA80F4B420}.Debug Static|ARM.ActiveCfg = Release|Win32
		{2FA8C52C-3EB9-4526-BE40-62BA80F4B420}.Debug Static|ARM.Build.0 = Release|Win32
		{2FA8C52C-3EB9-4526-BE40-62BA80F4B420}.Debug Static|x64.ActiveCfg = Debug|x64
		{2FA8C52C-3EB9-4526-BE40-62BA80F4B420}.Debug Static|x64.Build.0 = Debug|x64
		{2FA8C52C-3EB9-4526-BE40-62BA80F4B420}.Debug Static|x86.ActiveCfg = Debug|Win32
		{2FA8C52C-3EB9-4526-BE40-62BA80F4B420}.Debug Static|x86.Build.0 = Debug|Win32
		{2FA8C52C-3EB9-4526-BE40-62BA80F4B420}.Debug|ARM.ActiveCfg = Debug|Win32
		{2FA8C52C-3EB9-4526-BE40-62BA80F4B420}.Debug|x64.ActiveCfg = Debug|x64
		{2FA8C52C-3EB9-4526-BE40-62BA80F4B420}.Debug|x64.Build.0 = Debug|x64
		{2FA8C52C-3EB9-4526-BE40-62BA80F4B420}.Debug|x86.ActiveCfg = Debug|Win32
		{2FA8C52C-3EB9-4526-BE40-62BA80F4B420}.Debug|x86.Build.0 = Debug|Win32
		{2FA8C52C-3EB9-4526-BE40-62BA80F4B420}.MinSizeRel|ARM.ActiveCfg = Release|Win32
		{2FA8C52C-3EB9-4526-BE40-62BA80F4B420}.MinSizeRel|ARM.Build.0 = Release|Win32
		{2FA8C52C-3EB9-4526-BE40-62BA80F4B420}.MinSizeRel|x64.ActiveCfg = Release|x64
		{2FA8C52C-3EB9-4526-BE40-62BA80F4B420}.MinSizeRel|x64.Build.0 = Release|x64
		{2FA8C52C-3EB9-4526-BE40-62BA80F4B420}.MinSizeRel|x86.ActiveCfg = Release|Win32
		{2FA8C52C-3EB9-4526-BE40-62BA80F4B420}.MinSizeRel|x86.Build.0 = Release|Win32
		{2FA8C52C-3EB9-4526-BE40-62BA80F4B420}.Release Static|ARM.ActiveCfg = Release|Win32
		{2FA8C52C-3EB9-4526-BE40-62BA80F4B420}.Release Static|ARM.Build.0 = Release|Win32
		{2FA8C52C-3EB9-4526-BE40-62BA80F4B420}.Release Static|x64.ActiveCfg = Release|x64
		{2FA8C52C-3EB9-4526-BE40-62BA80F4B420}.Release Static|x64.Build.0 = Release|x64
		{2FA8C52C-3EB9-4526-BE40-62BA80F4B420}.Release Static|x86.ActiveCfg = Release|Win32
		{2FA8C52C-3EB9-4526-BE40-62BA80F4B420}.Release Static|x86.Build.0 = Release|Win32
		{2FA8C52C-3EB9-4526-BE40-62BA80F4B420}.Release|ARM.ActiveCfg = Release|Win32
		{2FA8C52C-3EB9-4526-BE40-62BA80F4B420}.Release|x64.ActiveCfg = Release|x64
		{2FA8C52C-3EB9-4526-BE40-62BA80F4B420}.Release|x64.Build.0 = Release|x64
		{2FA8C52C-3EB9-4526-BE40-62BA80F4B420}.Release|x86.ActiveCfg = Release|Win32
		{2FA8C52C-3EB9-4526-BE40-62BA80F4B420}.Release|x86.Build.0 = Release|Win32
		{2FA8C52C-3EB9-4526-BE40-62BA80F4B420}.RelWithDebInfo|ARM.ActiveCfg = Release|Win32
		{2FA8C52C-3EB9-4526-BE40-62BA80F4B420}.RelWithDebInfo|ARM.Build.0 = Release|Win32
		{2FA8C52C-3EB9-4526-BE40-62BA80F4B420}.RelWithDebInfo|x64.ActiveCfg = Release|x64
		{2FA8C52C-3EB9-4526-BE40-62BA80F4B420}.RelWithDebInfo|x64.Build.0 = Release|x64
		{2FA8C52C-3EB9-4526-BE40-62BA80F4B420}.RelWithDebInfo|x86.ActiveCfg = Release|Win32
		{2FA8C52C-3EB9-4526-BE40-62BA80F4B420}.RelWithDebInfo|x86.Build.0 = Release|Win32
		{7AB4B0C9-D974-3A65-ED87-61816B6917CB}.Debug Static|ARM.ActiveCfg = Release|Win32
		{7AB4B0C9-D974-3A65-ED87-61816B6917CB}.Debug Static|ARM.Build.0 = Release|Win32
		{7AB4B0C9-D974-3A65-ED87-61816B6917CB}.Debug Static|x64.ActiveCfg = Debug|x64
		{7AB4B0C9-D974-3A65-ED87-61816B6917CB}.Debug Static|x64.Build.0 = Debug|x64
		{7AB4B0C9-D974-3A65-ED87-61816B6917CB}.Debug Static|x86.ActiveCfg = Debug|Win32
		{7AB4B0C9-D974-3A65-ED87-61816B6917CB}.Debug Static|x86.Build.0 = Debug|Win32
		{7AB4B0C9-D974-3A65-ED87-61816B6917CB}.Debug|ARM.ActiveCfg = Debug|Win32
		{7AB4B0C9-D974-3A65-ED87-61816B6917CB}.Debug|x64.ActiveCfg = Debug|x64
		{7AB4B0C9-D974-3A65-ED87-61816B6917CB}.Debug|x64.Build.0 = Debug|x64
		{7AB4B0C9-D974-3A65-ED87-61816B6917CB}.Debug|x86.ActiveCfg = Debug|Win32
		{7AB4B0C9-D974-3A65-ED87-61816B6917CB}.Debug|x86.Build.0 = Debug|Win32
		{7AB4B0C9-D974-3A65-ED87-61816B6917CB}.MinSizeRel|ARM.ActiveCfg = Release|Win32
		{7AB4B0C9-D974-3A65-ED87-61816B6917CB}.MinSizeRel|ARM.Build.0 = Release|Win32
		{7AB4B0C9-D974-3A65-ED87-61816B6917CB}.MinSizeRel|x64.ActiveCfg = Release|x64
		{7AB4B0C9-D974-3A65-ED87-61816B6917CB}.MinSizeRel|x64.Build.0 = Release|x64
		{7AB4B0C9-D974-3A65-ED87-61816B6917CB}.MinSizeRel|x86.ActiveCfg = Release|Win32
		{7AB4B0C9-D974-3A65-ED87-61816B6917CB}.MinSizeRel|x86.Build.0 = Release|Win32
		{7AB4B0C9-D974-3A65-ED87-61816B6917CB}.Release Static|ARM.ActiveCfg = Release|Win32
		{7AB4B0C9-D974-3A65-ED87-61816B6917CB}.Release Static|ARM.Build.0 = Release|Win32
		{7AB4B0C9-D974-3A65-ED87-61816B6917CB}.Release Static|x64.ActiveCfg = Release|x64
		{7AB4B0C9-D974-3A65-ED87-61816B6917CB}.Release Static|x64.Build.0 = Release|x64
		{7AB4B0C9-D974-3A65-ED87-61816B6917CB}.Release Static|x86.ActiveCfg = Release|Win32
		{7AB4B0C9-D974-3A65-ED87-61816B6917CB}.Release Static|x86.Build.0 = Release|Win32
		{7AB4B0C9-D974-3A65-ED87-61816B6917CB}.Release|ARM.ActiveCfg = Release|Win32
		{7AB4B0C9-D974-3A65-ED87-61816B6917CB}.Release|x64.ActiveCfg = Release|x64
		{7AB4B0C9-D974-3A65-ED87-61816B6917CB}.Release|x64.Build.0 = Release|x64
		{7AB4B0C9-D974-3A65-ED87-61816B6917CB}.Release|x86.ActiveCfg = Release|Win32
		{7AB4B0C9-D974-3A65-ED87-61816B6917CB}.Release|x86.Build.0 = Release|Win32
		{7AB4B0C9-D974-3A65-ED87-61816B6917CB}.RelWithDebInfo|ARM.ActiveCfg = Release|Win32
		{7AB4B0C9-D974-3A65-ED87-61816B6917CB}.RelWithDebInfo|ARM.Build.0 = Release|Win32
		{7AB4B0C9-D974-3A65-ED87-61816B6917CB}.RelWithDebInfo|x64.ActiveCfg = Release|x64
		{7AB4B0C9-D974-3A65-ED87-61816B6917CB}.RelWithDebInfo|x64.Build.0 = Release|x64
		{7AB4B0C9-D974-3A65-ED87-61816B6917CB}.RelWithDebInfo|x86.ActiveCfg = Release|Win32
		{7AB4B0C9-D974-3A65-ED87-61816B6917CB}.RelWithDebInfo|x86.Build.0 = Release|Win32
		{777AC703-C49D-E67C-F2EA-2BEDE272A25F}.Debug Static|ARM.ActiveCfg = Release|Win32
		{777AC703-C49D-E67C-F2EA-2BEDE272A25F}.Debug Static|ARM.Build.0 = Release|Win32
		{777AC703-C49D-E67C-F2EA-2BEDE272A25F}.Debug Static|x64.ActiveCfg = Debug|x64
		{777AC703-C49D-E67C-F2EA-2BEDE272A25F}.Debug Static|x64.Build.0 = Debug|x64
		{777AC703-C49D-E67C-F2EA-2BEDE272A25F}.Debug Static|x86.ActiveCfg = Debug|Win32
		{777AC703-C49D-E67C-F2EA-2BEDE272A25F}.Debug Static|x86.Build.0 = Debug|Win32
		{777AC703-C49D-E67C-F2EA-2BEDE272A25F}.Debug|ARM.ActiveCfg = Debug|Win32
		{777AC703-C49D-E67C-F2EA-2BEDE272A25F}.Debug|x64.ActiveCfg = Debug|x64
		{777AC703-C49D-E67C-F2EA-2BEDE272A25F}.Debug|x64.Build.0 = Debug|x64
		{777AC703-C49D-E67C-F2EA-2BEDE272A25F}.Debug|x86.ActiveCfg = Debug|Win32
		{777AC703-C49D-E67C-F2EA-2BEDE272A25F}.Debug|x86.Build.0 = Debug|Win32
		{777AC703-C49D-E67C-F2EA-2BEDE272A25F}.MinSizeRel|ARM.ActiveCfg = Release|Win32
		{777AC703-C49D-E67C-F2EA-2BEDE272A25F}.MinSizeRel|ARM.Build.0 = Release|Win32
		{777AC703-C49D-E67C-F2EA-2BEDE272A25F}.MinSizeRel|x64.ActiveCfg = Release|x64
		{777AC703-C49D-E67C-F2EA-2BEDE272A25F}.MinSizeRel|x64.Build.0 = Release|x64
		{777AC703-C49D-E67C-F2EA-2BEDE272A25F}.MinSizeRel|x86.ActiveCfg = Release|Win32
		{777AC703-C49D-E67C-F2EA-2BEDE272A25F}.MinSizeRel|x86.Build.0 = Release|Win32
		{777AC703-C49D-E67C-F2EA-2BEDE272A25F}.Release Static|ARM.ActiveCfg = Release|Win32
		{777AC703-C49D-E67C-F2EA-2BEDE272A25F}.Release Static|ARM.Build.0 = Release|Win32
		{777AC703-C49D-E67C-F2EA-2BEDE272A25F}.Release Static|x64.ActiveCfg = Release|x64
		{777AC703-C49D-E67C-F2EA-2BEDE272A25F}.Release Static|x64.Build.0 = Release|x64
		{777AC703-C49D-E67C-F2EA-2BEDE272A25F}.Release Static|x86.ActiveCfg = Release|Win32
		{777AC703-C49D-E67C-F2EA-2BEDE272A25F}.Release Static|x86.Build.0 = Release|Win32
		{777AC703-C49D-E67C-F2EA-2BEDE272A25F}.Release|ARM.ActiveCfg = Release|Win32
		{777AC703-C49D-E67C-F2EA-2BEDE272A25F}.Release|x64.ActiveCfg = Release|x64
		{777AC703-C49D-E67C-F2EA-2BEDE272A25F}.Release|x64.Build.0 = Release|x64
		{777AC703-C49D-E67C-F2EA-2BEDE272A25F}.Release|x86.ActiveCfg = Release|Win32
		{777AC703-C49D-E67C-F2EA-2BEDE272A25F}.Release|x86.Build.0 = Release|Win32
		{777AC703-C49D-E67C-F2EA-2BEDE272A25F}.RelWithDebInfo|ARM.ActiveCfg = Release|Win32
		{777AC703-C49D-E67C-F2EA-2BEDE272A25F}.RelWithDebInfo|ARM.Build.0 = Release|Win32
		{777AC703-C49D-E67C-F2EA-2BEDE272A25F}.RelWithDebInfo|x64.ActiveCfg = Release|x64
		{777AC703-C49D-E67C-F2EA-2BEDE272A25F}.RelWithDebInfo|x64.Build.0 = Release|x64
		{777AC703-C49D-E67C-F2EA-2BEDE272A25F}.RelWithDebInfo|x86.ActiveCfg = Release|Win32
		{777AC703-C49D-E67C-F2EA-2BEDE272A25F}.RelWithDebInfo|x86.Build.0 = Release|Win32
		{D5D676ED-C189-2A6B-8DE3-F4CA6175550F}.Debug Static|ARM.ActiveCfg = Release|Win32
		{D5D676ED-C189-2A6B-8DE3-F4CA6175550F}.Debug Static|ARM.Build.0 = Release|Win32
		{D5D676ED-C189-2A6B-8DE3-F4CA6175550F}.Debug Static|x64.ActiveCfg = Debug|x64
		{D5D676ED-C189-2A6B-8DE3-F4CA6175550F}.Debug Static|x64.Build.0 = Debug|x64
		{D5D676ED-C189-2A6B-8DE3-F4CA6175550F}.Debug Static|x86.ActiveCfg = Debug|Win32
		{D5D676ED-C189-2A6B-8DE3-F4CA6175550F}.Debug Static|x86.Build.0 = Debug|Win32
		{D5D676ED-C189-2A6B-8DE3-F4CA6175550F}.Debug|ARM.ActiveCfg = Debug|Win32
		{D5D676ED-C189-2A6B-8DE3-F4CA6175550F}.Debug|x64.ActiveCfg = Debug|x64
		{D5D676ED-C189-2A6B-8DE3-F4CA6175550F}.Debug|x64.Build.0 = Debug|x64
		{D5D676ED-C189-2A6B-8DE3-F4CA6175550F}.Debug|x86.ActiveCfg = Debug|Win32
		{D5D676ED-C189-2A6B-8DE3-F4CA6175550F}.Debug|x86.Build.0 = Debug|Win32
		{D5D676ED-C189-2A6B-8DE3-F4CA6175550F}.MinSizeRel|ARM.ActiveCfg = Release|Win32
		{D5D676ED-C189-2A6B-8DE3-F4CA6175550F}.MinSizeRel|ARM.Build.0 = Release|Win32
		{D5D676ED-C189-2A6B-8DE3-F4CA6175550F}.MinSizeRel|x64.ActiveCfg = Release|x64
		{D5D676ED-C189-2A6B-8DE3-F4CA6175550F}.MinSizeRel|x64.Build.0 = Release|x64
		{D5D676ED-C189-2A6B-8DE3-F4CA6175550F}.MinSizeRel|x86.ActiveCfg = Release|Win32
		{D5D676ED-C189-2A6B-8DE3-F4CA6175550F}.MinSizeRel|x86.Build.0 = Release|Win32
		{D5D676ED-C189-2A6B-8DE3-F4CA6175550F}.Release Static|ARM.ActiveCfg = Release|Win32
		{D5D676ED-C189-2A6B-8DE3-F4CA6175550F}.Release Static|ARM.Build.0 = Release|Win32
		{D5D676ED-C189-2A6B-8DE3-F4CA6175550F}.Release Static|x64.ActiveCfg = Release|x64
		{D5D676ED-C189-2A6B-8DE3-F4CA6175550F}.Release Static|x64.Build.0 = Release|x64
		{D5D676ED-C189-2A6B-8DE3-F4CA6175550F}.Release Static|x86.ActiveCfg = Release|Win32
		{D5D676ED-C189-2A6B-8DE3-F4CA6175550F}.Release Static|x86.Build.0 = Release|Win32
		{D5D676ED-C189-2A6B-8DE3-F4CA6175550F}.Release|ARM.ActiveCfg = Release|Win32
		{D5D676ED-C189-2A6B-8DE3-F4CA6175550F}.Release|x64.ActiveCfg = Release|x64
		{D5D676ED-C189-2A6B-8DE3-F4CA6175550F}.Release|x64.Build.0 = Release|x64
		{D5D676ED-C189-2A6B-8DE3-F4CA6175550F}.Release|x86.ActiveCfg = Release|Win32
		{D5D676ED-C189-2A6B-8DE3-F4CA6175550F}.Release|x86.Build.0 = Release|Win32
		{D5D676ED-C189-2A6B-8DE3-F4CA6175550F}.RelWithDebInfo|ARM.ActiveCfg = Release|Win32
		{D5D676ED-C189-2A6B-8DE3-F4CA6175550F}.RelWithDebInfo|ARM.Build.0 = Release|Win32
		{D5D676ED-C189-2A6B-8DE3-F4CA6175550F}.RelWithDebInfo|x64.ActiveCfg = Release|x64
		{D5D676ED-C189-2A6B-8DE3-F4CA6175550F}.RelWithDebInfo|x64.Build.0 = Release|x64
		{D5D676ED-C189-2A6B-8DE3-F4CA6175550F}.RelWithDebInfo|x86.ActiveCfg = Release|Win32
		{D5D676ED-C189-2A6B-8DE3-F4CA6175550F}.RelWithDebInfo|x86.Build.0 = Release|Win32
		{9767C383-B58A-AB1E-4713-CF8FC5BA2B7E}.Debug Static|ARM.ActiveCfg = Release|Win32
		{9767C383-B58A-AB1E-4713-CF8FC5BA2B7E}.Debug Static|ARM.Build.0 = Release|Win32
		{9767C383-B58A-AB1E-4713-CF8FC5BA2B7E}.Debug Static|x64.ActiveCfg = Debug|x64
		{9767C383-B58A-AB1E-4713-CF8FC5BA2B7E}.Debug Static|x64.Build.0 = Debug|x64
		{9767C383-B58A-AB1E-4713-CF8FC5BA2B7E}.Debug Static|x86.ActiveCfg = Debug|Win32
		{9767C383-B58A-AB1E-4713-CF8FC5BA2B7E}.Debug Static|x86.Build.0 = Debug|Win32
		{9767C383-B58A-AB1E-4713-CF8FC5BA2B7E}.Debug|ARM.ActiveCfg = Debug|Win32
		{9767C383-B58A-AB1E-4713-CF8FC5BA2B7E}.Debug|x64.ActiveCfg = Debug|x64
		{9767C383-B58A-AB1E-4713-CF8FC5BA2B7E}.Debug|x64.Build.0 = Debug|x64
		{9767C383-B58A-AB1E-4713-CF8FC5BA2B7E}.Debug|x86.ActiveCfg = Debug|Win32
		{9767C383-B58A-AB1E-4713-CF8FC5BA2B7E}.Debug|x86.Build.0 = Debug|Win32
		{9767C383-B58A-AB1E-4713-CF8FC5BA2B7E}.MinSizeRel|ARM.ActiveCfg = Release|Win32
		{9767C383-B58A-AB1E-4713-CF8FC5BA2B7E}.MinSizeRel|ARM.Build.0 = Release|Win32
		{9767C383-B58A-AB1E-4713-CF8FC5BA2B7E}.MinSizeRel|x64.ActiveCfg = Release|x64
		{9767C383-B58A-AB1E-4713-CF8FC5BA2B7E}.MinSizeRel|x64.Build.0 = Release|x64
		{9767C383-B58A-AB1E-4713-CF8FC5BA2B7E}.MinSizeRel|x86.ActiveCfg = Release|Win32
		{9767C383-B58A-AB1E-4713-CF8FC5BA2B7E}.MinSizeRel|x86.Build.0 = Release|Win32
		{9767C383-B58A-AB1E-4713-CF8FC5BA2B7E}.Release Static|ARM.ActiveCfg = Release|Win32
		{9767C383-B58A-AB1E-4713-CF8FC5BA2B7E}.Release Static|ARM.Build.0 = Release|Win32
		{9767C383-B58A-AB1E-4713-CF8FC5BA2B7E}.Release Static|x64.ActiveCfg = Release|x64
		{9767C383-B58A-AB1E-4713-CF8FC5BA2B7E}.Release Static|x64.Build.0 = Release|x64
		{9767C383-B58A-AB1E-4713-CF8FC5BA2B7E}.Release Static|x86.ActiveCfg = Release|Win32
		{9767C383-B58A-AB1E-4713-CF8FC5BA2B7E}.Release Static|x86.Build.0 = Release|Win32
		{9767C383-B58A-AB1E-4713-CF8FC5BA2B7E}.Release|ARM.ActiveCfg = Release|Win32
		{9767C383-B58A-AB1E-4713-CF8FC5BA2B7E}.Release|x64.ActiveCfg = Release|x64
		{9767C383-B58A-AB1E-4713-CF8FC5BA2B7E}.Release|x64.Build.0 = Release|x64
		{9767C383-B58A-AB1E-4713-CF8FC5BA2B7E}.Release|x86.ActiveCfg = Release|Win32
		{9767C383-B58A-AB1E-4713-CF8FC5BA2B7E}.Release|x86.Build.0 = Release|Win32
		{9767C383-B58A-AB1E-4713-CF8FC5BA2B7E}.RelWithDebInfo|ARM.ActiveCfg = Release|Win32
		{9767C383-B58A-AB1E-4713-CF8FC5BA2B7E}.RelWithDebInfo|ARM.Build.0 = Release|Win32
		{9767C383-B58A-AB1E-4713-CF8FC5BA2B7E}.RelWithDebInfo|x64.ActiveCfg = Release|x64
		{9767C383-B58A-AB1E-4713-CF8FC5BA2B7E}.RelWithDebInfo|x64.Build.0 = Release|x64
		{9767C383-B58A-AB1E-4713-CF8FC5BA2B7E}.RelWithDebInfo|x86.ActiveCfg = Release|Win32
		{9767C383-B58A-AB1E-4713-CF8FC5BA2B7E}.RelWithDebInfo|x86.Build.0 = Release|Win32
		{40A1229C-43E3-9BDF-4631-09FCBCBA9924}.Debug Static|ARM.ActiveCfg = Release|Win32
		{40A1229C-43E3-9BDF-4631-09FCBCBA9924}.Debug Static|ARM.Build.0 = Release|Win32
		{40A1229C-43E3-9BDF-4631-09FCBCBA9924}.Debug Static|x64.ActiveCfg = Debug|x64
		{40A1229C-43E3-9BDF-4631-09FCBCBA9924}.Debug Static|x64.Build.0 = Debug|x64
		{40A1229C-43E3-9BDF-4631-09FCBCBA9924}.Debug Static|x86.ActiveCfg = Debug|Win32
		{40A1229C-43E3-9BDF-4631-09FCBCBA9924}.Debug Static|x86.Build.0 = Debug|Win32
		{40A1229C-43E3-9BDF-4631-09FCBCBA9924}.Debug|ARM.ActiveCfg = Debug|Win32
		{40A1229C-43E3-9BDF-4631-09FCBCBA9924}.Debug|x64.ActiveCfg = Debug|x64
		{40A1229C-43E3-9BDF-4631-09FCBCBA9924}.Debug|x64.Build.0 = Debug|x64
		{40A1229C-43E3-9BDF-4631-09FCBCBA9924}.Debug|x86.ActiveCfg = Debug|Win32
		{40A1229C-43E3-9BDF-4631-09FCBCBA9924}.Debug|x86.Build.0 = Debug|Win32
		{40A1229C-43E3-9BDF-4631-09FCBCBA9924}.MinSizeRel|ARM.ActiveCfg = Release|Win32
		{40A1229C-43E3-9BDF-4631-09FCBCBA9924}.MinSizeRel|ARM.Build.0 = Release|Win32
		{40A1229C-43E3-9BDF-4631-09FCBCBA9924}.MinSizeRel|x64.ActiveCfg = Release|x64
		{40A1229C-43E3-9BDF-4631-09FCBCBA9924}.MinSizeRel|x64.Build.0 = Release|x64
		{40A1229C-43E3-9BDF-4631-09FCBCBA9924}.MinSizeRel|x86.ActiveCfg = Release|Win32
		{40A1229C-43E3-9BDF-4631-09FCBCBA9924}.MinSizeRel|x86.Build.0 = Release|Win32
		{40A1229C-43E3-9BDF-4631-09FCBCBA9924}.Release Static|ARM.ActiveCfg = Release|Win32
		{40A1229C-43E3-9BDF-4631-09FCBCBA9924}.Release Static|ARM.Build.0 = Release|Win32
		{40A1229C-43E3-9BDF-4631-09FCBCBA9924}.Release Static|x64.ActiveCfg = Release|x64
		{40A1229C-43E3-9BDF-4631-09FCBCBA9924}.Release Static|x64.Build.0 = Release|x64
		{40A1229C-43E3-9BDF-4631-09FCBCBA9924}.Release Static|x86.ActiveCfg = Release|Win32
		{40A1229C-43E3-9BDF-4631-09FCBCBA9924}.Release Static|x86.Build.0 = Release|Win32
		{40A1229C-43E3-9BDF-4631-09FCBCBA9924}.Release|ARM.ActiveCfg = Release|Win32
		{40A1229C-43E3-9BDF-4631-09FCBCBA9924}.Release|x64.ActiveCfg = Release|x64
		{40A1229C-43E3-9BDF-4631-09FCBCBA9924}.Release|x64.Build.0 = Release|x64
		{40A1229C-43E3-9BDF-4631-09FCBCBA9924}.Release|x86.ActiveCfg = Release|Win32
		{40A1229C-43E3-9BDF-4631-09FCBCBA9924}.Release|x86.Build.0 = Release|Win32
		{40A1229C-43E3-9BDF-4631-09FCBCBA9924}.RelWithDebInfo|ARM.ActiveCfg = Release|Win32
		{40A1229C-43E3-9BDF-4631-09FCBCBA9924}.RelWithDebInfo|ARM.Build.0 = Release|Win32
		{40A1229C-43E3-9BDF-4631-09FCBCBA9924}.RelWithDebInfo|x64.ActiveCfg = Release|x64
		{40A1229C-43E3-9BDF-4631-09FCBCBA9924}.RelWithDebInfo|x64.Build.0 = Release|x64
		{40A1229C-43E3-9BDF-4631-09FCBCBA9924}.RelWithDebInfo|x86.ActiveCfg = Release|Win32
		{40A1229C-43E3-9BDF-4631-09FCBCBA9924}.RelWithDebInfo|x86.Build.0 = Release|Win32
		{849D6AB5-9713-E302-D4B5-C6E1DA8F3ABF}.Debug Static|ARM.ActiveCfg = Release|x64
		{849D6AB5-9713-E302-D4B5-C6E1DA8F3ABF}.Debug Static|ARM.Build.0 = Release|x64
		{849D6AB5-9713-E302-D4B5-C6E1DA8F3ABF}.Debug Static|x64.ActiveCfg = Debug|x64
		{849D6AB5-9713-E302-D4B5-C6E1DA8F3ABF}.Debug Static|x64.Build.0 = Debug|x64
		{849D6AB5-9713-E302-D4B5-C6E1DA8F3ABF}.Debug Static|x86.ActiveCfg = Release|x64
		{849D6AB5-9713-E302-D4B5-C6E1DA8F3ABF}.Debug Static|x86.Build.0 = Release|x64
		{849D6AB5-9713-E302-D4B5-C6E1DA8F3ABF}.Debug|ARM.ActiveCfg = Debug|x64
		{849D6AB5-9713-E302-D4B5-C6E1DA8F3ABF}.Debug|x64.ActiveCfg = Debug|x64
		{849D6AB5-9713-E302-D4B5-C6E1DA8F3ABF}.Debug|x64.Build.0 = Debug|x64
		{849D6AB5-9713-E302-D4B5-C6E1DA8F3ABF}.Debug|x86.ActiveCfg = Debug|x64
		{849D6AB5-9713-E302-D4B5-C6E1DA8F3ABF}.MinSizeRel|ARM.ActiveCfg = Release|x64
		{849D6AB5-9713-E302-D4B5-C6E1DA8F3ABF}.MinSizeRel|ARM.Build.0 = Release|x64
		{849D6AB5-9713-E302-D4B5-C6E1DA8F3ABF}.MinSizeRel|x64.ActiveCfg = Release|x64
		{849D6AB5-9713-E302-D4B5-C6E1DA8F3ABF}.MinSizeRel|x64.Build.0 = Release|x64
		{849D6AB5-9713-E302-D4B5-C6E1DA8F3ABF}.MinSizeRel|x86.ActiveCfg = Release|x64
		{849D6AB5-9713-E302-D4B5-C6E1DA8F3ABF}.MinSizeRel|x86.Build.0 = Release|x64
		{849D6AB5-9713-E302-D4B5-C6E1DA8F3ABF}.Release Static|ARM.ActiveCfg = Release|x64
		{849D6AB5-9713-E302-D4B5-C6E1DA8F3ABF}.Release Static|ARM.Build.0 = Release|x64
		{849D6AB5-9713-E302-D4B5-C6E1DA8F3ABF}.Release Static|x64.ActiveCfg = Release|x64
		{849D6AB5-9713-E302-D4B5-C6E1DA8F3ABF}.Release Static|x64.Build.0 = Release|x64
		{849D6AB5-9713-E302-D4B5-C6E1DA8F3ABF}.Release Static|x86.ActiveCfg = Release|x64
		{849D6AB5-9713-E302-D4B5-C6E1DA8F3ABF}.Release Static|x86.Build.0 = Release|x64
		{849D6AB5-9713-E302-D4B5-C6E1DA8F3ABF}.Release|ARM.ActiveCfg = Release|x64
		{849D6AB5-9713-E302-D4B5-C6E1DA8F3ABF}.Release|x64.ActiveCfg = Release|x64
		{849D6AB5-9713-E302-D4B5-C6E1DA8F3ABF}.Release|x64.Build.0 = Release|x64
		{849D6AB5-9713-E302-D4B5-C6E1DA8F3ABF}.Release|x86.ActiveCfg = Release|x64
		{849D6AB5-9713-E302-D4B5-C6E1DA8F3ABF}.RelWithDebInfo|ARM.ActiveCfg = Release|x64
		{849D6AB5-9713-E302-D4B5-C6E1DA8F3ABF}.RelWithDebInfo|ARM.Build.0 = Release|x64
		{849D6AB5-9713-E302-D4B5-C6E1DA8F3ABF}.RelWithDebInfo|x64.ActiveCfg = Release|x64
		{849D6AB5-9713-E302-D4B5-C6E1DA8F3ABF}.RelWithDebInfo|x64.Build.0 = Release|x64
		{849D6AB5-9713-E302-D4B5-C6E1DA8F3ABF}.RelWithDebInfo|x86.ActiveCfg = Release|x64
		{849D6AB5-9713-E302-D4B5-C6E1DA8F3ABF}.RelWithDebInfo|x86.Build.0 = Release|x64
		{D51F95B2-D343-6B88-7902-C392ACC99260}.Debug Static|ARM.ActiveCfg = Release|Win32
		{D51F95B2-D343-6B88-7902-C392ACC99260}.Debug Static|ARM.Build.0 = Release|Win32
		{D51F95B2-D343-6B88-7902-C392ACC99260}.Debug Static|x64.ActiveCfg = Debug|x64
		{D51F95B2-D343-6B88-7902-C392ACC99260}.Debug Static|x64.Build.0 = Debug|x64
		{D51F95B2-D343-6B88-7902-C392ACC99260}.Debug Static|x86.ActiveCfg = Debug|Win32
		{D51F95B2-D343-6B88-7902-C392ACC99260}.Debug Static|x86.Build.0 = Debug|Win32
		{D51F95B2-D343-6B88-7902-C392ACC99260}.Debug|ARM.ActiveCfg = Debug|Win32
		{D51F95B2-D343-6B88-7902-C392ACC99260}.Debug|x64.ActiveCfg = Debug|x64
		{D51F95B2-D343-6B88-7902-C392ACC99260}.Debug|x64.Build.0 = Debug|x64
		{D51F95B2-D343-6B88-7902-C392ACC99260}.Debug|x86.ActiveCfg = Debug|Win32
		{D51F95B2-D343-6B88-7902-C392ACC99260}.Debug|x86.Build.0 = Debug|Win32
		{D51F95B2-D343-6B88-7902-C392ACC99260}.MinSizeRel|ARM.ActiveCfg = Release|Win32
		{D51F95B2-D343-6B88-7902-C392ACC99260}.MinSizeRel|ARM.Build.0 = Release|Win32
		{D51F95B2-D343-6B88-7902-C392ACC99260}.MinSizeRel|x64.ActiveCfg = Release|x64
		{D51F95B2-D343-6B88-7902-C392ACC99260}.MinSizeRel|x64.Build.0 = Release|x64
		{D51F95B2-D343-6B88-7902-C392ACC99260}.MinSizeRel|x86.ActiveCfg = Release|Win32
		{D51F95B2-D343-6B88-7902-C392ACC99260}.MinSizeRel|x86.Build.0 = Release|Win32
		{D51F95B2-D343-6B88-7902-C392ACC99260}.Release Static|ARM.ActiveCfg = Release|Win32
		{D51F95B2-D343-6B88-7902-C392ACC99260}.Release Static|ARM.Build.0 = Release|Win32
		{D51F95B2-D343-6B88-7902-C392ACC99260}.Release Static|x64.ActiveCfg = Release|x64
		{D51F95B2-D343-6B88-7902-C392ACC99260}.Release Static|x64.Build.0 = Release|x64
		{D51F95B2-D343-6B88-7902-C392ACC99260}.Release Static|x86.ActiveCfg = Release|Win32
		{D51F95B2-D343-6B88-7902-C392ACC99260}.Release Static|x86.Build.0 = Release|Win32
		{D51F95B2-D343-6B88-7902-C392ACC99260}.Release|ARM.ActiveCfg = Release|Win32
		{D51F95B2-D343-6B88-7902-C392ACC99260}.Release|x64.ActiveCfg = Release|x64
		{D51F95B2-D343-6B88-7902-C392ACC99260}.Release|x64.Build.0 = Release|x64
		{D51F95B2-D343-6B88-7902-C392ACC99260}.Release|x86.ActiveCfg = Release|Win32
		{D51F95B2-D343-6B88-7902-C392ACC99260}.Release|x86.Build.0 = Release|Win32
		{D51F95B2-D343-6B88-7902-C392ACC99260}.RelWithDebInfo|ARM.ActiveCfg = Release|Win32
		{D51F95B2-D343-6B88-7902-C392ACC99260}.RelWithDebInfo|ARM.Build.0 = Release|Win32
		{D51F95B2-D343-6B88-7902-C392ACC99260}.RelWithDebInfo|x64.ActiveCfg = Release|x64
		{D51F95B2-D343-6B88-7902-C392ACC99260}.RelWithDebInfo|x64.Build.0 = Release|x64
		{D51F95B2-D343-6B88-7902-C392ACC99260}.RelWithDebInfo|x86.ActiveCfg = Release|Win32
		{D51F95B2-D343-6B88-7902-C392ACC99260}.RelWithDebInfo|x86.Build.0 = Release|Win32
		{57490695-C394-29E7-0E4F-90A06C9B8B9A}.Debug Static|ARM.ActiveCfg = Release|Win32
		{57490695-C394-29E7-0E4F-90A06C9B8B9A}.Debug Static|ARM.Build.0 = Release|Win32
		{57490695-C394-29E7-0E4F-90A06C9B8B9A}.Debug Static|x64.ActiveCfg = Debug|x64
		{57490695-C394-29E7-0E4F-90A06C9B8B9A}.Debug Static|x64.Build.0 = Debug|x64
		{57490695-C394-29E7-0E4F-90A06C9B8B9A}.Debug Static|x86.ActiveCfg = Debug|Win32
		{57490695-C394-29E7-0E4F-90A06C9B8B9A}.Debug Static|x86.Build.0 = Debug|Win32
		{57490695-C394-29E7-0E4F-90A06C9B8B9A}.Debug|ARM.ActiveCfg = Debug|Win32
		{57490695-C394-29E7-0E4F-90A06C9B8B9A}.Debug|x64.ActiveCfg = Debug|x64
		{57490695-C394-29E7-0E4F-90A06C9B8B9A}.Debug|x64.Build.0 = Debug|x64
		{57490695-C394-29E7-0E4F-90A06C9B8B9A}.Debug|x86.ActiveCfg = Debug|Win32
		{57490695-C394-29E7-0E4F-90A06C9B8B9A}.Debug|x86.Build.0 = Debug|Win32
		{57490695-C394-29E7-0E4F-90A06C9B8B9A}.MinSizeRel|ARM.ActiveCfg = Release|Win32
		{57490695-C394-29E7-0E4F-90A06C9B8B9A}.MinSizeRel|ARM.Build.0 = Release|Win32
		{57490695-C394-29E7-0E4F-90A06C9B8B9A}.MinSizeRel|x64.ActiveCfg = Release|x64
		{57490695-C394-29E7-0E4F-90A06C9B8B9A}.MinSizeRel|x64.Build.0 = Release|x64
		{57490695-C394-29E7-0E4F-90A06C9B8B9A}.MinSizeRel|x86.ActiveCfg = Release|Win32
		{57490695-C394-29E7-0E4F-90A06C9B8B9A}.MinSizeRel|x86.Build.0 = Release|Win32
		{57490695-C394-29E7-0E4F-90A06C9B8B9A}.Release Static|ARM.ActiveCfg = Release|Win32
		{57490695-C394-29E7-0E4F-90A06C9B8B9A}.Release Static|ARM.Build.0 = Release|Win32
		{57490695-C394-29E7-0E4F-90A06C9B8B9A}.Release Static|x64.ActiveCfg = Release|x64
		{57490695-C394-29E7-0E4F-90A06C9B8B9A}.Release Static|x64.Build.0 = Release|x64
		{57490695-C394-29E7-0E4F-90A06C9B8B9A}.Release Static|x86.ActiveCfg = Release|Win32
		{57490695-C394-29E7-0E4F-90A06C9B8B9A}.Release Static|x86.Build.0 = Release|Win32
		{57490695-C394-29E7-0E4F-90A06C9B8B9A}.Release|ARM.ActiveCfg = Release|Win32
		{57490695-C394-29E7-0E4F-90A06C9B8B9A}.Release|x64.ActiveCfg = Release|x64
		{57490695-C394-29E7-0E4F-90A06C9B8B9A}.Release|x64.Build.0 = Release|x64
		{57490695-C394-29E7-0E4F-90A06C9B8B9A}.Release|x86.ActiveCfg = Release|Win32
		{57490695-C394-29E7-0E4F-90A06C9B8B9A}.Release|x86.Build.0 = Release|Win32
		{57490695-C394-29E7-0E4F-90A06C9B8B9A}.RelWithDebInfo|ARM.ActiveCfg = Release|Win32
		{57490695-C394-29E7-0E4F-90A06C9B8B9A}.RelWithDebInfo|ARM.Build.0 = Release|Win32
		{57490695-C394-29E7-0E4F-90A06C9B8B9A}.RelWithDebInfo|x64.ActiveCfg = Release|x64
		{57490695-C394-29E7-0E4F-90A06C9B8B9A}.RelWithDebInfo|x64.Build.0 = Release|x64
		{57490695-C394-29E7-0E4F-90A06C9B8B9A}.RelWithDebInfo|x86.ActiveCfg = Release|Win32
		{57490695-C394-29E7-0E4F-90A06C9B8B9A}.RelWithDebInfo|x86.Build.0 = Release|Win32
		{D1888003-E946-0409-A84B-2643C9A46B76}.Debug Static|ARM.ActiveCfg = Release|Win32
		{D1888003-E946-0409-A84B-2643C9A46B76}.Debug Static|ARM.Build.0 = Release|Win32
		{D1888003-E946-0409-A84B-2643C9A46B76}.Debug Static|x64.ActiveCfg = Debug|x64
		{D1888003-E946-0409-A84B-2643C9A46B76}.Debug Static|x64.Build.0 = Debug|x64
		{D1888003-E946-0409-A84B-2643C9A46B76}.Debug Static|x86.ActiveCfg = Debug|Win32
		{D1888003-E946-0409-A84B-2643C9A46B76}.Debug Static|x86.Build.0 = Debug|Win32
		{D1888003-E946-0409-A84B-2643C9A46B76}.Debug|ARM.ActiveCfg = Debug|Win32
		{D1888003-E946-0409-A84B-2643C9A46B76}.Debug|x64.ActiveCfg = Debug|x64
		{D1888003-E946-0409-A84B-2643C9A46B76}.Debug|x64.Build.0 = Debug|x64
		{D1888003-E946-0409-A84B-2643C9A46B76}.Debug|x86.ActiveCfg = Debug|Win32
		{D1888003-E946-0409-A84B-2643C9A46B76}.Debug|x86.Build.0 = Debug|Win32
		{D1888003-E946-0409-A84B-2643C9A46B76}.MinSizeRel|ARM.ActiveCfg = Release|Win32
		{D1888003-E946-0409-A84B-2643C9A46B76}.MinSizeRel|ARM.Build.0 = Release|Win32
		{D1888003-E946-0409-A84B-2643C9A46B76}.MinSizeRel|x64.ActiveCfg = Release|x64
		{D1888003-E946-0409-A84B-2643C9A46B76}.MinSizeRel|x64.Build.0 = Release|x64
		{D1888003-E946-0409-A84B-2643C9A46B76}.MinSizeRel|x86.ActiveCfg = Release|Win32
		{D1888003-E946-0409-A84B-2643C9A46B76}.MinSizeRel|x86.Build.0 = Release|Win32
		{D1888003-E946-0409-A84B-2643C9A46B76}.Release Static|ARM.ActiveCfg = Release|Win32
		{D1888003-E946-0409-A84B-2643C9A46B76}.Release Static|ARM.Build.0 = Release|Win32
		{D1888003-E946-0409-A84B-2643C9A46B76}.Release Static|x64.ActiveCfg = Release|x64
		{D1888003-E946-0409-A84B-2643C9A46B76}.Release Static|x64.Build.0 = Release|x64
		{D1888003-E946-0409-A84B-2643C9A46B76}.Release Static|x86.ActiveCfg = Release|Win32
		{D1888003-E946-0409-A84B-2643C9A46B76}.Release Static|x86.Build.0 = Release|Win32
		{D1888003-E946-0409-A84B-2643C9A46B76}.Release|ARM.ActiveCfg = Release|Win32
		{D1888003-E946-0409-A84B-2643C9A46B76}.Release|x64.ActiveCfg = Release|x64
		{D1888003-E946-0409-A84B-2643C9A46B76}.Release|x64.Build.0 = Release|x64
		{D1888003-E946-0409-A84B-2643C9A46B76}.Release|x86.ActiveCfg = Release|Win32
		{D1888003-E946-0409-A84B-2643C9A46B76}.Release|x86.Build.0 = Release|Win32
		{D1888003-E946-0409-A84B-2643C9A46B76}.RelWithDebInfo|ARM.ActiveCfg = Release|Win32
		{D1888003-E946-0409-A84B-2643C9A46B76}.RelWithDebInfo|ARM.Build.0 = Release|Win32
		{D1888003-E946-0409-A84B-2643C9A46B76}.RelWithDebInfo|x64.ActiveCfg = Release|x64
		{D1888003-E946-0409-A84B-2643C9A46B76}.RelWithDebInfo|x64.Build.0 = Release|x64
		{D1888003-E946-0409-A84B-2643C9A46B76}.RelWithDebInfo|x86.ActiveCfg = Release|Win32
		{D1888003-E946-0409-A84B-2643C9A46B76}.RelWithDebInfo|x86.Build.0 = Release|Win32
		{FA592B99-A032-6FBC-4F31-3E45774A1EDA}.Debug Static|ARM.ActiveCfg = Release|Win32
		{FA592B99-A032-6FBC-4F31-3E45774A1EDA}.Debug Static|ARM.Build.0 = Release|Win32
		{FA592B99-A032-6FBC-4F31-3E45774A1EDA}.Debug Static|x64.ActiveCfg = Debug|x64
		{FA592B99-A032-6FBC-4F31-3E45774A1EDA}.Debug Static|x64.Build.0 = Debug|x64
		{FA592B99-A032-6FBC-4F31-3E45774A1EDA}.Debug Static|x86.ActiveCfg = Debug|Win32
		{FA592B99-A032-6FBC-4F31-3E45774A1EDA}.Debug Static|x86.Build.0 = Debug|Win32
		{FA592B99-A032-6FBC-4F31-3E45774A1EDA}.Debug|ARM.ActiveCfg = Debug|Win32
		{FA592B99-A032-6FBC-4F31-3E45774A1EDA}.Debug|x64.ActiveCfg = Debug|x64
		{FA592B99-A032-6FBC-4F31-3E45774A1EDA}.Debug|x64.Build.0 = Debug|x64
		{FA592B99-A032-6FBC-4F31-3E45774A1EDA}.Debug|x86.ActiveCfg = Debug|Win32
		{FA592B99-A032-6FBC-4F31-3E45774A1EDA}.Debug|x86.Build.0 = Debug|Win32
		{FA592B99-A032-6FBC-4F31-3E45774A1EDA}.MinSizeRel|ARM.ActiveCfg = Release|Win32
		{FA592B99-A032-6FBC-4F31-3E45774A1EDA}.MinSizeRel|ARM.Build.0 = Release|Win32
		{FA592B99-A032-6FBC-4F31-3E45774A1EDA}.MinSizeRel|x64.ActiveCfg = Release|x64
		{FA592B99-A032-6FBC-4F31-3E45774A1EDA}.MinSizeRel|x64.Build.0 = Release|x64
		{FA592B99-A032-6FBC-4F31-3E45774A1EDA}.MinSizeRel|x86.ActiveCfg = Release|Win32
		{FA592B99-A032-6FBC-4F31-3E45774A1EDA}.MinSizeRel|x86.Build.0 = Release|Win32
		{FA592B99-A032-6FBC-4F31-3E45774A1EDA}.Release Static|ARM.ActiveCfg = Release|Win32
		{FA592B99-A032-6FBC-4F31-3E45774A1EDA}.Release Static|ARM.Build.0 = Release|Win32
		{FA592B99-A032-6FBC-4F31-3E45774A1EDA}.Release Static|x64.ActiveCfg = Release|x64
		{FA592B99-A032-6FBC-4F31-3E45774A1EDA}.Release Static|x64.Build.0 = Release|x64
		{FA592B99-A032-6FBC-4F31-3E45774A1EDA}.Release Static|x86.ActiveCfg = Release|Win32
		{FA592B99-A032-6FBC-4F31-3E45774A1EDA}.Release Static|x86.Build.0 = Release|Win32
		{FA592B99-A032-6FBC-4F31-3E45774A1EDA}.Release|ARM.ActiveCfg = Release|Win32
		{FA592B99-A032-6FBC-4F31-3E45774A1EDA}.Release|x64.ActiveCfg = Release|x64
		{FA592B99-A032-6FBC-4F31-3E45774A1EDA}.Release|x64.Build.0 = Release|x64
		{FA592B99-A032-6FBC-4F31-3E45774A1EDA}.Release|x86.ActiveCfg = Release|Win32
		{FA592B99-A032-6FBC-4F31-3E45774A1EDA}.Release|x86.Build.0 = Release|Win32
		{FA592B99-A032-6FBC-4F31-3E45774A1EDA}.RelWithDebInfo|ARM.ActiveCfg = Release|Win32
		{FA592B99-A032-6FBC-4F31-3E45774A1EDA}.RelWithDebInfo|ARM.Build.0 = Release|Win32
		{FA592B99-A032-6FBC-4F31-3E45774A1EDA}.RelWithDebInfo|x64.ActiveCfg = Release|x64
		{FA592B99-A032-6FBC-4F31-3E45774A1EDA}.RelWithDebInfo|x64.Build.0 = Release|x64
		{FA592B99-A032-6FBC-4F31-3E45774A1EDA}.RelWithDebInfo|x86.ActiveCfg = Release|Win32
		{FA592B99-A032-6FBC-4F31-3E45774A1EDA}.RelWithDebInfo|x86.Build.0 = Release|Win32
		{7642CFD5-F187-3E3F-F8FF-859949B9F13E}.Debug Static|ARM.ActiveCfg = Release|Win32
		{7642CFD5-F187-3E3F-F8FF-859949B9F13E}.Debug Static|ARM.Build.0 = Release|Win32
		{7642CFD5-F187-3E3F-F8FF-859949B9F13E}.Debug Static|x64.ActiveCfg = Debug|x64
		{7642CFD5-F187-3E3F-F8FF-859949B9F13E}.Debug Static|x64.Build.0 = Debug|x64
		{7642CFD5-F187-3E3F-F8FF-859949B9F13E}.Debug Static|x86.ActiveCfg = Debug|Win32
		{7642CFD5-F187-3E3F-F8FF-859949B9F13E}.Debug Static|x86.Build.0 = Debug|Win32
		{7642CFD5-F187-3E3F-F8FF-859949B9F13E}.Debug|ARM.ActiveCfg = Debug|Win32
		{7642CFD5-F187-3E3F-F8FF-859949B9F13E}.Debug|x64.ActiveCfg = Debug|x64
		{7642CFD5-F187-3E3F-F8FF-859949B9F13E}.Debug|x64.Build.0 = Debug|x64
		{7642CFD5-F187-3E3F-F8FF-859949B9F13E}.Debug|x86.ActiveCfg = Debug|Win32
		{7642CFD5-F187-3E3F-F8FF-859949B9F13E}.Debug|x86.Build.0 = Debug|Win32
		{7642CFD5-F187-3E3F-F8FF-859949B9F13E}.MinSizeRel|ARM.ActiveCfg = Release|Win32
		{7642CFD5-F187-3E3F-F8FF-859949B9F13E}.MinSizeRel|ARM.Build.0 = Release|Win32
		{7642CFD5-F187-3E3F-F8FF-859949B9F13E}.MinSizeRel|x64.ActiveCfg = Release|x64
		{7642CFD5-F187-3E3F-F8FF-859949B9F13E}.MinSizeRel|x64.Build.0 = Release|x64
		{7642CFD5-F187-3E3F-F8FF-859949B9F13E}.MinSizeRel|x86.ActiveCfg = Release|Win32
		{7642CFD5-F187-3E3F-F8FF-859949B9F13E}.MinSizeRel|x86.Build.0 = Release|Win32
		{7642CFD5-F187-3E3F-F8FF-859949B9F13E}.Release Static|ARM.ActiveCfg = Release|Win32
		{7642CFD5-F187-3E3F-F8FF-859949B9F13E}.Release Static|ARM.Build.0 = Release|Win32
		{7642CFD5-F187-3E3F-F8FF-859949B9F13E}.Release Static|x64.ActiveCfg = Release|x64
		{7642CFD5-F187-3E3F-F8FF-859949B9F13E}.Release Static|x64.Build.0 = Release|x64
		{7642CFD5-F187-3E3F-F8FF-859949B9F13E}.Release Static|x86.ActiveCfg = Release|Win32
		{7642CFD5-F187-3E3F-F8FF-859949B9F13E}.Release Static|x86.Build.0 = Release|Win32
		{7642CFD5-F187-3E3F-F8FF-859949B9F13E}.Release|ARM.ActiveCfg = Release|Win32
		{7642CFD5-F187-3E3F-F8FF-859949B9F13E}.Release|x64.ActiveCfg = Release|x64
		{7642CFD5-F187-3E3F-F8FF-859949B9F13E}.Release|x64.Build.0 = Release|x64
		{7642CFD5-F187-3E3F-F8FF-859949B9F13E}.Release|x86.ActiveCfg = Release|Win32
		{7642CFD5-F187-3E3F-F8FF-859949B9F13E}.Release|x86.Build.0 = Release|Win32
		{7642CFD5-F187-3E3F-F8FF-859949B9F13E}.RelWithDebInfo|ARM.ActiveCfg = Release|Win32
		{7642CFD5-F187-3E3F-F8FF-859949B9F13E}.RelWithDebInfo|ARM.Build.0 = Release|Win32
		{7642CFD5-F187-3E3F-F8FF-859949B9F13E}.RelWithDebInfo|x64.ActiveCfg = Release|x64
		{7642CFD5-F187-3E3F-F8FF-859949B9F13E}.RelWithDebInfo|x64.Build.0 = Release|x64
		{7642CFD5-F187-3E3F-F8FF-859949B9F13E}.RelWithDebInfo|x86.ActiveCfg = Release|Win32
		{7642CFD5-F187-3E3F-F8FF-859949B9F13E}.RelWithDebInfo|x86.Build.0 = Release|Win32
		{6AC42CF5-8088-F4BE-7C3D-1BD1BD440FCC}.Debug Static|ARM.ActiveCfg = Release|Win32
		{6AC42CF5-8088-F4BE-7C3D-1BD1BD440FCC}.Debug Static|ARM.Build.0 = Release|Win32
		{6AC42CF5-8088-F4BE-7C3D-1BD1BD440FCC}.Debug Static|x64.ActiveCfg = Debug|x64
		{6AC42CF5-8088-F4BE-7C3D-1BD1BD440FCC}.Debug Static|x64.Build.0 = Debug|x64
		{6AC42CF5-8088-F4BE-7C3D-1BD1BD440FCC}.Debug Static|x86.ActiveCfg = Debug|Win32
		{6AC42CF5-8088-F4BE-7C3D-1BD1BD440FCC}.Debug Static|x86.Build.0 = Debug|Win32
		{6AC42CF5-8088-F4BE-7C3D-1BD1BD440FCC}.Debug|ARM.ActiveCfg = Debug|Win32
		{6AC42CF5-8088-F4BE-7C3D-1BD1BD440FCC}.Debug|x64.ActiveCfg = Debug|x64
		{6AC42CF5-8088-F4BE-7C3D-1BD1BD440FCC}.Debug|x64.Build.0 = Debug|x64
		{6AC42CF5-8088-F4BE-7C3D-1BD1BD440FCC}.Debug|x86.ActiveCfg = Debug|Win32
		{6AC42CF5-8088-F4BE-7C3D-1BD1BD440FCC}.Debug|x86.Build.0 = Debug|Win32
		{6AC42CF5-8088-F4BE-7C3D-1BD1BD440FCC}.MinSizeRel|ARM.ActiveCfg = Release|Win32
		{6AC42CF5-8088-F4BE-7C3D-1BD1BD440FCC}.MinSizeRel|ARM.Build.0 = Release|Win32
		{6AC42CF5-8088-F4BE-7C3D-1BD1BD440FCC}.MinSizeRel|x64.ActiveCfg = Release|x64
		{6AC42CF5-8088-F4BE-7C3D-1BD1BD440FCC}.MinSizeRel|x64.Build.0 = Release|x64
		{6AC42CF5-8088-F4BE-7C3D-1BD1BD440FCC}.MinSizeRel|x86.ActiveCfg = Release|Win32
		{6AC42CF5-8088-F4BE-7C3D-1BD1BD440FCC}.MinSizeRel|x86.Build.0 = Release|Win32
		{6AC42CF5-8088-F4BE-7C3D-1BD1BD440FCC}.Release Static|ARM.ActiveCfg = Release|Win32
		{6AC42CF5-8088-F4BE-7C3D-1BD1BD440FCC}.Release Static|ARM.Build.0 = Release|Win32
		{6AC42CF5-8088-F4BE-7C3D-1BD1BD440FCC}.Release Static|x64.ActiveCfg = Release|x64
		{6AC42CF5-8088-F4BE-7C3D-1BD1BD440FCC}.Release Static|x64.Build.0 = Release|x64
		{6AC42CF5-8088-F4BE-7C3D-1BD1BD440FCC}.Release Static|x86.ActiveCfg = Release|Win32
		{6AC42CF5-8088-F4BE-7C3D-1BD1BD440FCC}.Release Static|x86.Build.0 = Release|Win32
		{6AC42CF5-8088-F4BE-7C3D-1BD1BD440FCC}.Release|ARM.ActiveCfg = Release|Win32
		{6AC42CF5-8088-F4BE-7C3D-1BD1BD440FCC}.Release|x64.ActiveCfg = Release|x64
		{6AC42CF5-8088-F4BE-7C3D-1BD1BD440FCC}.Release|x64.Build.0 = Release|x64
		{6AC42CF5-8088-F4BE-7C3D-1BD1BD440FCC}.Release|x86.ActiveCfg = Release|Win32
		{6AC42CF5-8088-F4BE-7C3D-1BD1BD440FCC}.Release|x86.Build.0 = Release|Win32
		{6AC42CF5-8088-F4BE-7C3D-1BD1BD440FCC}.RelWithDebInfo|ARM.ActiveCfg = Release|Win32
		{6AC42CF5-8088-F4BE-7C3D-1BD1BD440FCC}.RelWithDebInfo|ARM.Build.0 = Release|Win32
		{6AC42CF5-8088-F4BE-7C3D-1BD1BD440FCC}.RelWithDebInfo|x64.ActiveCfg = Release|x64
		{6AC42CF5-8088-F4BE-7C3D-1BD1BD440FCC}.RelWithDebInfo|x64.Build.0 = Release|x64
		{6AC42CF5-8088-F4BE-7C3D-1BD1BD440FCC}.RelWithDebInfo|x86.ActiveCfg = Release|Win32
		{6AC42CF5-8088-F4BE-7C3D-1BD1BD440FCC}.RelWithDebInfo|x86.Build.0 = Release|Win32
		{2C440506-61D0-D32C-EB09-EE8639551197}.Debug Static|ARM.ActiveCfg = Release|Win32
		{2C440506-61D0-D32C-EB09-EE8639551197}.Debug Static|ARM.Build.0 = Release|Win32
		{2C440506-61D0-D32C-EB09-EE8639551197}.Debug Static|x64.ActiveCfg = Debug|x64
		{2C440506-61D0-D32C-EB09-EE8639551197}.Debug Static|x64.Build.0 = Debug|x64
		{2C440506-61D0-D32C-EB09-EE8639551197}.Debug Static|x86.ActiveCfg = Debug|Win32
		{2C440506-61D0-D32C-EB09-EE8639551197}.Debug Static|x86.Build.0 = Debug|Win32
		{2C440506-61D0-D32C-EB09-EE8639551197}.Debug|ARM.ActiveCfg = Debug|Win32
		{2C440506-61D0-D32C-EB09-EE8639551197}.Debug|x64.ActiveCfg = Debug|x64
		{2C440506-61D0-D32C-EB09-EE8639551197}.Debug|x64.Build.0 = Debug|x64
		{2C440506-61D0-D32C-EB09-EE8639551197}.Debug|x86.ActiveCfg = Debug|Win32
		{2C440506-61D0-D32C-EB09-EE8639551197}.Debug|x86.Build.0 = Debug|Win32
		{2C440506-61D0-D32C-EB09-EE8639551197}.MinSizeRel|ARM.ActiveCfg = Release|Win32
		{2C440506-61D0-D32C-EB09-EE8639551197}.MinSizeRel|ARM.Build.0 = Release|Win32
		{2C440506-61D0-D32C-EB09-EE8639551197}.MinSizeRel|x64.ActiveCfg = Release|x64
		{2C440506-61D0-D32C-EB09-EE8639551197}.MinSizeRel|x64.Build.0 = Release|x64
		{2C440506-61D0-D32C-EB09-EE8639551197}.MinSizeRel|x86.ActiveCfg = Release|Win32
		{2C440506-61D0-D32C-EB09-EE8639551197}.MinSizeRel|x86.Build.0 = Release|Win32
		{2C440506-61D0-D32C-EB09-EE8639551197}.Release Static|ARM.ActiveCfg = Release|Win32
		{2C440506-61D0-D32C-EB09-EE8639551197}.Release Static|ARM.Build.0 = Release|Win32
		{2C440506-61D0-D32C-EB09-EE8639551197}.Release Static|x64.ActiveCfg = Release|x64
		{2C440506-61D0-D32C-EB09-EE8639551197}.Release Static|x64.Build.0 = Release|x64
		{2C440506-61D0-D32C-EB09-EE8639551197}.Release Static|x86.ActiveCfg = Release|Win32
		{2C440506-61D0-D32C-EB09-EE8639551197}.Release Static|x86.Build.0 = Release|Win32
		{2C440506-61D0-D32C-EB09-EE8639551197}.Release|ARM.ActiveCfg = Release|Win32
		{2C440506-61D0-D32C-EB09-EE8639551197}.Release|x64.ActiveCfg = Release|x64
		{2C440506-61D0-D32C-EB09-EE8639551197}.Release|x64.Build.0 = Release|x64
		{2C440506-61D0-D32C-EB09-EE8639551197}.Release|x86.ActiveCfg = Release|Win32
		{2C440506-61D0-D32C-EB09-EE8639551197}.Release|x86.Build.0 = Release|Win32
		{2C440506-61D0-D32C-EB09-EE8639551197}.RelWithDebInfo|ARM.ActiveCfg = Release|Win32
		{2C440506-61D0-D32C-EB09-EE8639551197}.RelWithDebInfo|ARM.Build.0 = Release|Win32
		{2C440506-61D0-D32C-EB09-EE8639551197}.RelWithDebInfo|x64.ActiveCfg = Release|x64
		{2C440506-61D0-D32C-EB09-EE8639551197}.RelWithDebInfo|x64.Build.0 = Release|x64
		{2C440506-61D0-D32C-EB09-EE8639551197}.RelWithDebInfo|x86.ActiveCfg = Release|Win32
		{2C440506-61D0-D32C-EB09-EE8639551197}.RelWithDebInfo|x86.Build.0 = Release|Win32
		{F8129B11-63B2-4478-B3CC-9A188B55F6B9}.Debug Static|ARM.ActiveCfg = Release|Win32
		{F8129B11-63B2-4478-B3CC-9A188B55F6B9}.Debug Static|ARM.Build.0 = Release|Win32
		{F8129B11-63B2-4478-B3CC-9A188B55F6B9}.Debug Static|x64.ActiveCfg = Debug|x64
		{F8129B11-63B2-4478-B3CC-9A188B55F6B9}.Debug Static|x64.Build.0 = Debug|x64
		{F8129B11-63B2-4478-B3CC-9A188B55F6B9}.Debug Static|x86.ActiveCfg = Debug|Win32
		{F8129B11-63B2-4478-B3CC-9A188B55F6B9}.Debug Static|x86.Build.0 = Debug|Win32
		{F8129B11-63B2-4478-B3CC-9A188B55F6B9}.Debug|ARM.ActiveCfg = Debug|Win32
		{F8129B11-63B2-4478-B3CC-9A188B55F6B9}.Debug|x64.ActiveCfg = Debug|x64
		{F8129B11-63B2-4478-B3CC-9A188B55F6B9}.Debug|x64.Build.0 = Debug|x64
		{F8129B11-63B2-4478-B3CC-9A188B55F6B9}.Debug|x86.ActiveCfg = Debug|Win32
		{F8129B11-63B2-4478-B3CC-9A188B55F6B9}.Debug|x86.Build.0 = Debug|Win32
		{F8129B11-63B2-4478-B3CC-9A188B55F6B9}.MinSizeRel|ARM.ActiveCfg = Release|Win32
		{F8129B11-63B2-4478-B3CC-9A188B55F6B9}.MinSizeRel|ARM.Build.0 = Release|Win32
		{F8129B11-63B2-4478-B3CC-9A188B55F6B9}.MinSizeRel|x64.ActiveCfg = Release|x64
		{F8129B11-63B2-4478-B3CC-9A188B55F6B9}.MinSizeRel|x64.Build.0 = Release|x64
		{F8129B11-63B2-4478-B3CC-9A188B55F6B9}.MinSizeRel|x86.ActiveCfg = Release|Win32
		{F8129B11-63B2-4478-B3CC-9A188B55F6B9}.MinSizeRel|x86.Build.0 = Release|Win32
		{F8129B11-63B2-4478-B3CC-9A188B55F6B9}.Release Static|ARM.ActiveCfg = Release|Win32
		{F8129B11-63B2-4478-B3CC-9A188B55F6B9}.Release Static|ARM.Build.0 = Release|Win32
		{F8129B11-63B2-4478-B3CC-9A188B55F6B9}.Release Static|x64.ActiveCfg = Release|x64
		{F8129B11-63B2-4478-B3CC-9A188B55F6B9}.Release Static|x64.Build.0 = Release|x64
		{F8129B11-63B2-4478-B3CC-9A188B55F6B9}.Release Static|x86.ActiveCfg = Release|Win32
		{F8129B11-63B2-4478-B3CC-9A188B55F6B9}.Release Static|x86.Build.0 = Release|Win32
		{F8129B11-63B2-4478-B3CC-9A188B55F6B9}.Release|ARM.ActiveCfg = Release|Win32
		{F8129B11-63B2-4478-B3CC-9A188B55F6B9}.Release|x64.ActiveCfg = Release|x64
		{F8129B11-63B2-4478-B3CC-9A188B55F6B9}.Release|x64.Build.0 = Release|x64
		{F8129B11-63B2-4478-B3CC-9A188B55F6B9}.Release|x86.ActiveCfg = Release|Win32
		{F8129B11-63B2-4478-B3CC-9A188B55F6B9}.Release|x86.Build.0 = Release|Win32
		{F8129B11-63B2-4478-B3CC-9A188B55F6B9}.RelWithDebInfo|ARM.ActiveCfg = Release|Win32
		{F8129B11-63B2-4478-B3CC-9A188B55F6B9}.RelWithDebInfo|ARM.Build.0 = Release|Win32
		{F8129B11-63B2-4478-B3CC-9A188B55F6B9}.RelWithDebInfo|x64.ActiveCfg = Release|x64
		{F8129B11-63B2-4478-B3CC-9A188B55F6B9}.RelWithDebInfo|x64.Build.0 = Release|x64
		{F8129B11-63B2-4478-B3CC-9A188B55F6B9}.RelWithDebInfo|x86.ActiveCfg = Release|Win32
		{F8129B11-63B2-4478-B3CC-9A188B55F6B9}.RelWithDebInfo|x86.Build.0 = Release|Win32
	EndGlobalSection
	GlobalSection(SolutionProperties) = preSolution
		HideSolutionNode = FALSE
	EndGlobalSection
	GlobalSection(NestedProjects) = preSolution
		{2A9328DA-F4AC-454A-8E26-1AB15FE1966C} = {3BBBA47A-2169-42BF-AF94-6B89AE99D2F7}
		{7AB4B0C9-D974-3A65-ED87-61816B6917CB} = {2A9328DA-F4AC-454A-8E26-1AB15FE1966C}
		{777AC703-C49D-E67C-F2EA-2BEDE272A25F} = {2A9328DA-F4AC-454A-8E26-1AB15FE1966C}
		{D5D676ED-C189-2A6B-8DE3-F4CA6175550F} = {2A9328DA-F4AC-454A-8E26-1AB15FE1966C}
		{9767C383-B58A-AB1E-4713-CF8FC5BA2B7E} = {2A9328DA-F4AC-454A-8E26-1AB15FE1966C}
		{40A1229C-43E3-9BDF-4631-09FCBCBA9924} = {2A9328DA-F4AC-454A-8E26-1AB15FE1966C}
		{D51F95B2-D343-6B88-7902-C392ACC99260} = {2A9328DA-F4AC-454A-8E26-1AB15FE1966C}
		{57490695-C394-29E7-0E4F-90A06C9B8B9A} = {2A9328DA-F4AC-454A-8E26-1AB15FE1966C}
		{D1888003-E946-0409-A84B-2643C9A46B76} = {2A9328DA-F4AC-454A-8E26-1AB15FE1966C}
		{FA592B99-A032-6FBC-4F31-3E45774A1EDA} = {2A9328DA-F4AC-454A-8E26-1AB15FE1966C}
		{7642CFD5-F187-3E3F-F8FF-859949B9F13E} = {2A9328DA-F4AC-454A-8E26-1AB15FE1966C}
		{6AC42CF5-8088-F4BE-7C3D-1BD1BD440FCC} = {2A9328DA-F4AC-454A-8E26-1AB15FE1966C}
		{2C440506-61D0-D32C-EB09-EE8639551197} = {2A9328DA-F4AC-454A-8E26-1AB15FE1966C}
		{2B08EF1E-BAEA-46C0-8A1A-AF93982FC1B8} = {2A9328DA-F4AC-454A-8E26-1AB15FE1966C}
		{F8129B11-63B2-4478-B3CC-9A188B55F6B9} = {2B08EF1E-BAEA-46C0-8A1A-AF93982FC1B8}
	EndGlobalSection
	GlobalSection(ExtensibilityGlobals) = postSolution
		SolutionGuid = {AA32F6CD-3CF1-41D1-9B1C-B19E96B2EE6A}
	EndGlobalSection
EndGlobal
