
Microsoft Visual Studio Solution File, Format Version 12.00
# Visual Studio Version 16
VisualStudioVersion = 16.0.32510.428
MinimumVisualStudioVersion = 10.0.40219.1
Project("{2150E333-8FDC-42A3-9474-1A3956D46DE8}") = "3rdparty", "3rdparty", "{2F9B7D91-3F38-485A-926B-62B2FC1EEF69}"
EndProject
Project("{8BC9CEB8-8B4A-11D0-8D11-00A0C91BC942}") = "libfmt", "3rdparty\fmt\libfmt.vcxproj", "{9C883076-1FCE-4950-B4E8-D40A0FFF03B5}"
EndProject
Project("{8BC9CEB8-8B4A-11D0-8D11-00A0C91BC942}") = "native_app_glue", "3rdparty\native_app_glue\native_app_glue.vcxproj", "{F6E5BB2F-0C95-4914-AB39-0F2C69471055}"
EndProject
Project("{8BC9CEB8-8B4A-11D0-8D11-00A0C91BC942}") = "debug", "debug\debug.vcxproj", "{6FCB1CA4-9A18-4ECF-A118-154EBF517D91}"
EndProject
Project("{8BC9CEB8-8B4A-11D0-8D11-00A0C91BC942}") = "entry_point", "entry_point\entry_point.vcxproj", "{8F08613C-D40B-4589-AA40-E4EC8F39632A}"
EndProject
Project("{2150E333-8FDC-42A3-9474-1A3956D46DE8}") = "apps", "apps", "{41B10E82-3141-4F27-859E-E16086E7F3CB}"
EndProject
Project("{2150E333-8FDC-42A3-9474-1A3956D46DE8}") = "blank", "blank", "{CDD387D5-D08B-4DA4-A7D7-01FAEAB58F12}"
EndProject
Project("{39E2626F-3545-4960-A6E8-258AD8476CE5}") = "blank", "apps\blank\blank.androidproj", "{113A303B-D17E-45B4-BB22-BCA7253D9F6F}"
EndProject
Project("{8BC9CEB8-8B4A-11D0-8D11-00A0C91BC942}") = "blank_applib", "apps\blank\blank_applib.vcxproj", "{F6F70297-6062-4DAC-8EFA-7D60F1D6B730}"
EndProject
Project("{2150E333-8FDC-42A3-9474-1A3956D46DE8}") = "hello_triangle", "hello_triangle", "{A9DCDAC6-0A4F-44BE-8EDF-23351996DC74}"
EndProject
Project("{39E2626F-3545-4960-A6E8-258AD8476CE5}") = "hello_triangle", "apps\hello_triangle\hello_triangle.androidproj", "{55D38BB6-69A6-4C3D-AA0F-0C86466A05E0}"
EndProject
Project("{8BC9CEB8-8B4A-11D0-8D11-00A0C91BC942}") = "hello_triangle_applib", "apps\hello_triangle\hello_triangle_applib.vcxproj", "{F9719468-033F-4DB3-8BB5-44FE6BD62A6B}"
EndProject
Project("{8BC9CEB8-8B4A-11D0-8D11-00A0C91BC942}") = "vtest_entry_point_applib", "apps\vtest_entry_point\vtest_entry_point_applib.vcxproj", "{AB14D130-7901-4682-835F-24D0847C6499}"
EndProject
Project("{2150E333-8FDC-42A3-9474-1A3956D46DE8}") = "vtest_entry_point", "vtest_entry_point", "{B9E32DDF-91A6-44D5-A125-5E9AFDBC12F8}"
EndProject
Project("{39E2626F-3545-4960-A6E8-258AD8476CE5}") = "vtest_entry_point", "apps\vtest_entry_point\vtest_entry_point.androidproj", "{12A97E45-1FA9-4E91-9A59-8F2BA7CBAD69}"
EndProject
Global
	GlobalSection(SolutionConfigurationPlatforms) = preSolution
		Debug|ARM = Debug|ARM
		Release|ARM = Release|ARM
	EndGlobalSection
	GlobalSection(ProjectConfigurationPlatforms) = postSolution
		{9C883076-1FCE-4950-B4E8-D40A0FFF03B5}.Debug|ARM.ActiveCfg = Debug|ARM
		{9C883076-1FCE-4950-B4E8-D40A0FFF03B5}.Debug|ARM.Build.0 = Debug|ARM
		{9C883076-1FCE-4950-B4E8-D40A0FFF03B5}.Release|ARM.ActiveCfg = Release|ARM
		{9C883076-1FCE-4950-B4E8-D40A0FFF03B5}.Release|ARM.Build.0 = Release|ARM
		{F6E5BB2F-0C95-4914-AB39-0F2C69471055}.Debug|ARM.ActiveCfg = Debug|ARM
		{F6E5BB2F-0C95-4914-AB39-0F2C69471055}.Debug|ARM.Build.0 = Debug|ARM
		{F6E5BB2F-0C95-4914-AB39-0F2C69471055}.Release|ARM.ActiveCfg = Release|ARM
		{F6E5BB2F-0C95-4914-AB39-0F2C69471055}.Release|ARM.Build.0 = Release|ARM
		{6FCB1CA4-9A18-4ECF-A118-154EBF517D91}.Debug|ARM.ActiveCfg = Debug|ARM
		{6FCB1CA4-9A18-4ECF-A118-154EBF517D91}.Debug|ARM.Build.0 = Debug|ARM
		{6FCB1CA4-9A18-4ECF-A118-154EBF517D91}.Release|ARM.ActiveCfg = Release|ARM
		{6FCB1CA4-9A18-4ECF-A118-154EBF517D91}.Release|ARM.Build.0 = Release|ARM
		{8F08613C-D40B-4589-AA40-E4EC8F39632A}.Debug|ARM.ActiveCfg = Debug|ARM
		{8F08613C-D40B-4589-AA40-E4EC8F39632A}.Debug|ARM.Build.0 = Debug|ARM
		{8F08613C-D40B-4589-AA40-E4EC8F39632A}.Release|ARM.ActiveCfg = Release|ARM
		{8F08613C-D40B-4589-AA40-E4EC8F39632A}.Release|ARM.Build.0 = Release|ARM
		{113A303B-D17E-45B4-BB22-BCA7253D9F6F}.Debug|ARM.ActiveCfg = Debug|ARM
		{113A303B-D17E-45B4-BB22-BCA7253D9F6F}.Debug|ARM.Build.0 = Debug|ARM
		{113A303B-D17E-45B4-BB22-BCA7253D9F6F}.Debug|ARM.Deploy.0 = Debug|ARM
		{113A303B-D17E-45B4-BB22-BCA7253D9F6F}.Release|ARM.ActiveCfg = Release|ARM
		{113A303B-D17E-45B4-BB22-BCA7253D9F6F}.Release|ARM.Build.0 = Release|ARM
		{113A303B-D17E-45B4-BB22-BCA7253D9F6F}.Release|ARM.Deploy.0 = Release|ARM
		{F6F70297-6062-4DAC-8EFA-7D60F1D6B730}.Debug|ARM.ActiveCfg = Debug|ARM
		{F6F70297-6062-4DAC-8EFA-7D60F1D6B730}.Debug|ARM.Build.0 = Debug|ARM
		{F6F70297-6062-4DAC-8EFA-7D60F1D6B730}.Release|ARM.ActiveCfg = Release|ARM
		{F6F70297-6062-4DAC-8EFA-7D60F1D6B730}.Release|ARM.Build.0 = Release|ARM
		{55D38BB6-69A6-4C3D-AA0F-0C86466A05E0}.Debug|ARM.ActiveCfg = Debug|ARM
		{55D38BB6-69A6-4C3D-AA0F-0C86466A05E0}.Debug|ARM.Build.0 = Debug|ARM
		{55D38BB6-69A6-4C3D-AA0F-0C86466A05E0}.Debug|ARM.Deploy.0 = Debug|ARM
		{55D38BB6-69A6-4C3D-AA0F-0C86466A05E0}.Release|ARM.ActiveCfg = Release|ARM
		{55D38BB6-69A6-4C3D-AA0F-0C86466A05E0}.Release|ARM.Build.0 = Release|ARM
		{55D38BB6-69A6-4C3D-AA0F-0C86466A05E0}.Release|ARM.Deploy.0 = Release|ARM
		{F9719468-033F-4DB3-8BB5-44FE6BD62A6B}.Debug|ARM.ActiveCfg = Debug|ARM
		{F9719468-033F-4DB3-8BB5-44FE6BD62A6B}.Debug|ARM.Build.0 = Debug|ARM
		{F9719468-033F-4DB3-8BB5-44FE6BD62A6B}.Release|ARM.ActiveCfg = Release|ARM
		{F9719468-033F-4DB3-8BB5-44FE6BD62A6B}.Release|ARM.Build.0 = Release|ARM
		{AB14D130-7901-4682-835F-24D0847C6499}.Debug|ARM.ActiveCfg = Debug|ARM
		{AB14D130-7901-4682-835F-24D0847C6499}.Debug|ARM.Build.0 = Debug|ARM
		{AB14D130-7901-4682-835F-24D0847C6499}.Release|ARM.ActiveCfg = Release|ARM
		{AB14D130-7901-4682-835F-24D0847C6499}.Release|ARM.Build.0 = Release|ARM
		{12A97E45-1FA9-4E91-9A59-8F2BA7CBAD69}.Debug|ARM.ActiveCfg = Debug|ARM
		{12A97E45-1FA9-4E91-9A59-8F2BA7CBAD69}.Debug|ARM.Build.0 = Debug|ARM
		{12A97E45-1FA9-4E91-9A59-8F2BA7CBAD69}.Debug|ARM.Deploy.0 = Debug|ARM
		{12A97E45-1FA9-4E91-9A59-8F2BA7CBAD69}.Release|ARM.ActiveCfg = Release|ARM
		{12A97E45-1FA9-4E91-9A59-8F2BA7CBAD69}.Release|ARM.Build.0 = Release|ARM
		{12A97E45-1FA9-4E91-9A59-8F2BA7CBAD69}.Release|ARM.Deploy.0 = Release|ARM
	EndGlobalSection
	GlobalSection(SolutionProperties) = preSolution
		HideSolutionNode = FALSE
	EndGlobalSection
	GlobalSection(NestedProjects) = preSolution
		{9C883076-1FCE-4950-B4E8-D40A0FFF03B5} = {2F9B7D91-3F38-485A-926B-62B2FC1EEF69}
		{F6E5BB2F-0C95-4914-AB39-0F2C69471055} = {2F9B7D91-3F38-485A-926B-62B2FC1EEF69}
		{CDD387D5-D08B-4DA4-A7D7-01FAEAB58F12} = {41B10E82-3141-4F27-859E-E16086E7F3CB}
		{113A303B-D17E-45B4-BB22-BCA7253D9F6F} = {CDD387D5-D08B-4DA4-A7D7-01FAEAB58F12}
		{F6F70297-6062-4DAC-8EFA-7D60F1D6B730} = {CDD387D5-D08B-4DA4-A7D7-01FAEAB58F12}
		{A9DCDAC6-0A4F-44BE-8EDF-23351996DC74} = {41B10E82-3141-4F27-859E-E16086E7F3CB}
		{55D38BB6-69A6-4C3D-AA0F-0C86466A05E0} = {A9DCDAC6-0A4F-44BE-8EDF-23351996DC74}
		{F9719468-033F-4DB3-8BB5-44FE6BD62A6B} = {A9DCDAC6-0A4F-44BE-8EDF-23351996DC74}
		{AB14D130-7901-4682-835F-24D0847C6499} = {B9E32DDF-91A6-44D5-A125-5E9AFDBC12F8}
		{B9E32DDF-91A6-44D5-A125-5E9AFDBC12F8} = {41B10E82-3141-4F27-859E-E16086E7F3CB}
		{12A97E45-1FA9-4E91-9A59-8F2BA7CBAD69} = {B9E32DDF-91A6-44D5-A125-5E9AFDBC12F8}
	EndGlobalSection
	GlobalSection(ExtensibilityGlobals) = postSolution
		SolutionGuid = {6BA0FE90-5B90-4621-9483-7FC05A6F0C49}
	EndGlobalSection
EndGlobal
