<?xml version="1.0" encoding="utf-8"?>
<Project ToolsVersion="4.0" xmlns="http://schemas.microsoft.com/developer/msbuild/2003">
  <ItemGroup>
    <ClInclude Include="assert.h" />
    <ClInclude Include="intrusive_list.h" />
    <ClInclude Include="lerp.h" />
    <ClInclude Include="member_detector.h" />
    <ClInclude Include="narrow.h" />
    <ClInclude Include="num_range.h" />
    <ClInclude Include="rational.h" />
    <ClInclude Include="rect.h" />
    <ClInclude Include="vec2.h" />
    <ClInclude Include="zstring_view.h" />
    <ClInclude Include="small_vector.h" />
    <ClInclude Include="color.h" />
    <ClInclude Include="polynomial.h" />
    <ClInclude Include="utility.h" />
    <ClInclude Include="buffer.h" />
    <ClInclude Include="resouce.h" />
    <ClInclude Include="null.h" />
    <ClInclude Include="buffer_view.h" />
    <ClInclude Include="size2d.h" />
    <ClInclude Include="point2d.h" />
    <ClInclude Include="utf.h" />
    <ClInclude Include="colorfwd.h" />
    <ClInclude Include="view.h" />
    <ClInclude Include="warnings.h" />
    <ClInclude Include="value_type.h" />
    <ClInclude Include="zero.h" />
    <ClInclude Include="temp_swap.h" />
    <ClInclude Include="ordered_overload.h" />
    <ClInclude Include="size_type.h" />
    <ClInclude Include="clamp_cast.h" />
    <ClInclude Include="limits.h" />
    <ClInclude Include="type_traits.h" />
    <ClInclude Include="string_char.h" />
  </ItemGroup>
</Project>