<?xml version="1.0" encoding="utf-8"?>
<Project ToolsVersion="4.0" xmlns="http://schemas.microsoft.com/developer/msbuild/2003">
  <ItemGroup>
    <Filter Include="windows">
      <UniqueIdentifier>{57f0d885-bd3f-485e-ba95-bc85fb5d8732}</UniqueIdentifier>
    </Filter>
  </ItemGroup>
  <ItemGroup>
    <ClInclude Include="windows\config.h">
      <Filter>windows</Filter>
    </ClInclude>
    <ClInclude Include="windows\window.h">
      <Filter>windows</Filter>
    </ClInclude>
    <ClInclude Include="windows\window_type.h">
      <Filter>windows</Filter>
    </ClInclude>
    <ClInclude Include="windows\event.h">
      <Filter>windows</Filter>
    </ClInclude>
    <ClInclude Include="windows\event_handler.h">
      <Filter>windows</Filter>
    </ClInclude>
    <ClInclude Include="windows\event_matching.h">
      <Filter>windows</Filter>
    </ClInclude>
    <ClInclude Include="windows\event_timer.h">
      <Filter>windows</Filter>
    </ClInclude>
    <ClInclude Include="platform_cast.h" />
    <ClInclude Include="painter.h" />
    <ClInclude Include="windows\defs.h">
      <Filter>windows</Filter>
    </ClInclude>
    <ClInclude Include="windows\event_handler_container.h">
      <Filter>windows</Filter>
    </ClInclude>
  </ItemGroup>
  <ItemGroup>
    <ClCompile Include="windows\window.cpp">
      <Filter>windows</Filter>
    </ClCompile>
    <ClCompile Include="windows\window_type.cpp">
      <Filter>windows</Filter>
    </ClCompile>
    <ClCompile Include="windows\event_handler.cpp">
      <Filter>windows</Filter>
    </ClCompile>
    <ClCompile Include="windows\event_timer.cpp">
      <Filter>windows</Filter>
    </ClCompile>
    <ClCompile Include="windows\window_procedure_impl.cpp">
      <Filter>windows</Filter>
    </ClCompile>
    <ClCompile Include="painter.cpp" />
    <ClCompile Include="windows\event_handler_container.cpp">
      <Filter>windows</Filter>
    </ClCompile>
  </ItemGroup>
</Project>