<?xml version="1.0" encoding="utf-8"?>
<Project ToolsVersion="4.0" xmlns="http://schemas.microsoft.com/developer/msbuild/2003">
  <ItemGroup>
    <Filter Include="windows">
      <UniqueIdentifier>{57f0d885-bd3f-485e-ba95-bc85fb5d8732}</UniqueIdentifier>
    </Filter>
    <Filter Include="gl">
      <UniqueIdentifier>{36d97f45-fe1d-47e8-b85b-78dc0cee7fac}</UniqueIdentifier>
    </Filter>
    <Filter Include="egl">
      <UniqueIdentifier>{29d17a87-89c3-4057-b440-e4b67e1e6db5}</UniqueIdentifier>
    </Filter>
  </ItemGroup>
  <ItemGroup>
    <ClInclude Include="windows\config.h">
      <Filter>windows</Filter>
    </ClInclude>
    <ClInclude Include="windows\window.h">
      <Filter>windows</Filter>
    </ClInclude>
    <ClInclude Include="windows\window_type.h">
      <Filter>windows</Filter>
    </ClInclude>
    <ClInclude Include="windows\event.h">
      <Filter>windows</Filter>
    </ClInclude>
    <ClInclude Include="windows\event_matching.h">
      <Filter>windows</Filter>
    </ClInclude>
    <ClInclude Include="windows\event_timer.h">
      <Filter>windows</Filter>
    </ClInclude>
    <ClInclude Include="platform_cast.h" />
    <ClInclude Include="painter.h" />
    <ClInclude Include="windows\defs.h">
      <Filter>windows</Filter>
    </ClInclude>
    <ClInclude Include="gl\config.h">
      <Filter>gl</Filter>
    </ClInclude>
    <ClInclude Include="gl\shader.h">
      <Filter>gl</Filter>
    </ClInclude>
    <ClInclude Include="gl\shader_fwd.h">
      <Filter>gl</Filter>
    </ClInclude>
    <ClInclude Include="windows\event_loop.h">
      <Filter>windows</Filter>
    </ClInclude>
    <ClInclude Include="egl\config.h">
      <Filter>egl</Filter>
    </ClInclude>
    <ClInclude Include="egl\egl_window.h">
      <Filter>egl</Filter>
    </ClInclude>
    <ClInclude Include="windows\debug.h">
      <Filter>windows</Filter>
    </ClInclude>
    <ClInclude Include="gl\shaders_program.h">
      <Filter>gl</Filter>
    </ClInclude>
    <ClInclude Include="gl\shaders_program_fwd.h">
      <Filter>gl</Filter>
    </ClInclude>
    <ClInclude Include="windows\event_processor.h">
      <Filter>windows</Filter>
    </ClInclude>
    <ClInclude Include="windows\event_processors_container.h">
      <Filter>windows</Filter>
    </ClInclude>
  </ItemGroup>
  <ItemGroup>
    <ClCompile Include="windows\window.cpp">
      <Filter>windows</Filter>
    </ClCompile>
    <ClCompile Include="windows\window_type.cpp">
      <Filter>windows</Filter>
    </ClCompile>
    <ClCompile Include="windows\event_timer.cpp">
      <Filter>windows</Filter>
    </ClCompile>
    <ClCompile Include="windows\window_procedure_impl.cpp">
      <Filter>windows</Filter>
    </ClCompile>
    <ClCompile Include="painter.cpp" />
    <ClCompile Include="egl\egl_window.cpp">
      <Filter>egl</Filter>
    </ClCompile>
    <ClCompile Include="windows\event_processor.cpp">
      <Filter>windows</Filter>
    </ClCompile>
    <ClCompile Include="windows\event_processors_container.cpp">
      <Filter>windows</Filter>
    </ClCompile>
  </ItemGroup>
</Project>