<?xml version="1.0" encoding="utf-8"?>
<Project ToolsVersion="4.0" xmlns="http://schemas.microsoft.com/developer/msbuild/2003">
  <ItemGroup>
    <ClCompile Include="egl\egl_window.cpp">
      <Filter>egl</Filter>
    </ClCompile>
    <ClCompile Include="gl\shader.cpp">
      <Filter>gl</Filter>
    </ClCompile>
    <ClCompile Include="gl\texture.cpp">
      <Filter>gl</Filter>
    </ClCompile>
    <ClCompile Include="event_processor.cpp" />
    <ClCompile Include="event_timer.cpp" />
    <ClCompile Include="event_processors_container.cpp" />
    <ClCompile Include="window.cpp" />
    <ClCompile Include="window_procedure_impl.cpp" />
    <ClCompile Include="window_type.cpp" />
    <ClCompile Include="gl\draw.cpp">
      <Filter>gl</Filter>
    </ClCompile>
  </ItemGroup>
  <ItemGroup>
    <ClInclude Include="gl\config.h">
      <Filter>gl</Filter>
    </ClInclude>
    <ClInclude Include="egl\config.h">
      <Filter>egl</Filter>
    </ClInclude>
    <ClInclude Include="egl\egl_window.h">
      <Filter>egl</Filter>
    </ClInclude>
    <ClInclude Include="gl\glsl_typeid.h">
      <Filter>gl</Filter>
    </ClInclude>
    <ClInclude Include="gl\texture.h">
      <Filter>gl</Filter>
    </ClInclude>
    <ClInclude Include="event.h" />
    <ClInclude Include="event_processor.h" />
    <ClInclude Include="defs.h" />
    <ClInclude Include="event_loop.h" />
    <ClInclude Include="event_matching.h" />
    <ClInclude Include="event_timer.h" />
    <ClInclude Include="event_processors_container.h" />
    <ClInclude Include="window.h" />
    <ClInclude Include="window_type.h" />
    <ClInclude Include="gl\shader.h">
      <Filter>gl</Filter>
    </ClInclude>
    <ClInclude Include="gl\draw.h">
      <Filter>gl</Filter>
    </ClInclude>
    <ClInclude Include="gl\vertex.h">
      <Filter>gl</Filter>
    </ClInclude>
  </ItemGroup>
  <ItemGroup>
    <Filter Include="gl">
      <UniqueIdentifier>{5e894fa8-4d99-4cad-abcf-ece36faaac41}</UniqueIdentifier>
    </Filter>
    <Filter Include="egl">
      <UniqueIdentifier>{ffd7fced-7c3e-47ec-934b-8ffd55f14066}</UniqueIdentifier>
    </Filter>
  </ItemGroup>
</Project>